// !$*UTF8*$!
{
	archiveVersion = 1;
	classes = {
	};
	objectVersion = 46;
	objects = {

/* Begin PBXBuildFile section */
		0C0DA9A21865BE31003EDDA0 /* User.m in Sources */ = {isa = PBXBuildFile; fileRef = 0C0DA9A11865BE31003EDDA0 /* User.m */; };
		0C0DA9A51865BEA5003EDDA0 /* Coordinate.m in Sources */ = {isa = PBXBuildFile; fileRef = 0C0DA9A41865BEA5003EDDA0 /* Coordinate.m */; };
		0C0DA9A71865BF78003EDDA0 /* CoreLocation.framework in Frameworks */ = {isa = PBXBuildFile; fileRef = 0C0DA9A61865BF78003EDDA0 /* CoreLocation.framework */; };
		0C0DA9AA1865D04B003EDDA0 /* OfficeListVC.m in Sources */ = {isa = PBXBuildFile; fileRef = 0C0DA9A91865D04B003EDDA0 /* OfficeListVC.m */; };
		0C0DA9AD1865D2FD003EDDA0 /* Reservation.m in Sources */ = {isa = PBXBuildFile; fileRef = 0C0DA9AC1865D2FD003EDDA0 /* Reservation.m */; };
		0C0DA9B01865E234003EDDA0 /* Destination.m in Sources */ = {isa = PBXBuildFile; fileRef = 0C0DA9AF1865E234003EDDA0 /* Destination.m */; };
		0C0DA9B31865E23F003EDDA0 /* Arrival.m in Sources */ = {isa = PBXBuildFile; fileRef = 0C0DA9B21865E23F003EDDA0 /* Arrival.m */; };
		0C0DA9B91865EB7E003EDDA0 /* ClassicSearchVC.m in Sources */ = {isa = PBXBuildFile; fileRef = 0C0DA9B81865EB7E003EDDA0 /* ClassicSearchVC.m */; };
		0C4C9A6A18462EAB00CD3728 /* Foundation.framework in Frameworks */ = {isa = PBXBuildFile; fileRef = 0C4C9A6918462EAB00CD3728 /* Foundation.framework */; };
		0C4C9A6C18462EAB00CD3728 /* CoreGraphics.framework in Frameworks */ = {isa = PBXBuildFile; fileRef = 0C4C9A6B18462EAB00CD3728 /* CoreGraphics.framework */; };
		0C4C9A6E18462EAB00CD3728 /* UIKit.framework in Frameworks */ = {isa = PBXBuildFile; fileRef = 0C4C9A6D18462EAB00CD3728 /* UIKit.framework */; };
		0C4C9A7418462EAB00CD3728 /* InfoPlist.strings in Resources */ = {isa = PBXBuildFile; fileRef = 0C4C9A7218462EAB00CD3728 /* InfoPlist.strings */; };
		0C4C9A7C18462EAB00CD3728 /* Images.xcassets in Resources */ = {isa = PBXBuildFile; fileRef = 0C4C9A7B18462EAB00CD3728 /* Images.xcassets */; };
		0C4C9A8318462EAB00CD3728 /* XCTest.framework in Frameworks */ = {isa = PBXBuildFile; fileRef = 0C4C9A8218462EAB00CD3728 /* XCTest.framework */; };
		0C4C9A8418462EAB00CD3728 /* Foundation.framework in Frameworks */ = {isa = PBXBuildFile; fileRef = 0C4C9A6918462EAB00CD3728 /* Foundation.framework */; };
		0C4C9A8518462EAB00CD3728 /* UIKit.framework in Frameworks */ = {isa = PBXBuildFile; fileRef = 0C4C9A6D18462EAB00CD3728 /* UIKit.framework */; };
		0C5B5FC81864770F0060BECD /* CalendarTimeVC.m in Sources */ = {isa = PBXBuildFile; fileRef = 0C5B5FC71864770F0060BECD /* CalendarTimeVC.m */; };
		0C5B5FD3186479AB0060BECD /* TKCalendarMonthViewController.m in Sources */ = {isa = PBXBuildFile; fileRef = 0C5B5FCC186479AB0060BECD /* TKCalendarMonthViewController.m */; };
		0C5B5FD5186479AB0060BECD /* TKCalendarMonthView.m in Sources */ = {isa = PBXBuildFile; fileRef = 0C5B5FD0186479AB0060BECD /* TKCalendarMonthView.m */; };
		0C5B5FD6186479AB0060BECD /* NSDate+CalendarGrid.m in Sources */ = {isa = PBXBuildFile; fileRef = 0C5B5FD2186479AB0060BECD /* NSDate+CalendarGrid.m */; };
		0C5B5FDA186481670060BECD /* NSDate+TKCategory.m in Sources */ = {isa = PBXBuildFile; fileRef = 0C5B5FD9186481670060BECD /* NSDate+TKCategory.m */; };
		0C5B5FDC186481BF0060BECD /* TapkuLibrary.bundle in Resources */ = {isa = PBXBuildFile; fileRef = 0C5B5FDB186481BF0060BECD /* TapkuLibrary.bundle */; };
		0C5B5FDF186481EF0060BECD /* TKGlobal.m in Sources */ = {isa = PBXBuildFile; fileRef = 0C5B5FDE186481EF0060BECD /* TKGlobal.m */; };
		0C5B5FE2186482500060BECD /* TKGradientView.m in Sources */ = {isa = PBXBuildFile; fileRef = 0C5B5FE1186482500060BECD /* TKGradientView.m */; };
		0C5B5FE5186482860060BECD /* UIColor+TKCategory.m in Sources */ = {isa = PBXBuildFile; fileRef = 0C5B5FE4186482860060BECD /* UIColor+TKCategory.m */; };
		0C5B5FE8186482A50060BECD /* UIImage+TKCategory.m in Sources */ = {isa = PBXBuildFile; fileRef = 0C5B5FE7186482A50060BECD /* UIImage+TKCategory.m */; };
		0C5B5FEA18649A870060BECD /* UserLoginPic.png in Resources */ = {isa = PBXBuildFile; fileRef = 0C5B5FE918649A870060BECD /* UserLoginPic.png */; };
		0C5E86F418631B4B004C642D /* GarentaSmallLogo.png in Resources */ = {isa = PBXBuildFile; fileRef = 0C5E86F318631B4B004C642D /* GarentaSmallLogo.png */; };
		0C893D87187884E5006AFF0A /* SliderHandle.png in Resources */ = {isa = PBXBuildFile; fileRef = 0C893D86187884E5006AFF0A /* SliderHandle.png */; };
		0C9299D71868903C007DE6B8 /* a_grubu.jpg in Resources */ = {isa = PBXBuildFile; fileRef = 0C9299D31868903C007DE6B8 /* a_grubu.jpg */; };
		0C9299D81868903C007DE6B8 /* b_grubu.jpg in Resources */ = {isa = PBXBuildFile; fileRef = 0C9299D41868903C007DE6B8 /* b_grubu.jpg */; };
		0C9299D91868903C007DE6B8 /* c_grubu.jpg in Resources */ = {isa = PBXBuildFile; fileRef = 0C9299D51868903C007DE6B8 /* c_grubu.jpg */; };
		0C9299DA1868903C007DE6B8 /* d_grubu.jpg in Resources */ = {isa = PBXBuildFile; fileRef = 0C9299D61868903C007DE6B8 /* d_grubu.jpg */; };
		0C9299DF18689E95007DE6B8 /* EquipmentVC.m in Sources */ = {isa = PBXBuildFile; fileRef = 0C9299DE18689E95007DE6B8 /* EquipmentVC.m */; };
		0CA631361864697900CC529F /* MenuSelectionVC.m in Sources */ = {isa = PBXBuildFile; fileRef = 0CA631351864697900CC529F /* MenuSelectionVC.m */; };
		0CBA75C5186435260008CE29 /* Reachability.m in Sources */ = {isa = PBXBuildFile; fileRef = 9E212F7318631AE1004B9B80 /* Reachability.m */; };
		0CBA75C6186435260008CE29 /* ApplicationProperties.m in Sources */ = {isa = PBXBuildFile; fileRef = 0C4C9AA6184639AC00CD3728 /* ApplicationProperties.m */; };
		0CBA75C7186435260008CE29 /* Office.m in Sources */ = {isa = PBXBuildFile; fileRef = 9E212F77186343C3004B9B80 /* Office.m */; };
		0CBA75C8186435260008CE29 /* OfficeWorkingTime.m in Sources */ = {isa = PBXBuildFile; fileRef = 9E212F7A18634A97004B9B80 /* OfficeWorkingTime.m */; };
		0CBA75C9186435260008CE29 /* BaseVC.m in Sources */ = {isa = PBXBuildFile; fileRef = 0C4C9A9E1846338600CD3728 /* BaseVC.m */; };
		0CBA75CA186435260008CE29 /* BaseTableVC.m in Sources */ = {isa = PBXBuildFile; fileRef = 0C4C9AA9184639FE00CD3728 /* BaseTableVC.m */; };
		0CBA75CC186435460008CE29 /* main.m in Sources */ = {isa = PBXBuildFile; fileRef = 0C4C9A7518462EAB00CD3728 /* main.m */; };
		0CBA75CE1864356A0008CE29 /* AppDelegate.m in Sources */ = {isa = PBXBuildFile; fileRef = 0C4C9A7918462EAB00CD3728 /* AppDelegate.m */; };
		0CBA77BD186447AB0008CE29 /* LoginVC.m in Sources */ = {isa = PBXBuildFile; fileRef = 0CBA77BC186447AB0008CE29 /* LoginVC.m */; };
		9E38C3BD1869EA8100EBD29E /* CarGroupFilterVC.m in Sources */ = {isa = PBXBuildFile; fileRef = 9E38C3BC1869EA8100EBD29E /* CarGroupFilterVC.m */; };
		9E38C3C01869EF4200EBD29E /* FilterObject.m in Sources */ = {isa = PBXBuildFile; fileRef = 9E38C3BF1869EF4200EBD29E /* FilterObject.m */; };
		9E38C3C7186A033200EBD29E /* OrangeArrowDown.png in Resources */ = {isa = PBXBuildFile; fileRef = 9E38C3C5186A033200EBD29E /* OrangeArrowDown.png */; };
		9E38C3C8186A033200EBD29E /* OrangeArrowUp.png in Resources */ = {isa = PBXBuildFile; fileRef = 9E38C3C6186A033200EBD29E /* OrangeArrowUp.png */; };
		9E53F68E18BF8F150076CFFF /* UserCreationVC.m in Sources */ = {isa = PBXBuildFile; fileRef = 9E53F68C18BF8F150076CFFF /* UserCreationVC.m */; };
		9E53F68F18BF8F150076CFFF /* UserCreationVC.xib in Resources */ = {isa = PBXBuildFile; fileRef = 9E53F68D18BF8F150076CFFF /* UserCreationVC.xib */; };
		9EB3838A1876C01400B214E1 /* iToast.m in Sources */ = {isa = PBXBuildFile; fileRef = 9EB383891876C01400B214E1 /* iToast.m */; settings = {COMPILER_FLAGS = "-fno-objc-arc"; }; };
		9EE3D7B618CA008800B362FE /* IDController.m in Sources */ = {isa = PBXBuildFile; fileRef = 9EE3D7B518CA008800B362FE /* IDController.m */; };
		B50715CA18B7AC1E00419189 /* Price.m in Sources */ = {isa = PBXBuildFile; fileRef = B50715C918B7AC1E00419189 /* Price.m */; };
		B50B09D71874988F00649165 /* ReservationSummaryViewController.m in Sources */ = {isa = PBXBuildFile; fileRef = B50B09D51874988F00649165 /* ReservationSummaryViewController.m */; };
		B50B09D81874988F00649165 /* ReservationSummaryViewController.xib in Resources */ = {isa = PBXBuildFile; fileRef = B50B09D61874988F00649165 /* ReservationSummaryViewController.xib */; };
		B50B09DA1874A2E600649165 /* seperator.png in Resources */ = {isa = PBXBuildFile; fileRef = B50B09D91874A2E600649165 /* seperator.png */; };
		B50B09DC1874A7BC00649165 /* office_icon.png in Resources */ = {isa = PBXBuildFile; fileRef = B50B09DB1874A7BC00649165 /* office_icon.png */; };
		B50B09DE1874A95200649165 /* boarder_icon.png in Resources */ = {isa = PBXBuildFile; fileRef = B50B09DD1874A95200649165 /* boarder_icon.png */; };
		B50B09E01874E72000649165 /* ReservationSummaryCell.xib in Resources */ = {isa = PBXBuildFile; fileRef = B50B09DF1874E71F00649165 /* ReservationSummaryCell.xib */; };
		B50B09E31874EC7B00649165 /* ReservationSummaryCell.m in Sources */ = {isa = PBXBuildFile; fileRef = B50B09E21874EC7B00649165 /* ReservationSummaryCell.m */; };
		B50B09F818757F6900649165 /* ReservationApprovalVC.m in Sources */ = {isa = PBXBuildFile; fileRef = B50B09F618757F6900649165 /* ReservationApprovalVC.m */; };
		B50B09F918757F6900649165 /* ReservationApprovalVC.xib in Resources */ = {isa = PBXBuildFile; fileRef = B50B09F718757F6900649165 /* ReservationApprovalVC.xib */; };
		B50B09FB187580C200649165 /* onay_icon.png in Resources */ = {isa = PBXBuildFile; fileRef = B50B09FA187580C200649165 /* onay_icon.png */; };
		B50B09FD187592CC00649165 /* BackAccessoryButton.png in Resources */ = {isa = PBXBuildFile; fileRef = B50B09FC187592CB00649165 /* BackAccessoryButton.png */; };
		B51D5AD21870F1E700966B48 /* CoreText.framework in Frameworks */ = {isa = PBXBuildFile; fileRef = B51D5AD11870F1E700966B48 /* CoreText.framework */; };
		B51D5AD41871837C00966B48 /* CarGroupTableCellView.xib in Resources */ = {isa = PBXBuildFile; fileRef = B51D5AD31871837B00966B48 /* CarGroupTableCellView.xib */; };
		B5688AF2186AECCA009D830E /* MenuTableCellView.m in Sources */ = {isa = PBXBuildFile; fileRef = B5688AF1186AECCA009D830E /* MenuTableCellView.m */; };
		B5688AF6186B167E009D830E /* AccessoryButton.png in Resources */ = {isa = PBXBuildFile; fileRef = B5688AF3186B167E009D830E /* AccessoryButton.png */; };
		B5688AFB186B17EA009D830E /* arac_bul.png in Resources */ = {isa = PBXBuildFile; fileRef = B5688AF9186B17EA009D830E /* arac_bul.png */; };
		B5688AFC186B17EA009D830E /* detail_search.png in Resources */ = {isa = PBXBuildFile; fileRef = B5688AFA186B17EA009D830E /* detail_search.png */; };
		B5688AFE186B1A78009D830E /* location_icon.png in Resources */ = {isa = PBXBuildFile; fileRef = B5688AFD186B1A78009D830E /* location_icon.png */; };
		B5688B01186B2E25009D830E /* GTMBase64.m in Sources */ = {isa = PBXBuildFile; fileRef = B5688B00186B2E25009D830E /* GTMBase64.m */; settings = {COMPILER_FLAGS = "-fno-objc-arc"; }; };
		B5688B04186B39F4009D830E /* LoaderAnimationVC.m in Sources */ = {isa = PBXBuildFile; fileRef = B5688B03186B39F4009D830E /* LoaderAnimationVC.m */; };
		B5688B11186B3A2E009D830E /* load_1.png in Resources */ = {isa = PBXBuildFile; fileRef = B5688B06186B3A2E009D830E /* load_1.png */; };
		B5688B12186B3A2E009D830E /* load_10.png in Resources */ = {isa = PBXBuildFile; fileRef = B5688B07186B3A2E009D830E /* load_10.png */; };
		B5688B13186B3A2E009D830E /* load_11.png in Resources */ = {isa = PBXBuildFile; fileRef = B5688B08186B3A2E009D830E /* load_11.png */; };
		B5688B14186B3A2E009D830E /* load_2.png in Resources */ = {isa = PBXBuildFile; fileRef = B5688B09186B3A2E009D830E /* load_2.png */; };
		B5688B15186B3A2E009D830E /* load_3.png in Resources */ = {isa = PBXBuildFile; fileRef = B5688B0A186B3A2E009D830E /* load_3.png */; };
		B5688B16186B3A2E009D830E /* load_4.png in Resources */ = {isa = PBXBuildFile; fileRef = B5688B0B186B3A2E009D830E /* load_4.png */; };
		B5688B17186B3A2E009D830E /* load_5.png in Resources */ = {isa = PBXBuildFile; fileRef = B5688B0C186B3A2E009D830E /* load_5.png */; };
		B5688B18186B3A2E009D830E /* load_6.png in Resources */ = {isa = PBXBuildFile; fileRef = B5688B0D186B3A2E009D830E /* load_6.png */; };
		B5688B19186B3A2E009D830E /* load_7.png in Resources */ = {isa = PBXBuildFile; fileRef = B5688B0E186B3A2E009D830E /* load_7.png */; };
		B5688B1A186B3A2E009D830E /* load_8.png in Resources */ = {isa = PBXBuildFile; fileRef = B5688B0F186B3A2E009D830E /* load_8.png */; };
		B5688B1B186B3A2E009D830E /* load_9.png in Resources */ = {isa = PBXBuildFile; fileRef = B5688B10186B3A2E009D830E /* load_9.png */; };
		B5688B1E186C2479009D830E /* OfficeHolidayTime.m in Sources */ = {isa = PBXBuildFile; fileRef = B5688B1D186C2479009D830E /* OfficeHolidayTime.m */; };
		B5A2CAE81872B60100271DE9 /* MinimumInfoVC.m in Sources */ = {isa = PBXBuildFile; fileRef = B5A2CAE61872B60100271DE9 /* MinimumInfoVC.m */; };
		B5A2CAE91872B60100271DE9 /* MinimumInfoVC.xib in Resources */ = {isa = PBXBuildFile; fileRef = B5A2CAE71872B60100271DE9 /* MinimumInfoVC.xib */; };
		B5CEF815187041D8007709E4 /* CarGroupTableCellView.m in Sources */ = {isa = PBXBuildFile; fileRef = B5CEF814187041D8007709E4 /* CarGroupTableCellView.m */; };
		B5E0343E186D95BF00226DAB /* login_icon.png in Resources */ = {isa = PBXBuildFile; fileRef = B5E0343D186D95BF00226DAB /* login_icon.png */; };
		B5E03441186DD02500226DAB /* Car.m in Sources */ = {isa = PBXBuildFile; fileRef = B5E03440186DD02500226DAB /* Car.m */; };
		B5E03444186DEAE100226DAB /* CarGroupViewController.m in Sources */ = {isa = PBXBuildFile; fileRef = B5E03443186DEAE100226DAB /* CarGroupViewController.m */; };
		B5E03447186DEC9A00226DAB /* CarGroupManagerViewController.m in Sources */ = {isa = PBXBuildFile; fileRef = B5E03446186DEC9A00226DAB /* CarGroupManagerViewController.m */; };
		B5E0344A186ED57C00226DAB /* CarGroup.m in Sources */ = {isa = PBXBuildFile; fileRef = B5E03449186ED57C00226DAB /* CarGroup.m */; };
		B5EE728F18701DC400F634D3 /* kislastik.png in Resources */ = {isa = PBXBuildFile; fileRef = B5EE728B18701DC400F634D3 /* kislastik.png */; };
		B5EE729018701DC400F634D3 /* klima.png in Resources */ = {isa = PBXBuildFile; fileRef = B5EE728C18701DC400F634D3 /* klima.png */; };
		B5EE729118701DC400F634D3 /* vites.png in Resources */ = {isa = PBXBuildFile; fileRef = B5EE728D18701DC400F634D3 /* vites.png */; };
		B5EE729218701DC400F634D3 /* yakit.png in Resources */ = {isa = PBXBuildFile; fileRef = B5EE728E18701DC400F634D3 /* yakit.png */; };
/* End PBXBuildFile section */

/* Begin PBXContainerItemProxy section */
		0C4C9A8618462EAB00CD3728 /* PBXContainerItemProxy */ = {
			isa = PBXContainerItemProxy;
			containerPortal = 0C4C9A5E18462EAA00CD3728 /* Project object */;
			proxyType = 1;
			remoteGlobalIDString = 0C4C9A6518462EAB00CD3728;
			remoteInfo = Garenta;
		};
/* End PBXContainerItemProxy section */

/* Begin PBXFileReference section */
		0C0DA9A01865BE31003EDDA0 /* User.h */ = {isa = PBXFileReference; fileEncoding = 4; lastKnownFileType = sourcecode.c.h; path = User.h; sourceTree = "<group>"; };
		0C0DA9A11865BE31003EDDA0 /* User.m */ = {isa = PBXFileReference; fileEncoding = 4; lastKnownFileType = sourcecode.c.objc; path = User.m; sourceTree = "<group>"; };
		0C0DA9A31865BEA5003EDDA0 /* Coordinate.h */ = {isa = PBXFileReference; fileEncoding = 4; lastKnownFileType = sourcecode.c.h; path = Coordinate.h; sourceTree = "<group>"; };
		0C0DA9A41865BEA5003EDDA0 /* Coordinate.m */ = {isa = PBXFileReference; fileEncoding = 4; lastKnownFileType = sourcecode.c.objc; path = Coordinate.m; sourceTree = "<group>"; };
		0C0DA9A61865BF78003EDDA0 /* CoreLocation.framework */ = {isa = PBXFileReference; lastKnownFileType = wrapper.framework; name = CoreLocation.framework; path = System/Library/Frameworks/CoreLocation.framework; sourceTree = SDKROOT; };
		0C0DA9A81865D04B003EDDA0 /* OfficeListVC.h */ = {isa = PBXFileReference; fileEncoding = 4; lastKnownFileType = sourcecode.c.h; path = OfficeListVC.h; sourceTree = "<group>"; };
		0C0DA9A91865D04B003EDDA0 /* OfficeListVC.m */ = {isa = PBXFileReference; fileEncoding = 4; lastKnownFileType = sourcecode.c.objc; path = OfficeListVC.m; sourceTree = "<group>"; };
		0C0DA9AB1865D2FD003EDDA0 /* Reservation.h */ = {isa = PBXFileReference; fileEncoding = 4; lastKnownFileType = sourcecode.c.h; path = Reservation.h; sourceTree = "<group>"; };
		0C0DA9AC1865D2FD003EDDA0 /* Reservation.m */ = {isa = PBXFileReference; fileEncoding = 4; lastKnownFileType = sourcecode.c.objc; path = Reservation.m; sourceTree = "<group>"; };
		0C0DA9AE1865E234003EDDA0 /* Destination.h */ = {isa = PBXFileReference; fileEncoding = 4; lastKnownFileType = sourcecode.c.h; path = Destination.h; sourceTree = "<group>"; };
		0C0DA9AF1865E234003EDDA0 /* Destination.m */ = {isa = PBXFileReference; fileEncoding = 4; lastKnownFileType = sourcecode.c.objc; path = Destination.m; sourceTree = "<group>"; };
		0C0DA9B11865E23F003EDDA0 /* Arrival.h */ = {isa = PBXFileReference; fileEncoding = 4; lastKnownFileType = sourcecode.c.h; path = Arrival.h; sourceTree = "<group>"; };
		0C0DA9B21865E23F003EDDA0 /* Arrival.m */ = {isa = PBXFileReference; fileEncoding = 4; lastKnownFileType = sourcecode.c.objc; path = Arrival.m; sourceTree = "<group>"; };
		0C0DA9B71865EB7E003EDDA0 /* ClassicSearchVC.h */ = {isa = PBXFileReference; fileEncoding = 4; lastKnownFileType = sourcecode.c.h; path = ClassicSearchVC.h; sourceTree = "<group>"; };
		0C0DA9B81865EB7E003EDDA0 /* ClassicSearchVC.m */ = {isa = PBXFileReference; fileEncoding = 4; lastKnownFileType = sourcecode.c.objc; path = ClassicSearchVC.m; sourceTree = "<group>"; };
		0C4C9A6618462EAB00CD3728 /* Garenta.app */ = {isa = PBXFileReference; explicitFileType = wrapper.application; includeInIndex = 0; path = Garenta.app; sourceTree = BUILT_PRODUCTS_DIR; };
		0C4C9A6918462EAB00CD3728 /* Foundation.framework */ = {isa = PBXFileReference; lastKnownFileType = wrapper.framework; name = Foundation.framework; path = System/Library/Frameworks/Foundation.framework; sourceTree = SDKROOT; };
		0C4C9A6B18462EAB00CD3728 /* CoreGraphics.framework */ = {isa = PBXFileReference; lastKnownFileType = wrapper.framework; name = CoreGraphics.framework; path = System/Library/Frameworks/CoreGraphics.framework; sourceTree = SDKROOT; };
		0C4C9A6D18462EAB00CD3728 /* UIKit.framework */ = {isa = PBXFileReference; lastKnownFileType = wrapper.framework; name = UIKit.framework; path = System/Library/Frameworks/UIKit.framework; sourceTree = SDKROOT; };
		0C4C9A7118462EAB00CD3728 /* Garenta-Info.plist */ = {isa = PBXFileReference; lastKnownFileType = text.plist.xml; path = "Garenta-Info.plist"; sourceTree = "<group>"; };
		0C4C9A7318462EAB00CD3728 /* en */ = {isa = PBXFileReference; lastKnownFileType = text.plist.strings; name = en; path = en.lproj/InfoPlist.strings; sourceTree = "<group>"; };
		0C4C9A7518462EAB00CD3728 /* main.m */ = {isa = PBXFileReference; lastKnownFileType = sourcecode.c.objc; path = main.m; sourceTree = "<group>"; };
		0C4C9A7718462EAB00CD3728 /* Garenta-Prefix.pch */ = {isa = PBXFileReference; lastKnownFileType = sourcecode.c.h; path = "Garenta-Prefix.pch"; sourceTree = "<group>"; };
		0C4C9A7818462EAB00CD3728 /* AppDelegate.h */ = {isa = PBXFileReference; lastKnownFileType = sourcecode.c.h; path = AppDelegate.h; sourceTree = "<group>"; };
		0C4C9A7918462EAB00CD3728 /* AppDelegate.m */ = {isa = PBXFileReference; lastKnownFileType = sourcecode.c.objc; path = AppDelegate.m; sourceTree = "<group>"; };
		0C4C9A7B18462EAB00CD3728 /* Images.xcassets */ = {isa = PBXFileReference; lastKnownFileType = folder.assetcatalog; path = Images.xcassets; sourceTree = "<group>"; };
		0C4C9A8118462EAB00CD3728 /* GarentaTests.xctest */ = {isa = PBXFileReference; explicitFileType = wrapper.cfbundle; includeInIndex = 0; path = GarentaTests.xctest; sourceTree = BUILT_PRODUCTS_DIR; };
		0C4C9A8218462EAB00CD3728 /* XCTest.framework */ = {isa = PBXFileReference; lastKnownFileType = wrapper.framework; name = XCTest.framework; path = Library/Frameworks/XCTest.framework; sourceTree = DEVELOPER_DIR; };
		0C4C9A9D1846338600CD3728 /* BaseVC.h */ = {isa = PBXFileReference; fileEncoding = 4; lastKnownFileType = sourcecode.c.h; path = BaseVC.h; sourceTree = "<group>"; };
		0C4C9A9E1846338600CD3728 /* BaseVC.m */ = {isa = PBXFileReference; fileEncoding = 4; lastKnownFileType = sourcecode.c.objc; path = BaseVC.m; sourceTree = "<group>"; };
		0C4C9AA5184639AC00CD3728 /* ApplicationProperties.h */ = {isa = PBXFileReference; fileEncoding = 4; lastKnownFileType = sourcecode.c.h; path = ApplicationProperties.h; sourceTree = "<group>"; };
		0C4C9AA6184639AC00CD3728 /* ApplicationProperties.m */ = {isa = PBXFileReference; fileEncoding = 4; lastKnownFileType = sourcecode.c.objc; path = ApplicationProperties.m; sourceTree = "<group>"; };
		0C4C9AA8184639FE00CD3728 /* BaseTableVC.h */ = {isa = PBXFileReference; fileEncoding = 4; lastKnownFileType = sourcecode.c.h; path = BaseTableVC.h; sourceTree = "<group>"; };
		0C4C9AA9184639FE00CD3728 /* BaseTableVC.m */ = {isa = PBXFileReference; fileEncoding = 4; lastKnownFileType = sourcecode.c.objc; path = BaseTableVC.m; sourceTree = "<group>"; };
		0C5B5FC61864770F0060BECD /* CalendarTimeVC.h */ = {isa = PBXFileReference; fileEncoding = 4; lastKnownFileType = sourcecode.c.h; path = CalendarTimeVC.h; sourceTree = "<group>"; };
		0C5B5FC71864770F0060BECD /* CalendarTimeVC.m */ = {isa = PBXFileReference; fileEncoding = 4; lastKnownFileType = sourcecode.c.objc; path = CalendarTimeVC.m; sourceTree = "<group>"; };
		0C5B5FCB186479AB0060BECD /* TKCalendarMonthViewController.h */ = {isa = PBXFileReference; fileEncoding = 4; lastKnownFileType = sourcecode.c.h; path = TKCalendarMonthViewController.h; sourceTree = "<group>"; };
		0C5B5FCC186479AB0060BECD /* TKCalendarMonthViewController.m */ = {isa = PBXFileReference; fileEncoding = 4; lastKnownFileType = sourcecode.c.objc; path = TKCalendarMonthViewController.m; sourceTree = "<group>"; };
		0C5B5FCF186479AB0060BECD /* TKCalendarMonthView.h */ = {isa = PBXFileReference; fileEncoding = 4; lastKnownFileType = sourcecode.c.h; path = TKCalendarMonthView.h; sourceTree = "<group>"; };
		0C5B5FD0186479AB0060BECD /* TKCalendarMonthView.m */ = {isa = PBXFileReference; fileEncoding = 4; lastKnownFileType = sourcecode.c.objc; path = TKCalendarMonthView.m; sourceTree = "<group>"; };
		0C5B5FD1186479AB0060BECD /* NSDate+CalendarGrid.h */ = {isa = PBXFileReference; fileEncoding = 4; lastKnownFileType = sourcecode.c.h; path = "NSDate+CalendarGrid.h"; sourceTree = "<group>"; };
		0C5B5FD2186479AB0060BECD /* NSDate+CalendarGrid.m */ = {isa = PBXFileReference; fileEncoding = 4; lastKnownFileType = sourcecode.c.objc; path = "NSDate+CalendarGrid.m"; sourceTree = "<group>"; };
		0C5B5FD7186480B20060BECD /* TapkuLibrary.h */ = {isa = PBXFileReference; lastKnownFileType = sourcecode.c.h; path = TapkuLibrary.h; sourceTree = "<group>"; };
		0C5B5FD81864814D0060BECD /* NSDate+TKCategory.h */ = {isa = PBXFileReference; fileEncoding = 4; lastKnownFileType = sourcecode.c.h; path = "NSDate+TKCategory.h"; sourceTree = "<group>"; };
		0C5B5FD9186481670060BECD /* NSDate+TKCategory.m */ = {isa = PBXFileReference; fileEncoding = 4; lastKnownFileType = sourcecode.c.objc; path = "NSDate+TKCategory.m"; sourceTree = "<group>"; };
		0C5B5FDB186481BF0060BECD /* TapkuLibrary.bundle */ = {isa = PBXFileReference; lastKnownFileType = "wrapper.plug-in"; path = TapkuLibrary.bundle; sourceTree = "<group>"; };
		0C5B5FDD186481EF0060BECD /* TKGlobal.h */ = {isa = PBXFileReference; fileEncoding = 4; lastKnownFileType = sourcecode.c.h; path = TKGlobal.h; sourceTree = "<group>"; };
		0C5B5FDE186481EF0060BECD /* TKGlobal.m */ = {isa = PBXFileReference; fileEncoding = 4; lastKnownFileType = sourcecode.c.objc; path = TKGlobal.m; sourceTree = "<group>"; };
		0C5B5FE0186482500060BECD /* TKGradientView.h */ = {isa = PBXFileReference; fileEncoding = 4; lastKnownFileType = sourcecode.c.h; path = TKGradientView.h; sourceTree = "<group>"; };
		0C5B5FE1186482500060BECD /* TKGradientView.m */ = {isa = PBXFileReference; fileEncoding = 4; lastKnownFileType = sourcecode.c.objc; path = TKGradientView.m; sourceTree = "<group>"; };
		0C5B5FE3186482860060BECD /* UIColor+TKCategory.h */ = {isa = PBXFileReference; fileEncoding = 4; lastKnownFileType = sourcecode.c.h; path = "UIColor+TKCategory.h"; sourceTree = "<group>"; };
		0C5B5FE4186482860060BECD /* UIColor+TKCategory.m */ = {isa = PBXFileReference; fileEncoding = 4; lastKnownFileType = sourcecode.c.objc; path = "UIColor+TKCategory.m"; sourceTree = "<group>"; };
		0C5B5FE6186482A50060BECD /* UIImage+TKCategory.h */ = {isa = PBXFileReference; fileEncoding = 4; lastKnownFileType = sourcecode.c.h; path = "UIImage+TKCategory.h"; sourceTree = "<group>"; };
		0C5B5FE7186482A50060BECD /* UIImage+TKCategory.m */ = {isa = PBXFileReference; fileEncoding = 4; lastKnownFileType = sourcecode.c.objc; path = "UIImage+TKCategory.m"; sourceTree = "<group>"; };
		0C5B5FE918649A870060BECD /* UserLoginPic.png */ = {isa = PBXFileReference; lastKnownFileType = image.png; path = UserLoginPic.png; sourceTree = "<group>"; };
		0C5E86F318631B4B004C642D /* GarentaSmallLogo.png */ = {isa = PBXFileReference; lastKnownFileType = image.png; path = GarentaSmallLogo.png; sourceTree = SOURCE_ROOT; };
		0C893D86187884E5006AFF0A /* SliderHandle.png */ = {isa = PBXFileReference; lastKnownFileType = image.png; path = SliderHandle.png; sourceTree = "<group>"; };
		0C9299D31868903C007DE6B8 /* a_grubu.jpg */ = {isa = PBXFileReference; lastKnownFileType = image.jpeg; path = a_grubu.jpg; sourceTree = "<group>"; };
		0C9299D41868903C007DE6B8 /* b_grubu.jpg */ = {isa = PBXFileReference; lastKnownFileType = image.jpeg; path = b_grubu.jpg; sourceTree = "<group>"; };
		0C9299D51868903C007DE6B8 /* c_grubu.jpg */ = {isa = PBXFileReference; lastKnownFileType = image.jpeg; path = c_grubu.jpg; sourceTree = "<group>"; };
		0C9299D61868903C007DE6B8 /* d_grubu.jpg */ = {isa = PBXFileReference; lastKnownFileType = image.jpeg; path = d_grubu.jpg; sourceTree = "<group>"; };
		0C9299DD18689E95007DE6B8 /* EquipmentVC.h */ = {isa = PBXFileReference; fileEncoding = 4; lastKnownFileType = sourcecode.c.h; path = EquipmentVC.h; sourceTree = "<group>"; };
		0C9299DE18689E95007DE6B8 /* EquipmentVC.m */ = {isa = PBXFileReference; fileEncoding = 4; lastKnownFileType = sourcecode.c.objc; path = EquipmentVC.m; sourceTree = "<group>"; };
		0CA631341864697900CC529F /* MenuSelectionVC.h */ = {isa = PBXFileReference; fileEncoding = 4; lastKnownFileType = sourcecode.c.h; path = MenuSelectionVC.h; sourceTree = "<group>"; };
		0CA631351864697900CC529F /* MenuSelectionVC.m */ = {isa = PBXFileReference; fileEncoding = 4; lastKnownFileType = sourcecode.c.objc; path = MenuSelectionVC.m; sourceTree = "<group>"; };
		0CBA77BB186447AB0008CE29 /* LoginVC.h */ = {isa = PBXFileReference; fileEncoding = 4; lastKnownFileType = sourcecode.c.h; path = LoginVC.h; sourceTree = "<group>"; };
		0CBA77BC186447AB0008CE29 /* LoginVC.m */ = {isa = PBXFileReference; fileEncoding = 4; lastKnownFileType = sourcecode.c.objc; path = LoginVC.m; sourceTree = "<group>"; };
		9E212F7218631AE1004B9B80 /* Reachability.h */ = {isa = PBXFileReference; fileEncoding = 4; lastKnownFileType = sourcecode.c.h; path = Reachability.h; sourceTree = "<group>"; };
		9E212F7318631AE1004B9B80 /* Reachability.m */ = {isa = PBXFileReference; fileEncoding = 4; lastKnownFileType = sourcecode.c.objc; path = Reachability.m; sourceTree = "<group>"; };
		9E212F76186343C3004B9B80 /* Office.h */ = {isa = PBXFileReference; fileEncoding = 4; lastKnownFileType = sourcecode.c.h; path = Office.h; sourceTree = "<group>"; };
		9E212F77186343C3004B9B80 /* Office.m */ = {isa = PBXFileReference; fileEncoding = 4; lastKnownFileType = sourcecode.c.objc; path = Office.m; sourceTree = "<group>"; };
		9E212F7918634A96004B9B80 /* OfficeWorkingTime.h */ = {isa = PBXFileReference; fileEncoding = 4; lastKnownFileType = sourcecode.c.h; path = OfficeWorkingTime.h; sourceTree = "<group>"; };
		9E212F7A18634A97004B9B80 /* OfficeWorkingTime.m */ = {isa = PBXFileReference; fileEncoding = 4; lastKnownFileType = sourcecode.c.objc; path = OfficeWorkingTime.m; sourceTree = "<group>"; };
		9E38C3BB1869EA8100EBD29E /* CarGroupFilterVC.h */ = {isa = PBXFileReference; fileEncoding = 4; lastKnownFileType = sourcecode.c.h; path = CarGroupFilterVC.h; sourceTree = "<group>"; };
		9E38C3BC1869EA8100EBD29E /* CarGroupFilterVC.m */ = {isa = PBXFileReference; fileEncoding = 4; lastKnownFileType = sourcecode.c.objc; path = CarGroupFilterVC.m; sourceTree = "<group>"; };
		9E38C3BE1869EF4200EBD29E /* FilterObject.h */ = {isa = PBXFileReference; fileEncoding = 4; lastKnownFileType = sourcecode.c.h; path = FilterObject.h; sourceTree = "<group>"; };
		9E38C3BF1869EF4200EBD29E /* FilterObject.m */ = {isa = PBXFileReference; fileEncoding = 4; lastKnownFileType = sourcecode.c.objc; path = FilterObject.m; sourceTree = "<group>"; };
		9E38C3C5186A033200EBD29E /* OrangeArrowDown.png */ = {isa = PBXFileReference; lastKnownFileType = image.png; path = OrangeArrowDown.png; sourceTree = "<group>"; };
		9E38C3C6186A033200EBD29E /* OrangeArrowUp.png */ = {isa = PBXFileReference; lastKnownFileType = image.png; path = OrangeArrowUp.png; sourceTree = "<group>"; };
		9E53F68B18BF8F150076CFFF /* UserCreationVC.h */ = {isa = PBXFileReference; fileEncoding = 4; lastKnownFileType = sourcecode.c.h; path = UserCreationVC.h; sourceTree = "<group>"; };
		9E53F68C18BF8F150076CFFF /* UserCreationVC.m */ = {isa = PBXFileReference; fileEncoding = 4; lastKnownFileType = sourcecode.c.objc; path = UserCreationVC.m; sourceTree = "<group>"; };
		9E53F68D18BF8F150076CFFF /* UserCreationVC.xib */ = {isa = PBXFileReference; fileEncoding = 4; lastKnownFileType = file.xib; path = UserCreationVC.xib; sourceTree = "<group>"; };
		9EB383881876C01400B214E1 /* iToast.h */ = {isa = PBXFileReference; fileEncoding = 4; lastKnownFileType = sourcecode.c.h; path = iToast.h; sourceTree = "<group>"; };
		9EB383891876C01400B214E1 /* iToast.m */ = {isa = PBXFileReference; fileEncoding = 4; lastKnownFileType = sourcecode.c.objc; path = iToast.m; sourceTree = "<group>"; };
		9EE3D7B418CA008800B362FE /* IDController.h */ = {isa = PBXFileReference; fileEncoding = 4; lastKnownFileType = sourcecode.c.h; path = IDController.h; sourceTree = "<group>"; };
		9EE3D7B518CA008800B362FE /* IDController.m */ = {isa = PBXFileReference; fileEncoding = 4; lastKnownFileType = sourcecode.c.objc; path = IDController.m; sourceTree = "<group>"; };
		B50715C818B7AC1D00419189 /* Price.h */ = {isa = PBXFileReference; fileEncoding = 4; lastKnownFileType = sourcecode.c.h; path = Price.h; sourceTree = "<group>"; };
		B50715C918B7AC1E00419189 /* Price.m */ = {isa = PBXFileReference; fileEncoding = 4; lastKnownFileType = sourcecode.c.objc; path = Price.m; sourceTree = "<group>"; };
		B50B09D41874988F00649165 /* ReservationSummaryViewController.h */ = {isa = PBXFileReference; fileEncoding = 4; lastKnownFileType = sourcecode.c.h; path = ReservationSummaryViewController.h; sourceTree = "<group>"; };
		B50B09D51874988F00649165 /* ReservationSummaryViewController.m */ = {isa = PBXFileReference; fileEncoding = 4; lastKnownFileType = sourcecode.c.objc; path = ReservationSummaryViewController.m; sourceTree = "<group>"; };
		B50B09D61874988F00649165 /* ReservationSummaryViewController.xib */ = {isa = PBXFileReference; fileEncoding = 4; lastKnownFileType = file.xib; path = ReservationSummaryViewController.xib; sourceTree = "<group>"; };
		B50B09D91874A2E600649165 /* seperator.png */ = {isa = PBXFileReference; lastKnownFileType = image.png; path = seperator.png; sourceTree = "<group>"; };
		B50B09DB1874A7BC00649165 /* office_icon.png */ = {isa = PBXFileReference; lastKnownFileType = image.png; path = office_icon.png; sourceTree = "<group>"; };
		B50B09DD1874A95200649165 /* boarder_icon.png */ = {isa = PBXFileReference; lastKnownFileType = image.png; path = boarder_icon.png; sourceTree = "<group>"; };
		B50B09DF1874E71F00649165 /* ReservationSummaryCell.xib */ = {isa = PBXFileReference; fileEncoding = 4; lastKnownFileType = file.xib; path = ReservationSummaryCell.xib; sourceTree = "<group>"; };
		B50B09E11874EC7B00649165 /* ReservationSummaryCell.h */ = {isa = PBXFileReference; fileEncoding = 4; lastKnownFileType = sourcecode.c.h; path = ReservationSummaryCell.h; sourceTree = "<group>"; };
		B50B09E21874EC7B00649165 /* ReservationSummaryCell.m */ = {isa = PBXFileReference; fileEncoding = 4; lastKnownFileType = sourcecode.c.objc; path = ReservationSummaryCell.m; sourceTree = "<group>"; };
		B50B09F518757F6900649165 /* ReservationApprovalVC.h */ = {isa = PBXFileReference; fileEncoding = 4; lastKnownFileType = sourcecode.c.h; path = ReservationApprovalVC.h; sourceTree = "<group>"; };
		B50B09F618757F6900649165 /* ReservationApprovalVC.m */ = {isa = PBXFileReference; fileEncoding = 4; lastKnownFileType = sourcecode.c.objc; path = ReservationApprovalVC.m; sourceTree = "<group>"; };
		B50B09F718757F6900649165 /* ReservationApprovalVC.xib */ = {isa = PBXFileReference; fileEncoding = 4; lastKnownFileType = file.xib; path = ReservationApprovalVC.xib; sourceTree = "<group>"; };
		B50B09FA187580C200649165 /* onay_icon.png */ = {isa = PBXFileReference; lastKnownFileType = image.png; path = onay_icon.png; sourceTree = "<group>"; };
		B50B09FC187592CB00649165 /* BackAccessoryButton.png */ = {isa = PBXFileReference; lastKnownFileType = image.png; path = BackAccessoryButton.png; sourceTree = "<group>"; };
		B51D5AD11870F1E700966B48 /* CoreText.framework */ = {isa = PBXFileReference; lastKnownFileType = wrapper.framework; name = CoreText.framework; path = System/Library/Frameworks/CoreText.framework; sourceTree = SDKROOT; };
		B51D5AD31871837B00966B48 /* CarGroupTableCellView.xib */ = {isa = PBXFileReference; fileEncoding = 4; lastKnownFileType = file.xib; path = CarGroupTableCellView.xib; sourceTree = "<group>"; };
		B5688AF0186AECCA009D830E /* MenuTableCellView.h */ = {isa = PBXFileReference; fileEncoding = 4; lastKnownFileType = sourcecode.c.h; path = MenuTableCellView.h; sourceTree = "<group>"; };
		B5688AF1186AECCA009D830E /* MenuTableCellView.m */ = {isa = PBXFileReference; fileEncoding = 4; lastKnownFileType = sourcecode.c.objc; path = MenuTableCellView.m; sourceTree = "<group>"; };
		B5688AF3186B167E009D830E /* AccessoryButton.png */ = {isa = PBXFileReference; lastKnownFileType = image.png; path = AccessoryButton.png; sourceTree = "<group>"; };
		B5688AF9186B17EA009D830E /* arac_bul.png */ = {isa = PBXFileReference; lastKnownFileType = image.png; path = arac_bul.png; sourceTree = "<group>"; };
		B5688AFA186B17EA009D830E /* detail_search.png */ = {isa = PBXFileReference; lastKnownFileType = image.png; path = detail_search.png; sourceTree = "<group>"; };
		B5688AFD186B1A78009D830E /* location_icon.png */ = {isa = PBXFileReference; lastKnownFileType = image.png; path = location_icon.png; sourceTree = "<group>"; };
		B5688AFF186B2E25009D830E /* GTMBase64.h */ = {isa = PBXFileReference; fileEncoding = 4; lastKnownFileType = sourcecode.c.h; path = GTMBase64.h; sourceTree = "<group>"; };
		B5688B00186B2E25009D830E /* GTMBase64.m */ = {isa = PBXFileReference; fileEncoding = 4; lastKnownFileType = sourcecode.c.objc; path = GTMBase64.m; sourceTree = "<group>"; };
		B5688B02186B39F4009D830E /* LoaderAnimationVC.h */ = {isa = PBXFileReference; fileEncoding = 4; lastKnownFileType = sourcecode.c.h; path = LoaderAnimationVC.h; sourceTree = "<group>"; };
		B5688B03186B39F4009D830E /* LoaderAnimationVC.m */ = {isa = PBXFileReference; fileEncoding = 4; lastKnownFileType = sourcecode.c.objc; path = LoaderAnimationVC.m; sourceTree = "<group>"; };
		B5688B06186B3A2E009D830E /* load_1.png */ = {isa = PBXFileReference; lastKnownFileType = image.png; path = load_1.png; sourceTree = "<group>"; };
		B5688B07186B3A2E009D830E /* load_10.png */ = {isa = PBXFileReference; lastKnownFileType = image.png; path = load_10.png; sourceTree = "<group>"; };
		B5688B08186B3A2E009D830E /* load_11.png */ = {isa = PBXFileReference; lastKnownFileType = image.png; path = load_11.png; sourceTree = "<group>"; };
		B5688B09186B3A2E009D830E /* load_2.png */ = {isa = PBXFileReference; lastKnownFileType = image.png; path = load_2.png; sourceTree = "<group>"; };
		B5688B0A186B3A2E009D830E /* load_3.png */ = {isa = PBXFileReference; lastKnownFileType = image.png; path = load_3.png; sourceTree = "<group>"; };
		B5688B0B186B3A2E009D830E /* load_4.png */ = {isa = PBXFileReference; lastKnownFileType = image.png; path = load_4.png; sourceTree = "<group>"; };
		B5688B0C186B3A2E009D830E /* load_5.png */ = {isa = PBXFileReference; lastKnownFileType = image.png; path = load_5.png; sourceTree = "<group>"; };
		B5688B0D186B3A2E009D830E /* load_6.png */ = {isa = PBXFileReference; lastKnownFileType = image.png; path = load_6.png; sourceTree = "<group>"; };
		B5688B0E186B3A2E009D830E /* load_7.png */ = {isa = PBXFileReference; lastKnownFileType = image.png; path = load_7.png; sourceTree = "<group>"; };
		B5688B0F186B3A2E009D830E /* load_8.png */ = {isa = PBXFileReference; lastKnownFileType = image.png; path = load_8.png; sourceTree = "<group>"; };
		B5688B10186B3A2E009D830E /* load_9.png */ = {isa = PBXFileReference; lastKnownFileType = image.png; path = load_9.png; sourceTree = "<group>"; };
		B5688B1C186C2479009D830E /* OfficeHolidayTime.h */ = {isa = PBXFileReference; fileEncoding = 4; lastKnownFileType = sourcecode.c.h; path = OfficeHolidayTime.h; sourceTree = "<group>"; };
		B5688B1D186C2479009D830E /* OfficeHolidayTime.m */ = {isa = PBXFileReference; fileEncoding = 4; lastKnownFileType = sourcecode.c.objc; path = OfficeHolidayTime.m; sourceTree = "<group>"; };
		B5A2CAE51872B60100271DE9 /* MinimumInfoVC.h */ = {isa = PBXFileReference; fileEncoding = 4; lastKnownFileType = sourcecode.c.h; path = MinimumInfoVC.h; sourceTree = "<group>"; };
		B5A2CAE61872B60100271DE9 /* MinimumInfoVC.m */ = {isa = PBXFileReference; fileEncoding = 4; lastKnownFileType = sourcecode.c.objc; path = MinimumInfoVC.m; sourceTree = "<group>"; };
		B5A2CAE71872B60100271DE9 /* MinimumInfoVC.xib */ = {isa = PBXFileReference; fileEncoding = 4; lastKnownFileType = file.xib; path = MinimumInfoVC.xib; sourceTree = "<group>"; };
		B5CEF813187041D8007709E4 /* CarGroupTableCellView.h */ = {isa = PBXFileReference; fileEncoding = 4; lastKnownFileType = sourcecode.c.h; path = CarGroupTableCellView.h; sourceTree = "<group>"; };
		B5CEF814187041D8007709E4 /* CarGroupTableCellView.m */ = {isa = PBXFileReference; fileEncoding = 4; lastKnownFileType = sourcecode.c.objc; path = CarGroupTableCellView.m; sourceTree = "<group>"; };
		B5E0343D186D95BF00226DAB /* login_icon.png */ = {isa = PBXFileReference; lastKnownFileType = image.png; path = login_icon.png; sourceTree = "<group>"; };
		B5E0343F186DD02500226DAB /* Car.h */ = {isa = PBXFileReference; fileEncoding = 4; lastKnownFileType = sourcecode.c.h; path = Car.h; sourceTree = "<group>"; };
		B5E03440186DD02500226DAB /* Car.m */ = {isa = PBXFileReference; fileEncoding = 4; lastKnownFileType = sourcecode.c.objc; path = Car.m; sourceTree = "<group>"; };
		B5E03442186DEAE100226DAB /* CarGroupViewController.h */ = {isa = PBXFileReference; fileEncoding = 4; lastKnownFileType = sourcecode.c.h; path = CarGroupViewController.h; sourceTree = "<group>"; };
		B5E03443186DEAE100226DAB /* CarGroupViewController.m */ = {isa = PBXFileReference; fileEncoding = 4; lastKnownFileType = sourcecode.c.objc; path = CarGroupViewController.m; sourceTree = "<group>"; };
		B5E03445186DEC9A00226DAB /* CarGroupManagerViewController.h */ = {isa = PBXFileReference; fileEncoding = 4; lastKnownFileType = sourcecode.c.h; path = CarGroupManagerViewController.h; sourceTree = "<group>"; };
		B5E03446186DEC9A00226DAB /* CarGroupManagerViewController.m */ = {isa = PBXFileReference; fileEncoding = 4; lastKnownFileType = sourcecode.c.objc; path = CarGroupManagerViewController.m; sourceTree = "<group>"; };
		B5E03448186ED57C00226DAB /* CarGroup.h */ = {isa = PBXFileReference; fileEncoding = 4; lastKnownFileType = sourcecode.c.h; path = CarGroup.h; sourceTree = "<group>"; };
		B5E03449186ED57C00226DAB /* CarGroup.m */ = {isa = PBXFileReference; fileEncoding = 4; lastKnownFileType = sourcecode.c.objc; path = CarGroup.m; sourceTree = "<group>"; };
		B5EE728B18701DC400F634D3 /* kislastik.png */ = {isa = PBXFileReference; lastKnownFileType = image.png; path = kislastik.png; sourceTree = "<group>"; };
		B5EE728C18701DC400F634D3 /* klima.png */ = {isa = PBXFileReference; lastKnownFileType = image.png; path = klima.png; sourceTree = "<group>"; };
		B5EE728D18701DC400F634D3 /* vites.png */ = {isa = PBXFileReference; lastKnownFileType = image.png; path = vites.png; sourceTree = "<group>"; };
		B5EE728E18701DC400F634D3 /* yakit.png */ = {isa = PBXFileReference; lastKnownFileType = image.png; path = yakit.png; sourceTree = "<group>"; };
/* End PBXFileReference section */

/* Begin PBXFrameworksBuildPhase section */
		0C4C9A6318462EAB00CD3728 /* Frameworks */ = {
			isa = PBXFrameworksBuildPhase;
			buildActionMask = 2147483647;
			files = (
				B51D5AD21870F1E700966B48 /* CoreText.framework in Frameworks */,
				0C0DA9A71865BF78003EDDA0 /* CoreLocation.framework in Frameworks */,
				0C4C9A6C18462EAB00CD3728 /* CoreGraphics.framework in Frameworks */,
				0C4C9A6E18462EAB00CD3728 /* UIKit.framework in Frameworks */,
				0C4C9A6A18462EAB00CD3728 /* Foundation.framework in Frameworks */,
			);
			runOnlyForDeploymentPostprocessing = 0;
		};
		0C4C9A7E18462EAB00CD3728 /* Frameworks */ = {
			isa = PBXFrameworksBuildPhase;
			buildActionMask = 2147483647;
			files = (
				0C4C9A8318462EAB00CD3728 /* XCTest.framework in Frameworks */,
				0C4C9A8518462EAB00CD3728 /* UIKit.framework in Frameworks */,
				0C4C9A8418462EAB00CD3728 /* Foundation.framework in Frameworks */,
			);
			runOnlyForDeploymentPostprocessing = 0;
		};
/* End PBXFrameworksBuildPhase section */

/* Begin PBXGroup section */
		0C0DA99D1865AE94003EDDA0 /* Login */ = {
			isa = PBXGroup;
			children = (
				0CBA77BB186447AB0008CE29 /* LoginVC.h */,
				0CBA77BC186447AB0008CE29 /* LoginVC.m */,
				9E53F68B18BF8F150076CFFF /* UserCreationVC.h */,
				9E53F68C18BF8F150076CFFF /* UserCreationVC.m */,
				9E53F68D18BF8F150076CFFF /* UserCreationVC.xib */,
			);
			name = Login;
			sourceTree = "<group>";
		};
		0C0DA99E1865AEA2003EDDA0 /* SearchScreen */ = {
			isa = PBXGroup;
			children = (
				0C0DA9B71865EB7E003EDDA0 /* ClassicSearchVC.h */,
				0C0DA9B81865EB7E003EDDA0 /* ClassicSearchVC.m */,
				0C0DA9A81865D04B003EDDA0 /* OfficeListVC.h */,
				0C0DA9A91865D04B003EDDA0 /* OfficeListVC.m */,
				0C5B5FC61864770F0060BECD /* CalendarTimeVC.h */,
				0C5B5FC71864770F0060BECD /* CalendarTimeVC.m */,
			);
			name = SearchScreen;
			sourceTree = "<group>";
		};
		0C0DA9C718665B07003EDDA0 /* FilterScreen */ = {
			isa = PBXGroup;
			children = (
				9E38C3BB1869EA8100EBD29E /* CarGroupFilterVC.h */,
				9E38C3BC1869EA8100EBD29E /* CarGroupFilterVC.m */,
			);
			name = FilterScreen;
			sourceTree = "<group>";
		};
		0C4C9A5D18462EAA00CD3728 = {
			isa = PBXGroup;
			children = (
				0C4C9A6F18462EAB00CD3728 /* Garenta */,
				0C4C9A6818462EAB00CD3728 /* Frameworks */,
				0C4C9A6718462EAB00CD3728 /* Products */,
			);
			sourceTree = "<group>";
		};
		0C4C9A6718462EAB00CD3728 /* Products */ = {
			isa = PBXGroup;
			children = (
				0C4C9A6618462EAB00CD3728 /* Garenta.app */,
				0C4C9A8118462EAB00CD3728 /* GarentaTests.xctest */,
			);
			name = Products;
			sourceTree = "<group>";
		};
		0C4C9A6818462EAB00CD3728 /* Frameworks */ = {
			isa = PBXGroup;
			children = (
				B51D5AD11870F1E700966B48 /* CoreText.framework */,
				0C0DA9A61865BF78003EDDA0 /* CoreLocation.framework */,
				0C4C9A6918462EAB00CD3728 /* Foundation.framework */,
				0C4C9A6B18462EAB00CD3728 /* CoreGraphics.framework */,
				0C4C9A6D18462EAB00CD3728 /* UIKit.framework */,
				0C4C9A8218462EAB00CD3728 /* XCTest.framework */,
			);
			name = Frameworks;
			sourceTree = "<group>";
		};
		0C4C9A6F18462EAB00CD3728 /* Garenta */ = {
			isa = PBXGroup;
			children = (
				0C4C9A99184631A100CD3728 /* Utilities */,
				0C4C9A9A1846331200CD3728 /* ObjectClasses */,
				0C4C9A9B1846331D00CD3728 /* Resources */,
				0C4C9A981846318F00CD3728 /* VCs */,
				0C4C9A7818462EAB00CD3728 /* AppDelegate.h */,
				0C4C9A7918462EAB00CD3728 /* AppDelegate.m */,
				0C4C9A7B18462EAB00CD3728 /* Images.xcassets */,
				0C4C9A7018462EAB00CD3728 /* Supporting Files */,
			);
			path = Garenta;
			sourceTree = "<group>";
		};
		0C4C9A7018462EAB00CD3728 /* Supporting Files */ = {
			isa = PBXGroup;
			children = (
				0C4C9A7118462EAB00CD3728 /* Garenta-Info.plist */,
				0C4C9A7218462EAB00CD3728 /* InfoPlist.strings */,
				0C4C9A7518462EAB00CD3728 /* main.m */,
				0C4C9A7718462EAB00CD3728 /* Garenta-Prefix.pch */,
			);
			name = "Supporting Files";
			sourceTree = "<group>";
		};
		0C4C9A981846318F00CD3728 /* VCs */ = {
			isa = PBXGroup;
			children = (
				B5A2CAE41872B51700271DE9 /* ReservationVCs */,
				9E38C3BA1869EA2B00EBD29E /* Car Group */,
				0C4C9A9C1846333100CD3728 /* BaseVCs */,
				0C4C9AA11846348100CD3728 /* MenuSelection */,
				0C0DA99D1865AE94003EDDA0 /* Login */,
				0C0DA99E1865AEA2003EDDA0 /* SearchScreen */,
				0C0DA9C718665B07003EDDA0 /* FilterScreen */,
				0C9299DC18689E63007DE6B8 /* Equipments */,
			);
			name = VCs;
			sourceTree = "<group>";
		};
		0C4C9A99184631A100CD3728 /* Utilities */ = {
			isa = PBXGroup;
			children = (
				9EB383881876C01400B214E1 /* iToast.h */,
				9EB383891876C01400B214E1 /* iToast.m */,
				B5688B02186B39F4009D830E /* LoaderAnimationVC.h */,
				B5688B03186B39F4009D830E /* LoaderAnimationVC.m */,
				B5688AFF186B2E25009D830E /* GTMBase64.h */,
				B5688B00186B2E25009D830E /* GTMBase64.m */,
				9E212F7218631AE1004B9B80 /* Reachability.h */,
				9E212F7318631AE1004B9B80 /* Reachability.m */,
				0C4C9AA5184639AC00CD3728 /* ApplicationProperties.h */,
				0C4C9AA6184639AC00CD3728 /* ApplicationProperties.m */,
			);
			name = Utilities;
			sourceTree = "<group>";
		};
		0C4C9A9A1846331200CD3728 /* ObjectClasses */ = {
			isa = PBXGroup;
			children = (
				B50715C818B7AC1D00419189 /* Price.h */,
				B50715C918B7AC1E00419189 /* Price.m */,
				0C5B5FCA186479800060BECD /* Calendar */,
				9E212F76186343C3004B9B80 /* Office.h */,
				9E212F77186343C3004B9B80 /* Office.m */,
				9E212F7918634A96004B9B80 /* OfficeWorkingTime.h */,
				9E212F7A18634A97004B9B80 /* OfficeWorkingTime.m */,
				B5688B1C186C2479009D830E /* OfficeHolidayTime.h */,
				B5688B1D186C2479009D830E /* OfficeHolidayTime.m */,
				0C0DA9A31865BEA5003EDDA0 /* Coordinate.h */,
				0C0DA9A41865BEA5003EDDA0 /* Coordinate.m */,
				0C0DA9A01865BE31003EDDA0 /* User.h */,
				0C0DA9A11865BE31003EDDA0 /* User.m */,
				0C0DA9AE1865E234003EDDA0 /* Destination.h */,
				0C0DA9AF1865E234003EDDA0 /* Destination.m */,
				0C0DA9B11865E23F003EDDA0 /* Arrival.h */,
				0C0DA9B21865E23F003EDDA0 /* Arrival.m */,
				0C0DA9AB1865D2FD003EDDA0 /* Reservation.h */,
				0C0DA9AC1865D2FD003EDDA0 /* Reservation.m */,
				9E38C3BE1869EF4200EBD29E /* FilterObject.h */,
				9E38C3BF1869EF4200EBD29E /* FilterObject.m */,
				B5E0343F186DD02500226DAB /* Car.h */,
				B5E03440186DD02500226DAB /* Car.m */,
				B5E03448186ED57C00226DAB /* CarGroup.h */,
				B5E03449186ED57C00226DAB /* CarGroup.m */,
			);
			name = ObjectClasses;
			sourceTree = "<group>";
		};
		0C4C9A9B1846331D00CD3728 /* Resources */ = {
			isa = PBXGroup;
			children = (
				0C893D86187884E5006AFF0A /* SliderHandle.png */,
				B50B09FC187592CB00649165 /* BackAccessoryButton.png */,
				B50B09FA187580C200649165 /* onay_icon.png */,
				B50B09DD1874A95200649165 /* boarder_icon.png */,
				B50B09DB1874A7BC00649165 /* office_icon.png */,
				B50B09D91874A2E600649165 /* seperator.png */,
				B5EE728B18701DC400F634D3 /* kislastik.png */,
				B5EE728C18701DC400F634D3 /* klima.png */,
				B5EE728D18701DC400F634D3 /* vites.png */,
				B5EE728E18701DC400F634D3 /* yakit.png */,
				B5E0343D186D95BF00226DAB /* login_icon.png */,
				B5688B05186B3A1F009D830E /* loader_turuncu */,
				B5688AFD186B1A78009D830E /* location_icon.png */,
				B5688AF9186B17EA009D830E /* arac_bul.png */,
				B5688AFA186B17EA009D830E /* detail_search.png */,
				B5688AF3186B167E009D830E /* AccessoryButton.png */,
				9E38C3C5186A033200EBD29E /* OrangeArrowDown.png */,
				9E38C3C6186A033200EBD29E /* OrangeArrowUp.png */,
				0C5E86F318631B4B004C642D /* GarentaSmallLogo.png */,
				0C5B5FE918649A870060BECD /* UserLoginPic.png */,
				0C9299D31868903C007DE6B8 /* a_grubu.jpg */,
				0C9299D41868903C007DE6B8 /* b_grubu.jpg */,
				0C9299D51868903C007DE6B8 /* c_grubu.jpg */,
				0C9299D61868903C007DE6B8 /* d_grubu.jpg */,
			);
			name = Resources;
			sourceTree = "<group>";
		};
		0C4C9A9C1846333100CD3728 /* BaseVCs */ = {
			isa = PBXGroup;
			children = (
				0C4C9A9D1846338600CD3728 /* BaseVC.h */,
				0C4C9A9E1846338600CD3728 /* BaseVC.m */,
				0C4C9AA8184639FE00CD3728 /* BaseTableVC.h */,
				0C4C9AA9184639FE00CD3728 /* BaseTableVC.m */,
			);
			name = BaseVCs;
			sourceTree = "<group>";
		};
		0C4C9AA11846348100CD3728 /* MenuSelection */ = {
			isa = PBXGroup;
			children = (
				0CA631341864697900CC529F /* MenuSelectionVC.h */,
				0CA631351864697900CC529F /* MenuSelectionVC.m */,
				B5688AF0186AECCA009D830E /* MenuTableCellView.h */,
				B5688AF1186AECCA009D830E /* MenuTableCellView.m */,
			);
			name = MenuSelection;
			sourceTree = "<group>";
		};
		0C5B5FCA186479800060BECD /* Calendar */ = {
			isa = PBXGroup;
			children = (
				0C5B5FDB186481BF0060BECD /* TapkuLibrary.bundle */,
				0C5B5FE6186482A50060BECD /* UIImage+TKCategory.h */,
				0C5B5FE7186482A50060BECD /* UIImage+TKCategory.m */,
				0C5B5FE3186482860060BECD /* UIColor+TKCategory.h */,
				0C5B5FE4186482860060BECD /* UIColor+TKCategory.m */,
				0C5B5FDD186481EF0060BECD /* TKGlobal.h */,
				0C5B5FDE186481EF0060BECD /* TKGlobal.m */,
				0C5B5FE0186482500060BECD /* TKGradientView.h */,
				0C5B5FE1186482500060BECD /* TKGradientView.m */,
				0C5B5FD7186480B20060BECD /* TapkuLibrary.h */,
				0C5B5FD81864814D0060BECD /* NSDate+TKCategory.h */,
				0C5B5FD9186481670060BECD /* NSDate+TKCategory.m */,
				0C5B5FCB186479AB0060BECD /* TKCalendarMonthViewController.h */,
				0C5B5FCC186479AB0060BECD /* TKCalendarMonthViewController.m */,
				0C5B5FCF186479AB0060BECD /* TKCalendarMonthView.h */,
				0C5B5FD0186479AB0060BECD /* TKCalendarMonthView.m */,
				0C5B5FD1186479AB0060BECD /* NSDate+CalendarGrid.h */,
				0C5B5FD2186479AB0060BECD /* NSDate+CalendarGrid.m */,
			);
			name = Calendar;
			sourceTree = "<group>";
		};
		0C9299DC18689E63007DE6B8 /* Equipments */ = {
			isa = PBXGroup;
			children = (
				0C9299DD18689E95007DE6B8 /* EquipmentVC.h */,
				0C9299DE18689E95007DE6B8 /* EquipmentVC.m */,
			);
			name = Equipments;
			sourceTree = "<group>";
		};
		9E38C3BA1869EA2B00EBD29E /* Car Group */ = {
			isa = PBXGroup;
			children = (
				B5E03442186DEAE100226DAB /* CarGroupViewController.h */,
				B5E03443186DEAE100226DAB /* CarGroupViewController.m */,
				B5E03445186DEC9A00226DAB /* CarGroupManagerViewController.h */,
				B5E03446186DEC9A00226DAB /* CarGroupManagerViewController.m */,
				B5CEF813187041D8007709E4 /* CarGroupTableCellView.h */,
				B5CEF814187041D8007709E4 /* CarGroupTableCellView.m */,
				B51D5AD31871837B00966B48 /* CarGroupTableCellView.xib */,
			);
			name = "Car Group";
			sourceTree = "<group>";
		};
		B5688B05186B3A1F009D830E /* loader_turuncu */ = {
			isa = PBXGroup;
			children = (
				B5688B06186B3A2E009D830E /* load_1.png */,
				B5688B07186B3A2E009D830E /* load_10.png */,
				B5688B08186B3A2E009D830E /* load_11.png */,
				B5688B09186B3A2E009D830E /* load_2.png */,
				B5688B0A186B3A2E009D830E /* load_3.png */,
				B5688B0B186B3A2E009D830E /* load_4.png */,
				B5688B0C186B3A2E009D830E /* load_5.png */,
				B5688B0D186B3A2E009D830E /* load_6.png */,
				B5688B0E186B3A2E009D830E /* load_7.png */,
				B5688B0F186B3A2E009D830E /* load_8.png */,
				B5688B10186B3A2E009D830E /* load_9.png */,
			);
			name = loader_turuncu;
			sourceTree = "<group>";
		};
		B5A2CAE41872B51700271DE9 /* ReservationVCs */ = {
			isa = PBXGroup;
			children = (
				B5A2CAE51872B60100271DE9 /* MinimumInfoVC.h */,
				B5A2CAE61872B60100271DE9 /* MinimumInfoVC.m */,
				B5A2CAE71872B60100271DE9 /* MinimumInfoVC.xib */,
				B50B09D41874988F00649165 /* ReservationSummaryViewController.h */,
				B50B09D51874988F00649165 /* ReservationSummaryViewController.m */,
				B50B09D61874988F00649165 /* ReservationSummaryViewController.xib */,
				B50B09DF1874E71F00649165 /* ReservationSummaryCell.xib */,
				B50B09E11874EC7B00649165 /* ReservationSummaryCell.h */,
				B50B09E21874EC7B00649165 /* ReservationSummaryCell.m */,
				B50B09F518757F6900649165 /* ReservationApprovalVC.h */,
				B50B09F618757F6900649165 /* ReservationApprovalVC.m */,
				B50B09F718757F6900649165 /* ReservationApprovalVC.xib */,
			);
			name = ReservationVCs;
			sourceTree = "<group>";
		};

		B5CEF81618705E10007709E4 /* Parsers */ = {
			isa = PBXGroup;
			children = (
				9EE3D7B418CA008800B362FE /* IDController.h */,
				9EE3D7B518CA008800B362FE /* IDController.m */,
			);
			name = Parsers;
			sourceTree = "<group>";
		};
/* End PBXGroup section */

/* Begin PBXNativeTarget section */
		0C4C9A6518462EAB00CD3728 /* Garenta */ = {
			isa = PBXNativeTarget;
			buildConfigurationList = 0C4C9A9218462EAB00CD3728 /* Build configuration list for PBXNativeTarget "Garenta" */;
			buildPhases = (
				0C4C9A6218462EAB00CD3728 /* Sources */,
				0C4C9A6318462EAB00CD3728 /* Frameworks */,
				0C4C9A6418462EAB00CD3728 /* Resources */,
			);
			buildRules = (
			);
			dependencies = (
			);
			name = Garenta;
			productName = Garenta;
			productReference = 0C4C9A6618462EAB00CD3728 /* Garenta.app */;
			productType = "com.apple.product-type.application";
		};
		0C4C9A8018462EAB00CD3728 /* GarentaTests */ = {
			isa = PBXNativeTarget;
			buildConfigurationList = 0C4C9A9518462EAB00CD3728 /* Build configuration list for PBXNativeTarget "GarentaTests" */;
			buildPhases = (
				0C4C9A7D18462EAB00CD3728 /* Sources */,
				0C4C9A7E18462EAB00CD3728 /* Frameworks */,
				0C4C9A7F18462EAB00CD3728 /* Resources */,
			);
			buildRules = (
			);
			dependencies = (
				0C4C9A8718462EAB00CD3728 /* PBXTargetDependency */,
			);
			name = GarentaTests;
			productName = GarentaTests;
			productReference = 0C4C9A8118462EAB00CD3728 /* GarentaTests.xctest */;
			productType = "com.apple.product-type.bundle.unit-test";
		};
/* End PBXNativeTarget section */

/* Begin PBXProject section */
		0C4C9A5E18462EAA00CD3728 /* Project object */ = {
			isa = PBXProject;
			attributes = {
				LastUpgradeCheck = 0510;
				ORGANIZATIONNAME = "Kerem Balaban";
				TargetAttributes = {
					0C4C9A6518462EAB00CD3728 = {
						DevelopmentTeam = 6DWFW3YRAB;
					};
					0C4C9A8018462EAB00CD3728 = {
						TestTargetID = 0C4C9A6518462EAB00CD3728;
					};
				};
			};
			buildConfigurationList = 0C4C9A6118462EAA00CD3728 /* Build configuration list for PBXProject "Garenta" */;
			compatibilityVersion = "Xcode 3.2";
			developmentRegion = English;
			hasScannedForEncodings = 0;
			knownRegions = (
				en,
			);
			mainGroup = 0C4C9A5D18462EAA00CD3728;
			productRefGroup = 0C4C9A6718462EAB00CD3728 /* Products */;
			projectDirPath = "";
			projectRoot = "";
			targets = (
				0C4C9A6518462EAB00CD3728 /* Garenta */,
				0C4C9A8018462EAB00CD3728 /* GarentaTests */,
			);
		};
/* End PBXProject section */

/* Begin PBXResourcesBuildPhase section */
		0C4C9A6418462EAB00CD3728 /* Resources */ = {
			isa = PBXResourcesBuildPhase;
			buildActionMask = 2147483647;
			files = (
				B50B09D81874988F00649165 /* ReservationSummaryViewController.xib in Resources */,
				B5688AFE186B1A78009D830E /* location_icon.png in Resources */,
				B50B09FD187592CC00649165 /* BackAccessoryButton.png in Resources */,
				B5A2CAE91872B60100271DE9 /* MinimumInfoVC.xib in Resources */,
				B50B09E01874E72000649165 /* ReservationSummaryCell.xib in Resources */,
				B5688AFC186B17EA009D830E /* detail_search.png in Resources */,
				0C5E86F418631B4B004C642D /* GarentaSmallLogo.png in Resources */,
				B5688B19186B3A2E009D830E /* load_7.png in Resources */,
				B5688B15186B3A2E009D830E /* load_3.png in Resources */,
				0C9299D91868903C007DE6B8 /* c_grubu.jpg in Resources */,
				B5688AF6186B167E009D830E /* AccessoryButton.png in Resources */,
				0C9299DA1868903C007DE6B8 /* d_grubu.jpg in Resources */,
				B5EE729018701DC400F634D3 /* klima.png in Resources */,
				B5688B12186B3A2E009D830E /* load_10.png in Resources */,
				B5688AFB186B17EA009D830E /* arac_bul.png in Resources */,
				B5688B16186B3A2E009D830E /* load_4.png in Resources */,
				0C9299D71868903C007DE6B8 /* a_grubu.jpg in Resources */,
				9E53F68F18BF8F150076CFFF /* UserCreationVC.xib in Resources */,
				B50B09F918757F6900649165 /* ReservationApprovalVC.xib in Resources */,
				B5688B13186B3A2E009D830E /* load_11.png in Resources */,
				0C5B5FDC186481BF0060BECD /* TapkuLibrary.bundle in Resources */,
				0C9299D81868903C007DE6B8 /* b_grubu.jpg in Resources */,
				B51D5AD41871837C00966B48 /* CarGroupTableCellView.xib in Resources */,
				B5EE728F18701DC400F634D3 /* kislastik.png in Resources */,
				0C4C9A7418462EAB00CD3728 /* InfoPlist.strings in Resources */,
				B5688B18186B3A2E009D830E /* load_6.png in Resources */,
				B5688B14186B3A2E009D830E /* load_2.png in Resources */,
				0C5B5FEA18649A870060BECD /* UserLoginPic.png in Resources */,
				B5688B17186B3A2E009D830E /* load_5.png in Resources */,
				0C893D87187884E5006AFF0A /* SliderHandle.png in Resources */,
				0C4C9A7C18462EAB00CD3728 /* Images.xcassets in Resources */,
				B5688B1B186B3A2E009D830E /* load_9.png in Resources */,
				B5688B11186B3A2E009D830E /* load_1.png in Resources */,
				B5EE729118701DC400F634D3 /* vites.png in Resources */,
				B50B09FB187580C200649165 /* onay_icon.png in Resources */,
				B50B09DA1874A2E600649165 /* seperator.png in Resources */,
				B50B09DC1874A7BC00649165 /* office_icon.png in Resources */,
				9E38C3C7186A033200EBD29E /* OrangeArrowDown.png in Resources */,
				B5688B1A186B3A2E009D830E /* load_8.png in Resources */,
				B50B09DE1874A95200649165 /* boarder_icon.png in Resources */,
				B5E0343E186D95BF00226DAB /* login_icon.png in Resources */,
				9E38C3C8186A033200EBD29E /* OrangeArrowUp.png in Resources */,
				B5EE729218701DC400F634D3 /* yakit.png in Resources */,
			);
			runOnlyForDeploymentPostprocessing = 0;
		};
		0C4C9A7F18462EAB00CD3728 /* Resources */ = {
			isa = PBXResourcesBuildPhase;
			buildActionMask = 2147483647;
			files = (
			);
			runOnlyForDeploymentPostprocessing = 0;
		};
/* End PBXResourcesBuildPhase section */

/* Begin PBXSourcesBuildPhase section */
		0C4C9A6218462EAB00CD3728 /* Sources */ = {
			isa = PBXSourcesBuildPhase;
			buildActionMask = 2147483647;
			files = (
				0C5B5FE5186482860060BECD /* UIColor+TKCategory.m in Sources */,
				0C5B5FDA186481670060BECD /* NSDate+TKCategory.m in Sources */,
				0CBA77BD186447AB0008CE29 /* LoginVC.m in Sources */,
				B5A2CAE81872B60100271DE9 /* MinimumInfoVC.m in Sources */,
				0C5B5FC81864770F0060BECD /* CalendarTimeVC.m in Sources */,
				B50B09E31874EC7B00649165 /* ReservationSummaryCell.m in Sources */,
				0C0DA9AA1865D04B003EDDA0 /* OfficeListVC.m in Sources */,
				B5E03444186DEAE100226DAB /* CarGroupViewController.m in Sources */,
				B50B09F818757F6900649165 /* ReservationApprovalVC.m in Sources */,
				0C5B5FDF186481EF0060BECD /* TKGlobal.m in Sources */,
				B5E03447186DEC9A00226DAB /* CarGroupManagerViewController.m in Sources */,
				0CBA75CE1864356A0008CE29 /* AppDelegate.m in Sources */,
				0C0DA9A51865BEA5003EDDA0 /* Coordinate.m in Sources */,
				0CBA75CC186435460008CE29 /* main.m in Sources */,
				0CA631361864697900CC529F /* MenuSelectionVC.m in Sources */,
				0C9299DF18689E95007DE6B8 /* EquipmentVC.m in Sources */,
				0C0DA9AD1865D2FD003EDDA0 /* Reservation.m in Sources */,
				B5CEF815187041D8007709E4 /* CarGroupTableCellView.m in Sources */,
				9EB3838A1876C01400B214E1 /* iToast.m in Sources */,
				0C0DA9B91865EB7E003EDDA0 /* ClassicSearchVC.m in Sources */,
				9E53F68E18BF8F150076CFFF /* UserCreationVC.m in Sources */,
				9E38C3BD1869EA8100EBD29E /* CarGroupFilterVC.m in Sources */,
				9E38C3C01869EF4200EBD29E /* FilterObject.m in Sources */,
				0C0DA9B31865E23F003EDDA0 /* Arrival.m in Sources */,
				B5688B1E186C2479009D830E /* OfficeHolidayTime.m in Sources */,
				0CBA75C5186435260008CE29 /* Reachability.m in Sources */,
				0C5B5FE2186482500060BECD /* TKGradientView.m in Sources */,
				0C0DA9A21865BE31003EDDA0 /* User.m in Sources */,
				0CBA75C6186435260008CE29 /* ApplicationProperties.m in Sources */,
				B5688B04186B39F4009D830E /* LoaderAnimationVC.m in Sources */,
				B50715CA18B7AC1E00419189 /* Price.m in Sources */,
				B50B09D71874988F00649165 /* ReservationSummaryViewController.m in Sources */,
				0CBA75C7186435260008CE29 /* Office.m in Sources */,
				0CBA75C8186435260008CE29 /* OfficeWorkingTime.m in Sources */,
				0C5B5FD6186479AB0060BECD /* NSDate+CalendarGrid.m in Sources */,
				0C5B5FD5186479AB0060BECD /* TKCalendarMonthView.m in Sources */,
				9EE3D7B618CA008800B362FE /* IDController.m in Sources */,
				B5688B01186B2E25009D830E /* GTMBase64.m in Sources */,
				0C0DA9B01865E234003EDDA0 /* Destination.m in Sources */,
				0C5B5FD3186479AB0060BECD /* TKCalendarMonthViewController.m in Sources */,
				B5688AF2186AECCA009D830E /* MenuTableCellView.m in Sources */,
				0CBA75C9186435260008CE29 /* BaseVC.m in Sources */,
				B5E03441186DD02500226DAB /* Car.m in Sources */,
				0CBA75CA186435260008CE29 /* BaseTableVC.m in Sources */,
				B5E0344A186ED57C00226DAB /* CarGroup.m in Sources */,
				0C5B5FE8186482A50060BECD /* UIImage+TKCategory.m in Sources */,
			);
			runOnlyForDeploymentPostprocessing = 0;
		};
		0C4C9A7D18462EAB00CD3728 /* Sources */ = {
			isa = PBXSourcesBuildPhase;
			buildActionMask = 2147483647;
			files = (
			);
			runOnlyForDeploymentPostprocessing = 0;
		};
/* End PBXSourcesBuildPhase section */

/* Begin PBXTargetDependency section */
		0C4C9A8718462EAB00CD3728 /* PBXTargetDependency */ = {
			isa = PBXTargetDependency;
			target = 0C4C9A6518462EAB00CD3728 /* Garenta */;
			targetProxy = 0C4C9A8618462EAB00CD3728 /* PBXContainerItemProxy */;
		};
/* End PBXTargetDependency section */

/* Begin PBXVariantGroup section */
		0C4C9A7218462EAB00CD3728 /* InfoPlist.strings */ = {
			isa = PBXVariantGroup;
			children = (
				0C4C9A7318462EAB00CD3728 /* en */,
			);
			name = InfoPlist.strings;
			sourceTree = "<group>";
		};
/* End PBXVariantGroup section */

/* Begin XCBuildConfiguration section */
		0C4C9A9018462EAB00CD3728 /* Debug */ = {
			isa = XCBuildConfiguration;
			buildSettings = {
				ALWAYS_SEARCH_USER_PATHS = NO;
				CLANG_CXX_LANGUAGE_STANDARD = "gnu++0x";
				CLANG_CXX_LIBRARY = "libc++";
				CLANG_ENABLE_MODULES = YES;
				CLANG_ENABLE_OBJC_ARC = YES;
				CLANG_WARN_BOOL_CONVERSION = YES;
				CLANG_WARN_CONSTANT_CONVERSION = YES;
				CLANG_WARN_DIRECT_OBJC_ISA_USAGE = YES_ERROR;
				CLANG_WARN_EMPTY_BODY = YES;
				CLANG_WARN_ENUM_CONVERSION = YES;
				CLANG_WARN_INT_CONVERSION = YES;
				CLANG_WARN_OBJC_ROOT_CLASS = YES_ERROR;
				CLANG_WARN__DUPLICATE_METHOD_MATCH = YES;
				CODE_SIGN_IDENTITY = "iPhone Distribution: ANADOLU BILISIM HIZMETLERI A S (6DWFW3YRAB)";
				"CODE_SIGN_IDENTITY[sdk=iphoneos*]" = "iPhone Distribution: ANADOLU BILISIM HIZMETLERI A S (6DWFW3YRAB)";
				COPY_PHASE_STRIP = NO;
				GCC_C_LANGUAGE_STANDARD = gnu99;
				GCC_DYNAMIC_NO_PIC = NO;
				GCC_OPTIMIZATION_LEVEL = 0;
				GCC_PREPROCESSOR_DEFINITIONS = (
					"DEBUG=1",
					"$(inherited)",
				);
				GCC_SYMBOLS_PRIVATE_EXTERN = NO;
				GCC_WARN_64_TO_32_BIT_CONVERSION = YES;
				GCC_WARN_ABOUT_RETURN_TYPE = YES_ERROR;
				GCC_WARN_UNDECLARED_SELECTOR = YES;
				GCC_WARN_UNINITIALIZED_AUTOS = YES;
				GCC_WARN_UNUSED_FUNCTION = YES;
				GCC_WARN_UNUSED_VARIABLE = YES;
				IPHONEOS_DEPLOYMENT_TARGET = 4.3;
				ONLY_ACTIVE_ARCH = YES;
				SDKROOT = iphoneos;
				TARGETED_DEVICE_FAMILY = "1,2";
			};
			name = Debug;
		};
		0C4C9A9118462EAB00CD3728 /* Release */ = {
			isa = XCBuildConfiguration;
			buildSettings = {
				ALWAYS_SEARCH_USER_PATHS = NO;
				CLANG_CXX_LANGUAGE_STANDARD = "gnu++0x";
				CLANG_CXX_LIBRARY = "libc++";
				CLANG_ENABLE_MODULES = YES;
				CLANG_ENABLE_OBJC_ARC = YES;
				CLANG_WARN_BOOL_CONVERSION = YES;
				CLANG_WARN_CONSTANT_CONVERSION = YES;
				CLANG_WARN_DIRECT_OBJC_ISA_USAGE = YES_ERROR;
				CLANG_WARN_EMPTY_BODY = YES;
				CLANG_WARN_ENUM_CONVERSION = YES;
				CLANG_WARN_INT_CONVERSION = YES;
				CLANG_WARN_OBJC_ROOT_CLASS = YES_ERROR;
				CLANG_WARN__DUPLICATE_METHOD_MATCH = YES;
				CODE_SIGN_IDENTITY = "iPhone Distribution: ANADOLU BILISIM HIZMETLERI A S (6DWFW3YRAB)";
				"CODE_SIGN_IDENTITY[sdk=iphoneos*]" = "iPhone Distribution: ANADOLU BILISIM HIZMETLERI A S (6DWFW3YRAB)";
				COPY_PHASE_STRIP = YES;
				ENABLE_NS_ASSERTIONS = NO;
				GCC_C_LANGUAGE_STANDARD = gnu99;
				GCC_WARN_64_TO_32_BIT_CONVERSION = YES;
				GCC_WARN_ABOUT_RETURN_TYPE = YES_ERROR;
				GCC_WARN_UNDECLARED_SELECTOR = YES;
				GCC_WARN_UNINITIALIZED_AUTOS = YES;
				GCC_WARN_UNUSED_FUNCTION = YES;
				GCC_WARN_UNUSED_VARIABLE = YES;
				IPHONEOS_DEPLOYMENT_TARGET = 4.3;
				ONLY_ACTIVE_ARCH = YES;
				SDKROOT = iphoneos;
				TARGETED_DEVICE_FAMILY = "1,2";
				VALIDATE_PRODUCT = YES;
			};
			name = Release;
		};
		0C4C9A9318462EAB00CD3728 /* Debug */ = {
			isa = XCBuildConfiguration;
			buildSettings = {
				ASSETCATALOG_COMPILER_APPICON_NAME = AppIcon;
				ASSETCATALOG_COMPILER_LAUNCHIMAGE_NAME = LaunchImage;
				CODE_SIGN_IDENTITY = "iPhone Developer: Ata Cengiz (Q9WTE2M2S5)";
				"CODE_SIGN_IDENTITY[sdk=iphoneos*]" = "iPhone Developer: Ata Cengiz (Q9WTE2M2S5)";
				GCC_PRECOMPILE_PREFIX_HEADER = YES;
				GCC_PREFIX_HEADER = "Garenta/Garenta-Prefix.pch";
				INFOPLIST_FILE = "Garenta/Garenta-Info.plist";
				IPHONEOS_DEPLOYMENT_TARGET = 7.0;
				PRODUCT_NAME = "$(TARGET_NAME)";
				PROVISIONING_PROFILE = "754FCD88-D6EE-47CF-B4CD-A4C81058BD3C";
				TARGETED_DEVICE_FAMILY = 1;
				WRAPPER_EXTENSION = app;
			};
			name = Debug;
		};
		0C4C9A9418462EAB00CD3728 /* Release */ = {
			isa = XCBuildConfiguration;
			buildSettings = {
				ASSETCATALOG_COMPILER_APPICON_NAME = AppIcon;
				ASSETCATALOG_COMPILER_LAUNCHIMAGE_NAME = LaunchImage;
				CODE_SIGN_IDENTITY = "iPhone Developer: Ata Cengiz (Q9WTE2M2S5)";
				"CODE_SIGN_IDENTITY[sdk=iphoneos*]" = "iPhone Developer: Ata Cengiz (Q9WTE2M2S5)";
				GCC_PRECOMPILE_PREFIX_HEADER = YES;
				GCC_PREFIX_HEADER = "Garenta/Garenta-Prefix.pch";
				INFOPLIST_FILE = "Garenta/Garenta-Info.plist";
				IPHONEOS_DEPLOYMENT_TARGET = 7.0;
				PRODUCT_NAME = "$(TARGET_NAME)";
				PROVISIONING_PROFILE = "754FCD88-D6EE-47CF-B4CD-A4C81058BD3C";
				TARGETED_DEVICE_FAMILY = 1;
				WRAPPER_EXTENSION = app;
			};
			name = Release;
		};
		0C4C9A9618462EAB00CD3728 /* Debug */ = {
			isa = XCBuildConfiguration;
			buildSettings = {
				BUNDLE_LOADER = "$(BUILT_PRODUCTS_DIR)/Garenta.app/Garenta";
				FRAMEWORK_SEARCH_PATHS = (
					"$(SDKROOT)/Developer/Library/Frameworks",
					"$(inherited)",
					"$(DEVELOPER_FRAMEWORKS_DIR)",
				);
				GCC_PRECOMPILE_PREFIX_HEADER = YES;
				GCC_PREFIX_HEADER = "Garenta/Garenta-Prefix.pch";
				GCC_PREPROCESSOR_DEFINITIONS = (
					"DEBUG=1",
					"$(inherited)",
				);
				INFOPLIST_FILE = "GarentaTests/GarentaTests-Info.plist";
				PRODUCT_NAME = "$(TARGET_NAME)";
				TEST_HOST = "$(BUNDLE_LOADER)";
				WRAPPER_EXTENSION = xctest;
			};
			name = Debug;
		};
		0C4C9A9718462EAB00CD3728 /* Release */ = {
			isa = XCBuildConfiguration;
			buildSettings = {
				BUNDLE_LOADER = "$(BUILT_PRODUCTS_DIR)/Garenta.app/Garenta";
				FRAMEWORK_SEARCH_PATHS = (
					"$(SDKROOT)/Developer/Library/Frameworks",
					"$(inherited)",
					"$(DEVELOPER_FRAMEWORKS_DIR)",
				);
				GCC_PRECOMPILE_PREFIX_HEADER = YES;
				GCC_PREFIX_HEADER = "Garenta/Garenta-Prefix.pch";
				INFOPLIST_FILE = "GarentaTests/GarentaTests-Info.plist";
				PRODUCT_NAME = "$(TARGET_NAME)";
				TEST_HOST = "$(BUNDLE_LOADER)";
				WRAPPER_EXTENSION = xctest;
			};
			name = Release;
		};
/* End XCBuildConfiguration section */

/* Begin XCConfigurationList section */
		0C4C9A6118462EAA00CD3728 /* Build configuration list for PBXProject "Garenta" */ = {
			isa = XCConfigurationList;
			buildConfigurations = (
				0C4C9A9018462EAB00CD3728 /* Debug */,
				0C4C9A9118462EAB00CD3728 /* Release */,
			);
			defaultConfigurationIsVisible = 0;
			defaultConfigurationName = Release;
		};
		0C4C9A9218462EAB00CD3728 /* Build configuration list for PBXNativeTarget "Garenta" */ = {
			isa = XCConfigurationList;
			buildConfigurations = (
				0C4C9A9318462EAB00CD3728 /* Debug */,
				0C4C9A9418462EAB00CD3728 /* Release */,
			);
			defaultConfigurationIsVisible = 0;
			defaultConfigurationName = Release;
		};
		0C4C9A9518462EAB00CD3728 /* Build configuration list for PBXNativeTarget "GarentaTests" */ = {
			isa = XCConfigurationList;
			buildConfigurations = (
				0C4C9A9618462EAB00CD3728 /* Debug */,
				0C4C9A9718462EAB00CD3728 /* Release */,
			);
			defaultConfigurationIsVisible = 0;
			defaultConfigurationName = Release;
		};
/* End XCConfigurationList section */
	};
	rootObject = 0C4C9A5E18462EAA00CD3728 /* Project object */;
}
