// !$*UTF8*$!
{
	archiveVersion = 1;
	classes = {
	};
	objectVersion = 46;
	objects = {

/* Begin PBXBuildFile section */
		0C0012E919E54A95009AF050 /* visa_mastercard.png in Resources */ = {isa = PBXBuildFile; fileRef = 0C0012E819E54A95009AF050 /* visa_mastercard.png */; };
		0C0012EC19E54EF8009AF050 /* OldCardSelectionVC.m in Sources */ = {isa = PBXBuildFile; fileRef = 0C0012EB19E54EF8009AF050 /* OldCardSelectionVC.m */; };
		0C0DA9A21865BE31003EDDA0 /* User.m in Sources */ = {isa = PBXBuildFile; fileRef = 0C0DA9A11865BE31003EDDA0 /* User.m */; };
		0C0DA9A51865BEA5003EDDA0 /* Coordinate.m in Sources */ = {isa = PBXBuildFile; fileRef = 0C0DA9A41865BEA5003EDDA0 /* Coordinate.m */; };
		0C0DA9A71865BF78003EDDA0 /* CoreLocation.framework in Frameworks */ = {isa = PBXBuildFile; fileRef = 0C0DA9A61865BF78003EDDA0 /* CoreLocation.framework */; };
		0C0DA9AA1865D04B003EDDA0 /* OfficeListVC.m in Sources */ = {isa = PBXBuildFile; fileRef = 0C0DA9A91865D04B003EDDA0 /* OfficeListVC.m */; };
		0C0DA9AD1865D2FD003EDDA0 /* Reservation.m in Sources */ = {isa = PBXBuildFile; fileRef = 0C0DA9AC1865D2FD003EDDA0 /* Reservation.m */; };
		0C0DA9B01865E234003EDDA0 /* Destination.m in Sources */ = {isa = PBXBuildFile; fileRef = 0C0DA9AF1865E234003EDDA0 /* Destination.m */; };
		0C0DA9B31865E23F003EDDA0 /* Arrival.m in Sources */ = {isa = PBXBuildFile; fileRef = 0C0DA9B21865E23F003EDDA0 /* Arrival.m */; };
		0C0DA9B91865EB7E003EDDA0 /* ClassicSearchVC.m in Sources */ = {isa = PBXBuildFile; fileRef = 0C0DA9B81865EB7E003EDDA0 /* ClassicSearchVC.m */; };
		0C48234B19DD95BB00C73301 /* info.png in Resources */ = {isa = PBXBuildFile; fileRef = 0C48234A19DD95BB00C73301 /* info.png */; };
		0C48234E19DDBAF800C73301 /* AdditionalEquipmentInfoVC.m in Sources */ = {isa = PBXBuildFile; fileRef = 0C48234D19DDBAF800C73301 /* AdditionalEquipmentInfoVC.m */; };
		0C4A55A619E82B2000251545 /* OfficeSelectionCell.m in Sources */ = {isa = PBXBuildFile; fileRef = 0C4A55A519E82B2000251545 /* OfficeSelectionCell.m */; };
		0C4C9A6A18462EAB00CD3728 /* Foundation.framework in Frameworks */ = {isa = PBXBuildFile; fileRef = 0C4C9A6918462EAB00CD3728 /* Foundation.framework */; };
		0C4C9A6C18462EAB00CD3728 /* CoreGraphics.framework in Frameworks */ = {isa = PBXBuildFile; fileRef = 0C4C9A6B18462EAB00CD3728 /* CoreGraphics.framework */; };
		0C4C9A6E18462EAB00CD3728 /* UIKit.framework in Frameworks */ = {isa = PBXBuildFile; fileRef = 0C4C9A6D18462EAB00CD3728 /* UIKit.framework */; };
		0C4C9A7418462EAB00CD3728 /* InfoPlist.strings in Resources */ = {isa = PBXBuildFile; fileRef = 0C4C9A7218462EAB00CD3728 /* InfoPlist.strings */; };
		0C4C9A7C18462EAB00CD3728 /* Images.xcassets in Resources */ = {isa = PBXBuildFile; fileRef = 0C4C9A7B18462EAB00CD3728 /* Images.xcassets */; };
		0C4C9A8318462EAB00CD3728 /* XCTest.framework in Frameworks */ = {isa = PBXBuildFile; fileRef = 0C4C9A8218462EAB00CD3728 /* XCTest.framework */; };
		0C4C9A8418462EAB00CD3728 /* Foundation.framework in Frameworks */ = {isa = PBXBuildFile; fileRef = 0C4C9A6918462EAB00CD3728 /* Foundation.framework */; };
		0C4C9A8518462EAB00CD3728 /* UIKit.framework in Frameworks */ = {isa = PBXBuildFile; fileRef = 0C4C9A6D18462EAB00CD3728 /* UIKit.framework */; };
		0C4FF37919EFFE3C00E06A71 /* OldReservationListVC.m in Sources */ = {isa = PBXBuildFile; fileRef = 0C4FF37819EFFE3C00E06A71 /* OldReservationListVC.m */; };
		0C4FF37C19F00BF300E06A71 /* OldReservationTableViewCell.m in Sources */ = {isa = PBXBuildFile; fileRef = 0C4FF37B19F00BF300E06A71 /* OldReservationTableViewCell.m */; };
		0C5B5FC81864770F0060BECD /* CalendarTimeVC.m in Sources */ = {isa = PBXBuildFile; fileRef = 0C5B5FC71864770F0060BECD /* CalendarTimeVC.m */; };
		0C5B5FEA18649A870060BECD /* UserLoginPic.png in Resources */ = {isa = PBXBuildFile; fileRef = 0C5B5FE918649A870060BECD /* UserLoginPic.png */; };
		0C5E86F418631B4B004C642D /* GarentaSmallLogo.png in Resources */ = {isa = PBXBuildFile; fileRef = 0C5E86F318631B4B004C642D /* GarentaSmallLogo.png */; };
		0C6CF63E19F064AC006B3174 /* OldReservationDetailVC.m in Sources */ = {isa = PBXBuildFile; fileRef = 0C6CF63D19F064AC006B3174 /* OldReservationDetailVC.m */; };
		0C893D87187884E5006AFF0A /* SliderHandle.png in Resources */ = {isa = PBXBuildFile; fileRef = 0C893D86187884E5006AFF0A /* SliderHandle.png */; };
		0C8E1EDE19F7A53F0092DDBD /* OldReservationEquipmentVC.m in Sources */ = {isa = PBXBuildFile; fileRef = 0C8E1EDD19F7A53F0092DDBD /* OldReservationEquipmentVC.m */; };
		0C9299DF18689E95007DE6B8 /* EquipmentVC.m in Sources */ = {isa = PBXBuildFile; fileRef = 0C9299DE18689E95007DE6B8 /* EquipmentVC.m */; };
		0C99695C19E830E3008E7199 /* TimeSelectionCell.m in Sources */ = {isa = PBXBuildFile; fileRef = 0C99695B19E830E3008E7199 /* TimeSelectionCell.m */; };
		0CA631361864697900CC529F /* MenuSelectionVC.m in Sources */ = {isa = PBXBuildFile; fileRef = 0CA631351864697900CC529F /* MenuSelectionVC.m */; };
		0CB7000619F5B351001BA83F /* OldReservationSearchVC.m in Sources */ = {isa = PBXBuildFile; fileRef = 0CB7000519F5B351001BA83F /* OldReservationSearchVC.m */; };
		0CBA75C6186435260008CE29 /* ApplicationProperties.m in Sources */ = {isa = PBXBuildFile; fileRef = 0C4C9AA6184639AC00CD3728 /* ApplicationProperties.m */; };
		0CBA75C7186435260008CE29 /* Office.m in Sources */ = {isa = PBXBuildFile; fileRef = 9E212F77186343C3004B9B80 /* Office.m */; };
		0CBA75C8186435260008CE29 /* OfficeWorkingTime.m in Sources */ = {isa = PBXBuildFile; fileRef = 9E212F7A18634A97004B9B80 /* OfficeWorkingTime.m */; };
		0CBA75C9186435260008CE29 /* BaseVC.m in Sources */ = {isa = PBXBuildFile; fileRef = 0C4C9A9E1846338600CD3728 /* BaseVC.m */; };
		0CBA75CA186435260008CE29 /* BaseTableVC.m in Sources */ = {isa = PBXBuildFile; fileRef = 0C4C9AA9184639FE00CD3728 /* BaseTableVC.m */; };
		0CBA75CC186435460008CE29 /* main.m in Sources */ = {isa = PBXBuildFile; fileRef = 0C4C9A7518462EAB00CD3728 /* main.m */; };
		0CBA75CE1864356A0008CE29 /* AppDelegate.m in Sources */ = {isa = PBXBuildFile; fileRef = 0C4C9A7918462EAB00CD3728 /* AppDelegate.m */; };
		0CBA77BD186447AB0008CE29 /* LoginVC.m in Sources */ = {isa = PBXBuildFile; fileRef = 0CBA77BC186447AB0008CE29 /* LoginVC.m */; };
		0CC9ED3719F69C5C00E7CF1C /* SAPJSONHandler.m in Sources */ = {isa = PBXBuildFile; fileRef = 0CC9ED3619F69C5C00E7CF1C /* SAPJSONHandler.m */; };
		9E38C3BD1869EA8100EBD29E /* CarGroupFilterVC.m in Sources */ = {isa = PBXBuildFile; fileRef = 9E38C3BC1869EA8100EBD29E /* CarGroupFilterVC.m */; };
		9E38C3C01869EF4200EBD29E /* FilterObject.m in Sources */ = {isa = PBXBuildFile; fileRef = 9E38C3BF1869EF4200EBD29E /* FilterObject.m */; };
		9E38C3C7186A033200EBD29E /* OrangeArrowDown.png in Resources */ = {isa = PBXBuildFile; fileRef = 9E38C3C5186A033200EBD29E /* OrangeArrowDown.png */; };
		9E38C3C8186A033200EBD29E /* OrangeArrowUp.png in Resources */ = {isa = PBXBuildFile; fileRef = 9E38C3C6186A033200EBD29E /* OrangeArrowUp.png */; };
		9E53F68E18BF8F150076CFFF /* UserCreationVC.m in Sources */ = {isa = PBXBuildFile; fileRef = 9E53F68C18BF8F150076CFFF /* UserCreationVC.m */; };
		B50715CA18B7AC1E00419189 /* Price.m in Sources */ = {isa = PBXBuildFile; fileRef = B50715C918B7AC1E00419189 /* Price.m */; };
		B50B09DA1874A2E600649165 /* seperator.png in Resources */ = {isa = PBXBuildFile; fileRef = B50B09D91874A2E600649165 /* seperator.png */; };
		B50B09DC1874A7BC00649165 /* office_icon.png in Resources */ = {isa = PBXBuildFile; fileRef = B50B09DB1874A7BC00649165 /* office_icon.png */; };
		B50B09DE1874A95200649165 /* boarder_icon.png in Resources */ = {isa = PBXBuildFile; fileRef = B50B09DD1874A95200649165 /* boarder_icon.png */; };
		B50B09FB187580C200649165 /* onay_icon.png in Resources */ = {isa = PBXBuildFile; fileRef = B50B09FA187580C200649165 /* onay_icon.png */; };
		B50B09FD187592CC00649165 /* BackAccessoryButton.png in Resources */ = {isa = PBXBuildFile; fileRef = B50B09FC187592CB00649165 /* BackAccessoryButton.png */; };
		B51D5AD21870F1E700966B48 /* CoreText.framework in Frameworks */ = {isa = PBXBuildFile; fileRef = B51D5AD11870F1E700966B48 /* CoreText.framework */; };
		B52462231924D8A100FC482B /* CarGroupTableVC.m in Sources */ = {isa = PBXBuildFile; fileRef = B52462221924D8A100FC482B /* CarGroupTableVC.m */; };
		B52B64E31945A6240017A5D5 /* ReservationSummaryVC.m in Sources */ = {isa = PBXBuildFile; fileRef = B52B64E21945A6240017A5D5 /* ReservationSummaryVC.m */; };
		B533CE1F18FD173D002FE236 /* IDController.m in Sources */ = {isa = PBXBuildFile; fileRef = B533CE1E18FD173D002FE236 /* IDController.m */; };
		B533CE2118FD21CC002FE236 /* clock_icon.png in Resources */ = {isa = PBXBuildFile; fileRef = B533CE2018FD21CC002FE236 /* clock_icon.png */; };
		B533CE4418FE7D83002FE236 /* QuartzCore.framework in Frameworks */ = {isa = PBXBuildFile; fileRef = B533CE4318FE7D83002FE236 /* QuartzCore.framework */; };
		B533CE4618FE7D8E002FE236 /* MessageUI.framework in Frameworks */ = {isa = PBXBuildFile; fileRef = B533CE4518FE7D8E002FE236 /* MessageUI.framework */; };
		B533CE4818FE7D9B002FE236 /* SystemConfiguration.framework in Frameworks */ = {isa = PBXBuildFile; fileRef = B533CE4718FE7D9B002FE236 /* SystemConfiguration.framework */; };
		B533CE4A18FE7DA4002FE236 /* MobileCoreServices.framework in Frameworks */ = {isa = PBXBuildFile; fileRef = B533CE4918FE7DA4002FE236 /* MobileCoreServices.framework */; };
		B533CE4C18FE7DB3002FE236 /* CFNetwork.framework in Frameworks */ = {isa = PBXBuildFile; fileRef = B533CE4B18FE7DB3002FE236 /* CFNetwork.framework */; };
		B533CE4E18FE7DBC002FE236 /* Security.framework in Frameworks */ = {isa = PBXBuildFile; fileRef = B533CE4D18FE7DBC002FE236 /* Security.framework */; };
		B533CE5018FE7DC8002FE236 /* libz.1.2.5.dylib in Frameworks */ = {isa = PBXBuildFile; fileRef = B533CE4F18FE7DC8002FE236 /* libz.1.2.5.dylib */; };
		B533CE5218FE7DD5002FE236 /* libstdc++.dylib in Frameworks */ = {isa = PBXBuildFile; fileRef = B533CE5118FE7DD5002FE236 /* libstdc++.dylib */; };
		B533CE5618FE8DDE002FE236 /* libicucore.A.dylib in Frameworks */ = {isa = PBXBuildFile; fileRef = B533CE5518FE8DDE002FE236 /* libicucore.A.dylib */; };
		B545A2CF1973AB68005AD025 /* AdditionalDriverVC.m in Sources */ = {isa = PBXBuildFile; fileRef = B545A2CE1973AB68005AD025 /* AdditionalDriverVC.m */; };
		B56304B51941CE40001D4603 /* UserInfoTableViewController.m in Sources */ = {isa = PBXBuildFile; fileRef = B56304B41941CE40001D4603 /* UserInfoTableViewController.m */; };
		B5688AF2186AECCA009D830E /* MenuTableCellView.m in Sources */ = {isa = PBXBuildFile; fileRef = B5688AF1186AECCA009D830E /* MenuTableCellView.m */; };
		B5688AF6186B167E009D830E /* AccessoryButton.png in Resources */ = {isa = PBXBuildFile; fileRef = B5688AF3186B167E009D830E /* AccessoryButton.png */; };
		B5688AFB186B17EA009D830E /* arac_bul.png in Resources */ = {isa = PBXBuildFile; fileRef = B5688AF9186B17EA009D830E /* arac_bul.png */; };
		B5688AFC186B17EA009D830E /* detail_search.png in Resources */ = {isa = PBXBuildFile; fileRef = B5688AFA186B17EA009D830E /* detail_search.png */; };
		B5688AFE186B1A78009D830E /* location_icon.png in Resources */ = {isa = PBXBuildFile; fileRef = B5688AFD186B1A78009D830E /* location_icon.png */; };
		B5688B01186B2E25009D830E /* GTMBase64.m in Sources */ = {isa = PBXBuildFile; fileRef = B5688B00186B2E25009D830E /* GTMBase64.m */; settings = {COMPILER_FLAGS = "-fno-objc-arc"; }; };
		B5688B11186B3A2E009D830E /* load_1.png in Resources */ = {isa = PBXBuildFile; fileRef = B5688B06186B3A2E009D830E /* load_1.png */; };
		B5688B12186B3A2E009D830E /* load_10.png in Resources */ = {isa = PBXBuildFile; fileRef = B5688B07186B3A2E009D830E /* load_10.png */; };
		B5688B13186B3A2E009D830E /* load_11.png in Resources */ = {isa = PBXBuildFile; fileRef = B5688B08186B3A2E009D830E /* load_11.png */; };
		B5688B14186B3A2E009D830E /* load_2.png in Resources */ = {isa = PBXBuildFile; fileRef = B5688B09186B3A2E009D830E /* load_2.png */; };
		B5688B15186B3A2E009D830E /* load_3.png in Resources */ = {isa = PBXBuildFile; fileRef = B5688B0A186B3A2E009D830E /* load_3.png */; };
		B5688B16186B3A2E009D830E /* load_4.png in Resources */ = {isa = PBXBuildFile; fileRef = B5688B0B186B3A2E009D830E /* load_4.png */; };
		B5688B17186B3A2E009D830E /* load_5.png in Resources */ = {isa = PBXBuildFile; fileRef = B5688B0C186B3A2E009D830E /* load_5.png */; };
		B5688B18186B3A2E009D830E /* load_6.png in Resources */ = {isa = PBXBuildFile; fileRef = B5688B0D186B3A2E009D830E /* load_6.png */; };
		B5688B19186B3A2E009D830E /* load_7.png in Resources */ = {isa = PBXBuildFile; fileRef = B5688B0E186B3A2E009D830E /* load_7.png */; };
		B5688B1A186B3A2E009D830E /* load_8.png in Resources */ = {isa = PBXBuildFile; fileRef = B5688B0F186B3A2E009D830E /* load_8.png */; };
		B5688B1B186B3A2E009D830E /* load_9.png in Resources */ = {isa = PBXBuildFile; fileRef = B5688B10186B3A2E009D830E /* load_9.png */; };
		B5688B1E186C2479009D830E /* OfficeHolidayTime.m in Sources */ = {isa = PBXBuildFile; fileRef = B5688B1D186C2479009D830E /* OfficeHolidayTime.m */; };
		B56F5F6D19598764005B5B92 /* ReservationApprovalVC.m in Sources */ = {isa = PBXBuildFile; fileRef = B56F5F6C19598764005B5B92 /* ReservationApprovalVC.m */; };
		B58D438D192C826D000AF1EB /* CarGroupTableViewCell.m in Sources */ = {isa = PBXBuildFile; fileRef = B58D438C192C826D000AF1EB /* CarGroupTableViewCell.m */; };
		B5921195195D934900A54E0E /* triangle_green.png in Resources */ = {isa = PBXBuildFile; fileRef = B5921193195D934900A54E0E /* triangle_green.png */; };
		B5921196195D934900A54E0E /* triangle_white.png in Resources */ = {isa = PBXBuildFile; fileRef = B5921194195D934900A54E0E /* triangle_white.png */; };
		B592119B195D9D9900A54E0E /* WYPopoverController.m in Sources */ = {isa = PBXBuildFile; fileRef = B5921198195D9D9900A54E0E /* WYPopoverController.m */; };
		B592119C195D9D9900A54E0E /* WYStoryboardPopoverSegue.m in Sources */ = {isa = PBXBuildFile; fileRef = B592119A195D9D9900A54E0E /* WYStoryboardPopoverSegue.m */; };
		B592119F195DA38D00A54E0E /* ReservationScopePopoverVC.m in Sources */ = {isa = PBXBuildFile; fileRef = B592119E195DA38D00A54E0E /* ReservationScopePopoverVC.m */; };
		B59211A2195E981400A54E0E /* CreditCard.m in Sources */ = {isa = PBXBuildFile; fileRef = B59211A1195E981300A54E0E /* CreditCard.m */; };
		B59211A4195ECE2F00A54E0E /* calendar_icon.png in Resources */ = {isa = PBXBuildFile; fileRef = B59211A3195ECE2F00A54E0E /* calendar_icon.png */; };
		B59492101910F82F009BBAC8 /* MainStoryBoard.storyboard in Resources */ = {isa = PBXBuildFile; fileRef = B594920F1910F82F009BBAC8 /* MainStoryBoard.storyboard */; };
		B5A3354519176DCA00B29C2B /* GarentaTests-Info.plist in Resources */ = {isa = PBXBuildFile; fileRef = B5A3354419176DCA00B29C2B /* GarentaTests-Info.plist */; };
		B5B017BC19755A0000F1BD18 /* AdditionalDriverListVC.m in Sources */ = {isa = PBXBuildFile; fileRef = B5B017BB19755A0000F1BD18 /* AdditionalDriverListVC.m */; };
		B5BBE94E195021CF000AD4E2 /* UIViewController+Garenta.m in Sources */ = {isa = PBXBuildFile; fileRef = B5BBE94D195021CF000AD4E2 /* UIViewController+Garenta.m */; };
		B5BBE95119503907000AD4E2 /* UIColor+GarentaColors.m in Sources */ = {isa = PBXBuildFile; fileRef = B5BBE95019503907000AD4E2 /* UIColor+GarentaColors.m */; };
		B5BBE953195040CB000AD4E2 /* passanger_icon.png in Resources */ = {isa = PBXBuildFile; fileRef = B5BBE952195040CB000AD4E2 /* passanger_icon.png */; };
		B5BBE955195040F6000AD4E2 /* door_icon.png in Resources */ = {isa = PBXBuildFile; fileRef = B5BBE954195040F6000AD4E2 /* door_icon.png */; };
		B5BBE957195055CC000AD4E2 /* up_arrow.png in Resources */ = {isa = PBXBuildFile; fileRef = B5BBE956195055CC000AD4E2 /* up_arrow.png */; };
		B5BBE95919505D21000AD4E2 /* white_right_arrow.png in Resources */ = {isa = PBXBuildFile; fileRef = B5BBE95819505D21000AD4E2 /* white_right_arrow.png */; };
		B5BBE9601952DCC3000AD4E2 /* PaymentTableViewController.m in Sources */ = {isa = PBXBuildFile; fileRef = B5BBE95F1952DCC3000AD4E2 /* PaymentTableViewController.m */; };
		B5C490341940804F00B737E8 /* ticked_button.png in Resources */ = {isa = PBXBuildFile; fileRef = B5C490321940804F00B737E8 /* ticked_button.png */; };
		B5C490361940806E00B737E8 /* unticked_button.png in Resources */ = {isa = PBXBuildFile; fileRef = B5C490351940806E00B737E8 /* unticked_button.png */; };
		B5E0343E186D95BF00226DAB /* login_icon.png in Resources */ = {isa = PBXBuildFile; fileRef = B5E0343D186D95BF00226DAB /* login_icon.png */; };
		B5E03441186DD02500226DAB /* Car.m in Sources */ = {isa = PBXBuildFile; fileRef = B5E03440186DD02500226DAB /* Car.m */; };
		B5E03444186DEAE100226DAB /* CarGroupViewController.m in Sources */ = {isa = PBXBuildFile; fileRef = B5E03443186DEAE100226DAB /* CarGroupViewController.m */; };
		B5E03447186DEC9A00226DAB /* CarGroupManagerViewController.m in Sources */ = {isa = PBXBuildFile; fileRef = B5E03446186DEC9A00226DAB /* CarGroupManagerViewController.m */; };
		B5E0344A186ED57C00226DAB /* CarGroup.m in Sources */ = {isa = PBXBuildFile; fileRef = B5E03449186ED57C00226DAB /* CarGroup.m */; };
		B5E0649F194F12F90046E789 /* sample_car.png in Resources */ = {isa = PBXBuildFile; fileRef = B5E0649E194F12F90046E789 /* sample_car.png */; };
		B5E064A2194F1DEB0046E789 /* SelectCarTableViewCell.m in Sources */ = {isa = PBXBuildFile; fileRef = B5E064A1194F1DEB0046E789 /* SelectCarTableViewCell.m */; };
		B5E064A5194F1E0E0046E789 /* CarSelectionVC.m in Sources */ = {isa = PBXBuildFile; fileRef = B5E064A4194F1E0E0046E789 /* CarSelectionVC.m */; };
		B5E486A7195AF02A009C1363 /* QuartzCore.framework in Frameworks */ = {isa = PBXBuildFile; fileRef = B533CE4318FE7D83002FE236 /* QuartzCore.framework */; };
		B5EE728F18701DC400F634D3 /* kislastik.png in Resources */ = {isa = PBXBuildFile; fileRef = B5EE728B18701DC400F634D3 /* kislastik.png */; };
		B5EE729018701DC400F634D3 /* klima.png in Resources */ = {isa = PBXBuildFile; fileRef = B5EE728C18701DC400F634D3 /* klima.png */; };
		B5EE729118701DC400F634D3 /* vites.png in Resources */ = {isa = PBXBuildFile; fileRef = B5EE728D18701DC400F634D3 /* vites.png */; };
		B5EE729218701DC400F634D3 /* yakit.png in Resources */ = {isa = PBXBuildFile; fileRef = B5EE728E18701DC400F634D3 /* yakit.png */; };
		B5F45A5C193DFD1700E4656D /* AdditionalEquipment.m in Sources */ = {isa = PBXBuildFile; fileRef = B5F45A5B193DFD1700E4656D /* AdditionalEquipment.m */; };
		B5F5F95A193C6907009B8D31 /* minus_icon.png in Resources */ = {isa = PBXBuildFile; fileRef = B5F5F958193C6907009B8D31 /* minus_icon.png */; };
		B5F5F95B193C6907009B8D31 /* plus_icon.png in Resources */ = {isa = PBXBuildFile; fileRef = B5F5F959193C6907009B8D31 /* plus_icon.png */; };
		B5F5F95E193C9867009B8D31 /* AdditionalEquipmentTableViewCell.m in Sources */ = {isa = PBXBuildFile; fileRef = B5F5F95D193C9867009B8D31 /* AdditionalEquipmentTableViewCell.m */; };
		E1227B2719ED3ECD005D88A5 /* SDReservObject.m in Sources */ = {isa = PBXBuildFile; fileRef = E1227B2619ED3ECD005D88A5 /* SDReservObject.m */; };
		E15DFF8519F7A3040078E06F /* RentingAgreement.html in Resources */ = {isa = PBXBuildFile; fileRef = E15DFF8419F7A3040078E06F /* RentingAgreement.html */; };
		E15DFF8819F7A6660078E06F /* AgreementsVC.m in Sources */ = {isa = PBXBuildFile; fileRef = E15DFF8719F7A6660078E06F /* AgreementsVC.m */; };
		E15DFF8A19F7C6770078E06F /* MembershipRules.html in Resources */ = {isa = PBXBuildFile; fileRef = E15DFF8919F7C6770078E06F /* MembershipRules.html */; };
		E15DFF8D19F7CA450078E06F /* SMSSoapHandler.m in Sources */ = {isa = PBXBuildFile; fileRef = E15DFF8C19F7CA450078E06F /* SMSSoapHandler.m */; };
		E1D2AB6A19D45EB600806868 /* ConnectionProperties.m in Sources */ = {isa = PBXBuildFile; fileRef = E1D2AB6919D45EB600806868 /* ConnectionProperties.m */; };
		E1ED735C19E5486C00D3E324 /* MBProgressHUD.m in Sources */ = {isa = PBXBuildFile; fileRef = E1ED735B19E5486C00D3E324 /* MBProgressHUD.m */; };
		E1ED735F19E564FC00D3E324 /* CountrySelectionVC.m in Sources */ = {isa = PBXBuildFile; fileRef = E1ED735E19E564FC00D3E324 /* CountrySelectionVC.m */; };
/* End PBXBuildFile section */

/* Begin PBXContainerItemProxy section */
		0C4C9A8618462EAB00CD3728 /* PBXContainerItemProxy */ = {
			isa = PBXContainerItemProxy;
			containerPortal = 0C4C9A5E18462EAA00CD3728 /* Project object */;
			proxyType = 1;
			remoteGlobalIDString = 0C4C9A6518462EAB00CD3728;
			remoteInfo = Garenta;
		};
/* End PBXContainerItemProxy section */

/* Begin PBXFileReference section */
		0C0012E819E54A95009AF050 /* visa_mastercard.png */ = {isa = PBXFileReference; lastKnownFileType = image.png; path = visa_mastercard.png; sourceTree = "<group>"; };
		0C0012EA19E54EF8009AF050 /* OldCardSelectionVC.h */ = {isa = PBXFileReference; fileEncoding = 4; lastKnownFileType = sourcecode.c.h; path = OldCardSelectionVC.h; sourceTree = "<group>"; };
		0C0012EB19E54EF8009AF050 /* OldCardSelectionVC.m */ = {isa = PBXFileReference; fileEncoding = 4; lastKnownFileType = sourcecode.c.objc; path = OldCardSelectionVC.m; sourceTree = "<group>"; };
		0C0DA9A01865BE31003EDDA0 /* User.h */ = {isa = PBXFileReference; fileEncoding = 4; lastKnownFileType = sourcecode.c.h; path = User.h; sourceTree = "<group>"; };
		0C0DA9A11865BE31003EDDA0 /* User.m */ = {isa = PBXFileReference; fileEncoding = 4; lastKnownFileType = sourcecode.c.objc; path = User.m; sourceTree = "<group>"; };
		0C0DA9A31865BEA5003EDDA0 /* Coordinate.h */ = {isa = PBXFileReference; fileEncoding = 4; lastKnownFileType = sourcecode.c.h; path = Coordinate.h; sourceTree = "<group>"; };
		0C0DA9A41865BEA5003EDDA0 /* Coordinate.m */ = {isa = PBXFileReference; fileEncoding = 4; lastKnownFileType = sourcecode.c.objc; path = Coordinate.m; sourceTree = "<group>"; };
		0C0DA9A61865BF78003EDDA0 /* CoreLocation.framework */ = {isa = PBXFileReference; lastKnownFileType = wrapper.framework; name = CoreLocation.framework; path = System/Library/Frameworks/CoreLocation.framework; sourceTree = SDKROOT; };
		0C0DA9A81865D04B003EDDA0 /* OfficeListVC.h */ = {isa = PBXFileReference; fileEncoding = 4; lastKnownFileType = sourcecode.c.h; path = OfficeListVC.h; sourceTree = "<group>"; };
		0C0DA9A91865D04B003EDDA0 /* OfficeListVC.m */ = {isa = PBXFileReference; fileEncoding = 4; lastKnownFileType = sourcecode.c.objc; path = OfficeListVC.m; sourceTree = "<group>"; };
		0C0DA9AB1865D2FD003EDDA0 /* Reservation.h */ = {isa = PBXFileReference; fileEncoding = 4; lastKnownFileType = sourcecode.c.h; path = Reservation.h; sourceTree = "<group>"; };
		0C0DA9AC1865D2FD003EDDA0 /* Reservation.m */ = {isa = PBXFileReference; fileEncoding = 4; lastKnownFileType = sourcecode.c.objc; path = Reservation.m; sourceTree = "<group>"; };
		0C0DA9AE1865E234003EDDA0 /* Destination.h */ = {isa = PBXFileReference; fileEncoding = 4; lastKnownFileType = sourcecode.c.h; path = Destination.h; sourceTree = "<group>"; };
		0C0DA9AF1865E234003EDDA0 /* Destination.m */ = {isa = PBXFileReference; fileEncoding = 4; lastKnownFileType = sourcecode.c.objc; path = Destination.m; sourceTree = "<group>"; };
		0C0DA9B11865E23F003EDDA0 /* Arrival.h */ = {isa = PBXFileReference; fileEncoding = 4; lastKnownFileType = sourcecode.c.h; path = Arrival.h; sourceTree = "<group>"; };
		0C0DA9B21865E23F003EDDA0 /* Arrival.m */ = {isa = PBXFileReference; fileEncoding = 4; lastKnownFileType = sourcecode.c.objc; path = Arrival.m; sourceTree = "<group>"; };
		0C0DA9B71865EB7E003EDDA0 /* ClassicSearchVC.h */ = {isa = PBXFileReference; fileEncoding = 4; lastKnownFileType = sourcecode.c.h; path = ClassicSearchVC.h; sourceTree = "<group>"; };
		0C0DA9B81865EB7E003EDDA0 /* ClassicSearchVC.m */ = {isa = PBXFileReference; fileEncoding = 4; lastKnownFileType = sourcecode.c.objc; path = ClassicSearchVC.m; sourceTree = "<group>"; };
		0C48234A19DD95BB00C73301 /* info.png */ = {isa = PBXFileReference; lastKnownFileType = image.png; path = info.png; sourceTree = "<group>"; };
		0C48234C19DDBAF800C73301 /* AdditionalEquipmentInfoVC.h */ = {isa = PBXFileReference; fileEncoding = 4; lastKnownFileType = sourcecode.c.h; path = AdditionalEquipmentInfoVC.h; sourceTree = "<group>"; };
		0C48234D19DDBAF800C73301 /* AdditionalEquipmentInfoVC.m */ = {isa = PBXFileReference; fileEncoding = 4; lastKnownFileType = sourcecode.c.objc; path = AdditionalEquipmentInfoVC.m; sourceTree = "<group>"; };
		0C4A55A419E82B2000251545 /* OfficeSelectionCell.h */ = {isa = PBXFileReference; fileEncoding = 4; lastKnownFileType = sourcecode.c.h; path = OfficeSelectionCell.h; sourceTree = "<group>"; };
		0C4A55A519E82B2000251545 /* OfficeSelectionCell.m */ = {isa = PBXFileReference; fileEncoding = 4; lastKnownFileType = sourcecode.c.objc; path = OfficeSelectionCell.m; sourceTree = "<group>"; };
		0C4C9A6618462EAB00CD3728 /* Garenta.app */ = {isa = PBXFileReference; explicitFileType = wrapper.application; includeInIndex = 0; path = Garenta.app; sourceTree = BUILT_PRODUCTS_DIR; };
		0C4C9A6918462EAB00CD3728 /* Foundation.framework */ = {isa = PBXFileReference; lastKnownFileType = wrapper.framework; name = Foundation.framework; path = System/Library/Frameworks/Foundation.framework; sourceTree = SDKROOT; };
		0C4C9A6B18462EAB00CD3728 /* CoreGraphics.framework */ = {isa = PBXFileReference; lastKnownFileType = wrapper.framework; name = CoreGraphics.framework; path = System/Library/Frameworks/CoreGraphics.framework; sourceTree = SDKROOT; };
		0C4C9A6D18462EAB00CD3728 /* UIKit.framework */ = {isa = PBXFileReference; lastKnownFileType = wrapper.framework; name = UIKit.framework; path = System/Library/Frameworks/UIKit.framework; sourceTree = SDKROOT; };
		0C4C9A7118462EAB00CD3728 /* Garenta-Info.plist */ = {isa = PBXFileReference; lastKnownFileType = text.plist.xml; path = "Garenta-Info.plist"; sourceTree = "<group>"; };
		0C4C9A7318462EAB00CD3728 /* en */ = {isa = PBXFileReference; lastKnownFileType = text.plist.strings; name = en; path = en.lproj/InfoPlist.strings; sourceTree = "<group>"; };
		0C4C9A7518462EAB00CD3728 /* main.m */ = {isa = PBXFileReference; lastKnownFileType = sourcecode.c.objc; path = main.m; sourceTree = "<group>"; };
		0C4C9A7718462EAB00CD3728 /* Garenta-Prefix.pch */ = {isa = PBXFileReference; lastKnownFileType = sourcecode.c.h; path = "Garenta-Prefix.pch"; sourceTree = "<group>"; };
		0C4C9A7818462EAB00CD3728 /* AppDelegate.h */ = {isa = PBXFileReference; lastKnownFileType = sourcecode.c.h; path = AppDelegate.h; sourceTree = "<group>"; };
		0C4C9A7918462EAB00CD3728 /* AppDelegate.m */ = {isa = PBXFileReference; lastKnownFileType = sourcecode.c.objc; path = AppDelegate.m; sourceTree = "<group>"; };
		0C4C9A7B18462EAB00CD3728 /* Images.xcassets */ = {isa = PBXFileReference; lastKnownFileType = folder.assetcatalog; path = Images.xcassets; sourceTree = "<group>"; };
		0C4C9A8118462EAB00CD3728 /* GarentaTests.xctest */ = {isa = PBXFileReference; explicitFileType = wrapper.cfbundle; includeInIndex = 0; path = GarentaTests.xctest; sourceTree = BUILT_PRODUCTS_DIR; };
		0C4C9A8218462EAB00CD3728 /* XCTest.framework */ = {isa = PBXFileReference; lastKnownFileType = wrapper.framework; name = XCTest.framework; path = Library/Frameworks/XCTest.framework; sourceTree = DEVELOPER_DIR; };
		0C4C9A9D1846338600CD3728 /* BaseVC.h */ = {isa = PBXFileReference; fileEncoding = 4; lastKnownFileType = sourcecode.c.h; path = BaseVC.h; sourceTree = "<group>"; };
		0C4C9A9E1846338600CD3728 /* BaseVC.m */ = {isa = PBXFileReference; fileEncoding = 4; lastKnownFileType = sourcecode.c.objc; path = BaseVC.m; sourceTree = "<group>"; };
		0C4C9AA5184639AC00CD3728 /* ApplicationProperties.h */ = {isa = PBXFileReference; fileEncoding = 4; lastKnownFileType = sourcecode.c.h; path = ApplicationProperties.h; sourceTree = "<group>"; };
		0C4C9AA6184639AC00CD3728 /* ApplicationProperties.m */ = {isa = PBXFileReference; fileEncoding = 4; lastKnownFileType = sourcecode.c.objc; path = ApplicationProperties.m; sourceTree = "<group>"; };
		0C4C9AA8184639FE00CD3728 /* BaseTableVC.h */ = {isa = PBXFileReference; fileEncoding = 4; lastKnownFileType = sourcecode.c.h; path = BaseTableVC.h; sourceTree = "<group>"; };
		0C4C9AA9184639FE00CD3728 /* BaseTableVC.m */ = {isa = PBXFileReference; fileEncoding = 4; lastKnownFileType = sourcecode.c.objc; path = BaseTableVC.m; sourceTree = "<group>"; };
		0C4FF37719EFFE3C00E06A71 /* OldReservationListVC.h */ = {isa = PBXFileReference; fileEncoding = 4; lastKnownFileType = sourcecode.c.h; path = OldReservationListVC.h; sourceTree = "<group>"; };
		0C4FF37819EFFE3C00E06A71 /* OldReservationListVC.m */ = {isa = PBXFileReference; fileEncoding = 4; lastKnownFileType = sourcecode.c.objc; path = OldReservationListVC.m; sourceTree = "<group>"; };
		0C4FF37A19F00BF300E06A71 /* OldReservationTableViewCell.h */ = {isa = PBXFileReference; fileEncoding = 4; lastKnownFileType = sourcecode.c.h; path = OldReservationTableViewCell.h; sourceTree = "<group>"; };
		0C4FF37B19F00BF300E06A71 /* OldReservationTableViewCell.m */ = {isa = PBXFileReference; fileEncoding = 4; lastKnownFileType = sourcecode.c.objc; path = OldReservationTableViewCell.m; sourceTree = "<group>"; };
		0C5B5FC61864770F0060BECD /* CalendarTimeVC.h */ = {isa = PBXFileReference; fileEncoding = 4; lastKnownFileType = sourcecode.c.h; path = CalendarTimeVC.h; sourceTree = "<group>"; };
		0C5B5FC71864770F0060BECD /* CalendarTimeVC.m */ = {isa = PBXFileReference; fileEncoding = 4; lastKnownFileType = sourcecode.c.objc; path = CalendarTimeVC.m; sourceTree = "<group>"; };
		0C5B5FE918649A870060BECD /* UserLoginPic.png */ = {isa = PBXFileReference; lastKnownFileType = image.png; path = UserLoginPic.png; sourceTree = "<group>"; };
		0C5E86F318631B4B004C642D /* GarentaSmallLogo.png */ = {isa = PBXFileReference; lastKnownFileType = image.png; path = GarentaSmallLogo.png; sourceTree = SOURCE_ROOT; };
		0C6CF63C19F064AC006B3174 /* OldReservationDetailVC.h */ = {isa = PBXFileReference; fileEncoding = 4; lastKnownFileType = sourcecode.c.h; path = OldReservationDetailVC.h; sourceTree = "<group>"; };
		0C6CF63D19F064AC006B3174 /* OldReservationDetailVC.m */ = {isa = PBXFileReference; fileEncoding = 4; lastKnownFileType = sourcecode.c.objc; path = OldReservationDetailVC.m; sourceTree = "<group>"; };
		0C893D86187884E5006AFF0A /* SliderHandle.png */ = {isa = PBXFileReference; lastKnownFileType = image.png; path = SliderHandle.png; sourceTree = "<group>"; };
		0C8E1EDC19F7A53F0092DDBD /* OldReservationEquipmentVC.h */ = {isa = PBXFileReference; fileEncoding = 4; lastKnownFileType = sourcecode.c.h; path = OldReservationEquipmentVC.h; sourceTree = "<group>"; };
		0C8E1EDD19F7A53F0092DDBD /* OldReservationEquipmentVC.m */ = {isa = PBXFileReference; fileEncoding = 4; lastKnownFileType = sourcecode.c.objc; path = OldReservationEquipmentVC.m; sourceTree = "<group>"; };
		0C9299DD18689E95007DE6B8 /* EquipmentVC.h */ = {isa = PBXFileReference; fileEncoding = 4; lastKnownFileType = sourcecode.c.h; path = EquipmentVC.h; sourceTree = "<group>"; };
		0C9299DE18689E95007DE6B8 /* EquipmentVC.m */ = {isa = PBXFileReference; fileEncoding = 4; lastKnownFileType = sourcecode.c.objc; path = EquipmentVC.m; sourceTree = "<group>"; };
		0C99695A19E830E3008E7199 /* TimeSelectionCell.h */ = {isa = PBXFileReference; fileEncoding = 4; lastKnownFileType = sourcecode.c.h; path = TimeSelectionCell.h; sourceTree = "<group>"; };
		0C99695B19E830E3008E7199 /* TimeSelectionCell.m */ = {isa = PBXFileReference; fileEncoding = 4; lastKnownFileType = sourcecode.c.objc; path = TimeSelectionCell.m; sourceTree = "<group>"; };
		0CA631341864697900CC529F /* MenuSelectionVC.h */ = {isa = PBXFileReference; fileEncoding = 4; lastKnownFileType = sourcecode.c.h; path = MenuSelectionVC.h; sourceTree = "<group>"; };
		0CA631351864697900CC529F /* MenuSelectionVC.m */ = {isa = PBXFileReference; fileEncoding = 4; lastKnownFileType = sourcecode.c.objc; path = MenuSelectionVC.m; sourceTree = "<group>"; };
		0CB7000419F5B351001BA83F /* OldReservationSearchVC.h */ = {isa = PBXFileReference; fileEncoding = 4; lastKnownFileType = sourcecode.c.h; path = OldReservationSearchVC.h; sourceTree = "<group>"; };
		0CB7000519F5B351001BA83F /* OldReservationSearchVC.m */ = {isa = PBXFileReference; fileEncoding = 4; lastKnownFileType = sourcecode.c.objc; path = OldReservationSearchVC.m; sourceTree = "<group>"; };
		0CBA77BB186447AB0008CE29 /* LoginVC.h */ = {isa = PBXFileReference; fileEncoding = 4; lastKnownFileType = sourcecode.c.h; path = LoginVC.h; sourceTree = "<group>"; };
		0CBA77BC186447AB0008CE29 /* LoginVC.m */ = {isa = PBXFileReference; fileEncoding = 4; lastKnownFileType = sourcecode.c.objc; path = LoginVC.m; sourceTree = "<group>"; };
		0CC9ED3619F69C5C00E7CF1C /* SAPJSONHandler.m */ = {isa = PBXFileReference; fileEncoding = 4; lastKnownFileType = sourcecode.c.objc; path = SAPJSONHandler.m; sourceTree = "<group>"; };
		9E212F76186343C3004B9B80 /* Office.h */ = {isa = PBXFileReference; fileEncoding = 4; lastKnownFileType = sourcecode.c.h; path = Office.h; sourceTree = "<group>"; };
		9E212F77186343C3004B9B80 /* Office.m */ = {isa = PBXFileReference; fileEncoding = 4; lastKnownFileType = sourcecode.c.objc; path = Office.m; sourceTree = "<group>"; };
		9E212F7918634A96004B9B80 /* OfficeWorkingTime.h */ = {isa = PBXFileReference; fileEncoding = 4; lastKnownFileType = sourcecode.c.h; path = OfficeWorkingTime.h; sourceTree = "<group>"; };
		9E212F7A18634A97004B9B80 /* OfficeWorkingTime.m */ = {isa = PBXFileReference; fileEncoding = 4; lastKnownFileType = sourcecode.c.objc; path = OfficeWorkingTime.m; sourceTree = "<group>"; };
		9E38C3BB1869EA8100EBD29E /* CarGroupFilterVC.h */ = {isa = PBXFileReference; fileEncoding = 4; lastKnownFileType = sourcecode.c.h; path = CarGroupFilterVC.h; sourceTree = "<group>"; };
		9E38C3BC1869EA8100EBD29E /* CarGroupFilterVC.m */ = {isa = PBXFileReference; fileEncoding = 4; lastKnownFileType = sourcecode.c.objc; path = CarGroupFilterVC.m; sourceTree = "<group>"; };
		9E38C3BE1869EF4200EBD29E /* FilterObject.h */ = {isa = PBXFileReference; fileEncoding = 4; lastKnownFileType = sourcecode.c.h; path = FilterObject.h; sourceTree = "<group>"; };
		9E38C3BF1869EF4200EBD29E /* FilterObject.m */ = {isa = PBXFileReference; fileEncoding = 4; lastKnownFileType = sourcecode.c.objc; path = FilterObject.m; sourceTree = "<group>"; };
		9E38C3C5186A033200EBD29E /* OrangeArrowDown.png */ = {isa = PBXFileReference; lastKnownFileType = image.png; path = OrangeArrowDown.png; sourceTree = "<group>"; };
		9E38C3C6186A033200EBD29E /* OrangeArrowUp.png */ = {isa = PBXFileReference; lastKnownFileType = image.png; path = OrangeArrowUp.png; sourceTree = "<group>"; };
		9E53F68B18BF8F150076CFFF /* UserCreationVC.h */ = {isa = PBXFileReference; fileEncoding = 4; lastKnownFileType = sourcecode.c.h; path = UserCreationVC.h; sourceTree = "<group>"; };
		9E53F68C18BF8F150076CFFF /* UserCreationVC.m */ = {isa = PBXFileReference; fileEncoding = 4; lastKnownFileType = sourcecode.c.objc; path = UserCreationVC.m; sourceTree = "<group>"; };
		B50715C818B7AC1D00419189 /* Price.h */ = {isa = PBXFileReference; fileEncoding = 4; lastKnownFileType = sourcecode.c.h; path = Price.h; sourceTree = "<group>"; };
		B50715C918B7AC1E00419189 /* Price.m */ = {isa = PBXFileReference; fileEncoding = 4; lastKnownFileType = sourcecode.c.objc; path = Price.m; sourceTree = "<group>"; };
		B50B09D91874A2E600649165 /* seperator.png */ = {isa = PBXFileReference; lastKnownFileType = image.png; path = seperator.png; sourceTree = "<group>"; };
		B50B09DB1874A7BC00649165 /* office_icon.png */ = {isa = PBXFileReference; lastKnownFileType = image.png; path = office_icon.png; sourceTree = "<group>"; };
		B50B09DD1874A95200649165 /* boarder_icon.png */ = {isa = PBXFileReference; lastKnownFileType = image.png; path = boarder_icon.png; sourceTree = "<group>"; };
		B50B09FA187580C200649165 /* onay_icon.png */ = {isa = PBXFileReference; lastKnownFileType = image.png; path = onay_icon.png; sourceTree = "<group>"; };
		B50B09FC187592CB00649165 /* BackAccessoryButton.png */ = {isa = PBXFileReference; lastKnownFileType = image.png; path = BackAccessoryButton.png; sourceTree = "<group>"; };
		B51D5AD11870F1E700966B48 /* CoreText.framework */ = {isa = PBXFileReference; lastKnownFileType = wrapper.framework; name = CoreText.framework; path = System/Library/Frameworks/CoreText.framework; sourceTree = SDKROOT; };
		B52462211924D8A100FC482B /* CarGroupTableVC.h */ = {isa = PBXFileReference; fileEncoding = 4; lastKnownFileType = sourcecode.c.h; path = CarGroupTableVC.h; sourceTree = "<group>"; };
		B52462221924D8A100FC482B /* CarGroupTableVC.m */ = {isa = PBXFileReference; fileEncoding = 4; lastKnownFileType = sourcecode.c.objc; path = CarGroupTableVC.m; sourceTree = "<group>"; };
		B52B64E11945A6240017A5D5 /* ReservationSummaryVC.h */ = {isa = PBXFileReference; fileEncoding = 4; lastKnownFileType = sourcecode.c.h; path = ReservationSummaryVC.h; sourceTree = "<group>"; };
		B52B64E21945A6240017A5D5 /* ReservationSummaryVC.m */ = {isa = PBXFileReference; fileEncoding = 4; lastKnownFileType = sourcecode.c.objc; path = ReservationSummaryVC.m; sourceTree = "<group>"; };
		B533CE1D18FD173D002FE236 /* IDController.h */ = {isa = PBXFileReference; fileEncoding = 4; lastKnownFileType = sourcecode.c.h; path = IDController.h; sourceTree = "<group>"; };
		B533CE1E18FD173D002FE236 /* IDController.m */ = {isa = PBXFileReference; fileEncoding = 4; lastKnownFileType = sourcecode.c.objc; path = IDController.m; sourceTree = "<group>"; };
		B533CE2018FD21CC002FE236 /* clock_icon.png */ = {isa = PBXFileReference; lastKnownFileType = image.png; path = clock_icon.png; sourceTree = "<group>"; };
		B533CE4318FE7D83002FE236 /* QuartzCore.framework */ = {isa = PBXFileReference; lastKnownFileType = wrapper.framework; name = QuartzCore.framework; path = System/Library/Frameworks/QuartzCore.framework; sourceTree = SDKROOT; };
		B533CE4518FE7D8E002FE236 /* MessageUI.framework */ = {isa = PBXFileReference; lastKnownFileType = wrapper.framework; name = MessageUI.framework; path = System/Library/Frameworks/MessageUI.framework; sourceTree = SDKROOT; };
		B533CE4718FE7D9B002FE236 /* SystemConfiguration.framework */ = {isa = PBXFileReference; lastKnownFileType = wrapper.framework; name = SystemConfiguration.framework; path = System/Library/Frameworks/SystemConfiguration.framework; sourceTree = SDKROOT; };
		B533CE4918FE7DA4002FE236 /* MobileCoreServices.framework */ = {isa = PBXFileReference; lastKnownFileType = wrapper.framework; name = MobileCoreServices.framework; path = System/Library/Frameworks/MobileCoreServices.framework; sourceTree = SDKROOT; };
		B533CE4B18FE7DB3002FE236 /* CFNetwork.framework */ = {isa = PBXFileReference; lastKnownFileType = wrapper.framework; name = CFNetwork.framework; path = System/Library/Frameworks/CFNetwork.framework; sourceTree = SDKROOT; };
		B533CE4D18FE7DBC002FE236 /* Security.framework */ = {isa = PBXFileReference; lastKnownFileType = wrapper.framework; name = Security.framework; path = System/Library/Frameworks/Security.framework; sourceTree = SDKROOT; };
		B533CE4F18FE7DC8002FE236 /* libz.1.2.5.dylib */ = {isa = PBXFileReference; lastKnownFileType = "compiled.mach-o.dylib"; name = libz.1.2.5.dylib; path = usr/lib/libz.1.2.5.dylib; sourceTree = SDKROOT; };
		B533CE5118FE7DD5002FE236 /* libstdc++.dylib */ = {isa = PBXFileReference; lastKnownFileType = "compiled.mach-o.dylib"; name = "libstdc++.dylib"; path = "usr/lib/libstdc++.dylib"; sourceTree = SDKROOT; };
		B533CE5518FE8DDE002FE236 /* libicucore.A.dylib */ = {isa = PBXFileReference; lastKnownFileType = "compiled.mach-o.dylib"; name = libicucore.A.dylib; path = usr/lib/libicucore.A.dylib; sourceTree = SDKROOT; };
		B545A2CD1973AB68005AD025 /* AdditionalDriverVC.h */ = {isa = PBXFileReference; fileEncoding = 4; lastKnownFileType = sourcecode.c.h; path = AdditionalDriverVC.h; sourceTree = "<group>"; };
		B545A2CE1973AB68005AD025 /* AdditionalDriverVC.m */ = {isa = PBXFileReference; fileEncoding = 4; lastKnownFileType = sourcecode.c.objc; path = AdditionalDriverVC.m; sourceTree = "<group>"; };
		B56304B31941CE40001D4603 /* UserInfoTableViewController.h */ = {isa = PBXFileReference; fileEncoding = 4; lastKnownFileType = sourcecode.c.h; path = UserInfoTableViewController.h; sourceTree = "<group>"; };
		B56304B41941CE40001D4603 /* UserInfoTableViewController.m */ = {isa = PBXFileReference; fileEncoding = 4; lastKnownFileType = sourcecode.c.objc; path = UserInfoTableViewController.m; sourceTree = "<group>"; };
		B5688AF0186AECCA009D830E /* MenuTableCellView.h */ = {isa = PBXFileReference; fileEncoding = 4; lastKnownFileType = sourcecode.c.h; path = MenuTableCellView.h; sourceTree = "<group>"; };
		B5688AF1186AECCA009D830E /* MenuTableCellView.m */ = {isa = PBXFileReference; fileEncoding = 4; lastKnownFileType = sourcecode.c.objc; path = MenuTableCellView.m; sourceTree = "<group>"; };
		B5688AF3186B167E009D830E /* AccessoryButton.png */ = {isa = PBXFileReference; lastKnownFileType = image.png; path = AccessoryButton.png; sourceTree = "<group>"; };
		B5688AF9186B17EA009D830E /* arac_bul.png */ = {isa = PBXFileReference; lastKnownFileType = image.png; path = arac_bul.png; sourceTree = "<group>"; };
		B5688AFA186B17EA009D830E /* detail_search.png */ = {isa = PBXFileReference; lastKnownFileType = image.png; path = detail_search.png; sourceTree = "<group>"; };
		B5688AFD186B1A78009D830E /* location_icon.png */ = {isa = PBXFileReference; lastKnownFileType = image.png; path = location_icon.png; sourceTree = "<group>"; };
		B5688AFF186B2E25009D830E /* GTMBase64.h */ = {isa = PBXFileReference; fileEncoding = 4; lastKnownFileType = sourcecode.c.h; path = GTMBase64.h; sourceTree = "<group>"; };
		B5688B00186B2E25009D830E /* GTMBase64.m */ = {isa = PBXFileReference; fileEncoding = 4; lastKnownFileType = sourcecode.c.objc; path = GTMBase64.m; sourceTree = "<group>"; };
		B5688B06186B3A2E009D830E /* load_1.png */ = {isa = PBXFileReference; lastKnownFileType = image.png; path = load_1.png; sourceTree = "<group>"; };
		B5688B07186B3A2E009D830E /* load_10.png */ = {isa = PBXFileReference; lastKnownFileType = image.png; path = load_10.png; sourceTree = "<group>"; };
		B5688B08186B3A2E009D830E /* load_11.png */ = {isa = PBXFileReference; lastKnownFileType = image.png; path = load_11.png; sourceTree = "<group>"; };
		B5688B09186B3A2E009D830E /* load_2.png */ = {isa = PBXFileReference; lastKnownFileType = image.png; path = load_2.png; sourceTree = "<group>"; };
		B5688B0A186B3A2E009D830E /* load_3.png */ = {isa = PBXFileReference; lastKnownFileType = image.png; path = load_3.png; sourceTree = "<group>"; };
		B5688B0B186B3A2E009D830E /* load_4.png */ = {isa = PBXFileReference; lastKnownFileType = image.png; path = load_4.png; sourceTree = "<group>"; };
		B5688B0C186B3A2E009D830E /* load_5.png */ = {isa = PBXFileReference; lastKnownFileType = image.png; path = load_5.png; sourceTree = "<group>"; };
		B5688B0D186B3A2E009D830E /* load_6.png */ = {isa = PBXFileReference; lastKnownFileType = image.png; path = load_6.png; sourceTree = "<group>"; };
		B5688B0E186B3A2E009D830E /* load_7.png */ = {isa = PBXFileReference; lastKnownFileType = image.png; path = load_7.png; sourceTree = "<group>"; };
		B5688B0F186B3A2E009D830E /* load_8.png */ = {isa = PBXFileReference; lastKnownFileType = image.png; path = load_8.png; sourceTree = "<group>"; };
		B5688B10186B3A2E009D830E /* load_9.png */ = {isa = PBXFileReference; lastKnownFileType = image.png; path = load_9.png; sourceTree = "<group>"; };
		B5688B1C186C2479009D830E /* OfficeHolidayTime.h */ = {isa = PBXFileReference; fileEncoding = 4; lastKnownFileType = sourcecode.c.h; path = OfficeHolidayTime.h; sourceTree = "<group>"; };
		B5688B1D186C2479009D830E /* OfficeHolidayTime.m */ = {isa = PBXFileReference; fileEncoding = 4; lastKnownFileType = sourcecode.c.objc; path = OfficeHolidayTime.m; sourceTree = "<group>"; };
		B56F5F6B19598764005B5B92 /* ReservationApprovalVC.h */ = {isa = PBXFileReference; fileEncoding = 4; lastKnownFileType = sourcecode.c.h; name = ReservationApprovalVC.h; path = ../ReservationApprovalVC.h; sourceTree = "<group>"; };
		B56F5F6C19598764005B5B92 /* ReservationApprovalVC.m */ = {isa = PBXFileReference; fileEncoding = 4; lastKnownFileType = sourcecode.c.objc; name = ReservationApprovalVC.m; path = ../ReservationApprovalVC.m; sourceTree = "<group>"; };
		B575C3C71958526700F148EC /* CarSelectedProtocol.h */ = {isa = PBXFileReference; lastKnownFileType = sourcecode.c.h; path = CarSelectedProtocol.h; sourceTree = "<group>"; };
		B58D438B192C826D000AF1EB /* CarGroupTableViewCell.h */ = {isa = PBXFileReference; fileEncoding = 4; lastKnownFileType = sourcecode.c.h; path = CarGroupTableViewCell.h; sourceTree = "<group>"; };
		B58D438C192C826D000AF1EB /* CarGroupTableViewCell.m */ = {isa = PBXFileReference; fileEncoding = 4; lastKnownFileType = sourcecode.c.objc; path = CarGroupTableViewCell.m; sourceTree = "<group>"; };
		B5921193195D934900A54E0E /* triangle_green.png */ = {isa = PBXFileReference; lastKnownFileType = image.png; path = triangle_green.png; sourceTree = "<group>"; };
		B5921194195D934900A54E0E /* triangle_white.png */ = {isa = PBXFileReference; lastKnownFileType = image.png; path = triangle_white.png; sourceTree = "<group>"; };
		B5921197195D9D9900A54E0E /* WYPopoverController.h */ = {isa = PBXFileReference; fileEncoding = 4; lastKnownFileType = sourcecode.c.h; path = WYPopoverController.h; sourceTree = "<group>"; };
		B5921198195D9D9900A54E0E /* WYPopoverController.m */ = {isa = PBXFileReference; fileEncoding = 4; lastKnownFileType = sourcecode.c.objc; path = WYPopoverController.m; sourceTree = "<group>"; };
		B5921199195D9D9900A54E0E /* WYStoryboardPopoverSegue.h */ = {isa = PBXFileReference; fileEncoding = 4; lastKnownFileType = sourcecode.c.h; path = WYStoryboardPopoverSegue.h; sourceTree = "<group>"; };
		B592119A195D9D9900A54E0E /* WYStoryboardPopoverSegue.m */ = {isa = PBXFileReference; fileEncoding = 4; lastKnownFileType = sourcecode.c.objc; path = WYStoryboardPopoverSegue.m; sourceTree = "<group>"; };
		B592119D195DA38D00A54E0E /* ReservationScopePopoverVC.h */ = {isa = PBXFileReference; fileEncoding = 4; lastKnownFileType = sourcecode.c.h; path = ReservationScopePopoverVC.h; sourceTree = "<group>"; };
		B592119E195DA38D00A54E0E /* ReservationScopePopoverVC.m */ = {isa = PBXFileReference; fileEncoding = 4; lastKnownFileType = sourcecode.c.objc; path = ReservationScopePopoverVC.m; sourceTree = "<group>"; };
		B59211A0195E981300A54E0E /* CreditCard.h */ = {isa = PBXFileReference; fileEncoding = 4; lastKnownFileType = sourcecode.c.h; path = CreditCard.h; sourceTree = "<group>"; };
		B59211A1195E981300A54E0E /* CreditCard.m */ = {isa = PBXFileReference; fileEncoding = 4; lastKnownFileType = sourcecode.c.objc; path = CreditCard.m; sourceTree = "<group>"; };
		B59211A3195ECE2F00A54E0E /* calendar_icon.png */ = {isa = PBXFileReference; lastKnownFileType = image.png; path = calendar_icon.png; sourceTree = "<group>"; };
		B594920F1910F82F009BBAC8 /* MainStoryBoard.storyboard */ = {isa = PBXFileReference; fileEncoding = 4; lastKnownFileType = file.storyboard; path = MainStoryBoard.storyboard; sourceTree = "<group>"; };
		B5A3354419176DCA00B29C2B /* GarentaTests-Info.plist */ = {isa = PBXFileReference; fileEncoding = 4; lastKnownFileType = text.plist.xml; name = "GarentaTests-Info.plist"; path = "GarentaTests/GarentaTests-Info.plist"; sourceTree = SOURCE_ROOT; };
		B5B017BA19755A0000F1BD18 /* AdditionalDriverListVC.h */ = {isa = PBXFileReference; fileEncoding = 4; lastKnownFileType = sourcecode.c.h; path = AdditionalDriverListVC.h; sourceTree = "<group>"; };
		B5B017BB19755A0000F1BD18 /* AdditionalDriverListVC.m */ = {isa = PBXFileReference; fileEncoding = 4; lastKnownFileType = sourcecode.c.objc; path = AdditionalDriverListVC.m; sourceTree = "<group>"; };
		B5BBE94C195021CF000AD4E2 /* UIViewController+Garenta.h */ = {isa = PBXFileReference; fileEncoding = 4; lastKnownFileType = sourcecode.c.h; path = "UIViewController+Garenta.h"; sourceTree = "<group>"; };
		B5BBE94D195021CF000AD4E2 /* UIViewController+Garenta.m */ = {isa = PBXFileReference; fileEncoding = 4; lastKnownFileType = sourcecode.c.objc; path = "UIViewController+Garenta.m"; sourceTree = "<group>"; };
		B5BBE94F19503906000AD4E2 /* UIColor+GarentaColors.h */ = {isa = PBXFileReference; fileEncoding = 4; lastKnownFileType = sourcecode.c.h; path = "UIColor+GarentaColors.h"; sourceTree = "<group>"; };
		B5BBE95019503907000AD4E2 /* UIColor+GarentaColors.m */ = {isa = PBXFileReference; fileEncoding = 4; lastKnownFileType = sourcecode.c.objc; path = "UIColor+GarentaColors.m"; sourceTree = "<group>"; };
		B5BBE952195040CB000AD4E2 /* passanger_icon.png */ = {isa = PBXFileReference; lastKnownFileType = image.png; path = passanger_icon.png; sourceTree = "<group>"; };
		B5BBE954195040F6000AD4E2 /* door_icon.png */ = {isa = PBXFileReference; lastKnownFileType = image.png; path = door_icon.png; sourceTree = "<group>"; };
		B5BBE956195055CC000AD4E2 /* up_arrow.png */ = {isa = PBXFileReference; lastKnownFileType = image.png; path = up_arrow.png; sourceTree = "<group>"; };
		B5BBE95819505D21000AD4E2 /* white_right_arrow.png */ = {isa = PBXFileReference; lastKnownFileType = image.png; path = white_right_arrow.png; sourceTree = "<group>"; };
		B5BBE95E1952DCC3000AD4E2 /* PaymentTableViewController.h */ = {isa = PBXFileReference; fileEncoding = 4; lastKnownFileType = sourcecode.c.h; path = PaymentTableViewController.h; sourceTree = "<group>"; };
		B5BBE95F1952DCC3000AD4E2 /* PaymentTableViewController.m */ = {isa = PBXFileReference; fileEncoding = 4; lastKnownFileType = sourcecode.c.objc; path = PaymentTableViewController.m; sourceTree = "<group>"; };
		B5C490321940804F00B737E8 /* ticked_button.png */ = {isa = PBXFileReference; lastKnownFileType = image.png; path = ticked_button.png; sourceTree = "<group>"; };
		B5C490351940806E00B737E8 /* unticked_button.png */ = {isa = PBXFileReference; lastKnownFileType = image.png; path = unticked_button.png; sourceTree = "<group>"; };
		B5E0343D186D95BF00226DAB /* login_icon.png */ = {isa = PBXFileReference; lastKnownFileType = image.png; path = login_icon.png; sourceTree = "<group>"; };
		B5E0343F186DD02500226DAB /* Car.h */ = {isa = PBXFileReference; fileEncoding = 4; lastKnownFileType = sourcecode.c.h; path = Car.h; sourceTree = "<group>"; };
		B5E03440186DD02500226DAB /* Car.m */ = {isa = PBXFileReference; fileEncoding = 4; lastKnownFileType = sourcecode.c.objc; path = Car.m; sourceTree = "<group>"; };
		B5E03442186DEAE100226DAB /* CarGroupViewController.h */ = {isa = PBXFileReference; fileEncoding = 4; lastKnownFileType = sourcecode.c.h; path = CarGroupViewController.h; sourceTree = "<group>"; };
		B5E03443186DEAE100226DAB /* CarGroupViewController.m */ = {isa = PBXFileReference; fileEncoding = 4; lastKnownFileType = sourcecode.c.objc; path = CarGroupViewController.m; sourceTree = "<group>"; };
		B5E03445186DEC9A00226DAB /* CarGroupManagerViewController.h */ = {isa = PBXFileReference; fileEncoding = 4; lastKnownFileType = sourcecode.c.h; path = CarGroupManagerViewController.h; sourceTree = "<group>"; };
		B5E03446186DEC9A00226DAB /* CarGroupManagerViewController.m */ = {isa = PBXFileReference; fileEncoding = 4; lastKnownFileType = sourcecode.c.objc; path = CarGroupManagerViewController.m; sourceTree = "<group>"; };
		B5E03448186ED57C00226DAB /* CarGroup.h */ = {isa = PBXFileReference; fileEncoding = 4; lastKnownFileType = sourcecode.c.h; path = CarGroup.h; sourceTree = "<group>"; };
		B5E03449186ED57C00226DAB /* CarGroup.m */ = {isa = PBXFileReference; fileEncoding = 4; lastKnownFileType = sourcecode.c.objc; path = CarGroup.m; sourceTree = "<group>"; };
		B5E0649E194F12F90046E789 /* sample_car.png */ = {isa = PBXFileReference; lastKnownFileType = image.png; path = sample_car.png; sourceTree = "<group>"; };
		B5E064A0194F1DEB0046E789 /* SelectCarTableViewCell.h */ = {isa = PBXFileReference; fileEncoding = 4; lastKnownFileType = sourcecode.c.h; path = SelectCarTableViewCell.h; sourceTree = "<group>"; };
		B5E064A1194F1DEB0046E789 /* SelectCarTableViewCell.m */ = {isa = PBXFileReference; fileEncoding = 4; lastKnownFileType = sourcecode.c.objc; path = SelectCarTableViewCell.m; sourceTree = "<group>"; };
		B5E064A3194F1E0E0046E789 /* CarSelectionVC.h */ = {isa = PBXFileReference; fileEncoding = 4; lastKnownFileType = sourcecode.c.h; path = CarSelectionVC.h; sourceTree = "<group>"; };
		B5E064A4194F1E0E0046E789 /* CarSelectionVC.m */ = {isa = PBXFileReference; fileEncoding = 4; lastKnownFileType = sourcecode.c.objc; path = CarSelectionVC.m; sourceTree = "<group>"; };
		B5EE728B18701DC400F634D3 /* kislastik.png */ = {isa = PBXFileReference; lastKnownFileType = image.png; path = kislastik.png; sourceTree = "<group>"; };
		B5EE728C18701DC400F634D3 /* klima.png */ = {isa = PBXFileReference; lastKnownFileType = image.png; path = klima.png; sourceTree = "<group>"; };
		B5EE728D18701DC400F634D3 /* vites.png */ = {isa = PBXFileReference; lastKnownFileType = image.png; path = vites.png; sourceTree = "<group>"; };
		B5EE728E18701DC400F634D3 /* yakit.png */ = {isa = PBXFileReference; lastKnownFileType = image.png; path = yakit.png; sourceTree = "<group>"; };
		B5F2C4EF19011D4700F713DF /* tr */ = {isa = PBXFileReference; lastKnownFileType = text.plist.strings; name = tr; path = tr.lproj/InfoPlist.strings; sourceTree = "<group>"; };
		B5F45A5A193DFD1700E4656D /* AdditionalEquipment.h */ = {isa = PBXFileReference; fileEncoding = 4; lastKnownFileType = sourcecode.c.h; path = AdditionalEquipment.h; sourceTree = "<group>"; };
		B5F45A5B193DFD1700E4656D /* AdditionalEquipment.m */ = {isa = PBXFileReference; fileEncoding = 4; lastKnownFileType = sourcecode.c.objc; path = AdditionalEquipment.m; sourceTree = "<group>"; };
		B5F5F958193C6907009B8D31 /* minus_icon.png */ = {isa = PBXFileReference; lastKnownFileType = image.png; path = minus_icon.png; sourceTree = "<group>"; };
		B5F5F959193C6907009B8D31 /* plus_icon.png */ = {isa = PBXFileReference; lastKnownFileType = image.png; path = plus_icon.png; sourceTree = "<group>"; };
		B5F5F95C193C9867009B8D31 /* AdditionalEquipmentTableViewCell.h */ = {isa = PBXFileReference; fileEncoding = 4; lastKnownFileType = sourcecode.c.h; path = AdditionalEquipmentTableViewCell.h; sourceTree = "<group>"; };
		B5F5F95D193C9867009B8D31 /* AdditionalEquipmentTableViewCell.m */ = {isa = PBXFileReference; fileEncoding = 4; lastKnownFileType = sourcecode.c.objc; path = AdditionalEquipmentTableViewCell.m; sourceTree = "<group>"; };
		E1227B2519ED3ECD005D88A5 /* SDReservObject.h */ = {isa = PBXFileReference; fileEncoding = 4; lastKnownFileType = sourcecode.c.h; path = SDReservObject.h; sourceTree = "<group>"; };
		E1227B2619ED3ECD005D88A5 /* SDReservObject.m */ = {isa = PBXFileReference; fileEncoding = 4; lastKnownFileType = sourcecode.c.objc; path = SDReservObject.m; sourceTree = "<group>"; };
		E15DFF8419F7A3040078E06F /* RentingAgreement.html */ = {isa = PBXFileReference; fileEncoding = 4; lastKnownFileType = text.html; path = RentingAgreement.html; sourceTree = "<group>"; };
		E15DFF8619F7A6660078E06F /* AgreementsVC.h */ = {isa = PBXFileReference; fileEncoding = 4; lastKnownFileType = sourcecode.c.h; path = AgreementsVC.h; sourceTree = "<group>"; };
		E15DFF8719F7A6660078E06F /* AgreementsVC.m */ = {isa = PBXFileReference; fileEncoding = 4; lastKnownFileType = sourcecode.c.objc; path = AgreementsVC.m; sourceTree = "<group>"; };
		E15DFF8919F7C6770078E06F /* MembershipRules.html */ = {isa = PBXFileReference; fileEncoding = 4; lastKnownFileType = text.html; path = MembershipRules.html; sourceTree = "<group>"; };
		E15DFF8B19F7CA450078E06F /* SMSSoapHandler.h */ = {isa = PBXFileReference; fileEncoding = 4; lastKnownFileType = sourcecode.c.h; path = SMSSoapHandler.h; sourceTree = "<group>"; };
		E15DFF8C19F7CA450078E06F /* SMSSoapHandler.m */ = {isa = PBXFileReference; fileEncoding = 4; lastKnownFileType = sourcecode.c.objc; path = SMSSoapHandler.m; sourceTree = "<group>"; };
		E1D2AB6519D45EAA00806868 /* SAPJSONHandler.h */ = {isa = PBXFileReference; fileEncoding = 4; lastKnownFileType = sourcecode.c.h; path = SAPJSONHandler.h; sourceTree = "<group>"; };
		E1D2AB6819D45EB600806868 /* ConnectionProperties.h */ = {isa = PBXFileReference; fileEncoding = 4; lastKnownFileType = sourcecode.c.h; path = ConnectionProperties.h; sourceTree = "<group>"; };
		E1D2AB6919D45EB600806868 /* ConnectionProperties.m */ = {isa = PBXFileReference; fileEncoding = 4; lastKnownFileType = sourcecode.c.objc; path = ConnectionProperties.m; sourceTree = "<group>"; };
		E1ED735A19E5486C00D3E324 /* MBProgressHUD.h */ = {isa = PBXFileReference; fileEncoding = 4; lastKnownFileType = sourcecode.c.h; path = MBProgressHUD.h; sourceTree = "<group>"; };
		E1ED735B19E5486C00D3E324 /* MBProgressHUD.m */ = {isa = PBXFileReference; fileEncoding = 4; lastKnownFileType = sourcecode.c.objc; path = MBProgressHUD.m; sourceTree = "<group>"; };
		E1ED735D19E564FC00D3E324 /* CountrySelectionVC.h */ = {isa = PBXFileReference; fileEncoding = 4; lastKnownFileType = sourcecode.c.h; path = CountrySelectionVC.h; sourceTree = "<group>"; };
		E1ED735E19E564FC00D3E324 /* CountrySelectionVC.m */ = {isa = PBXFileReference; fileEncoding = 4; lastKnownFileType = sourcecode.c.objc; path = CountrySelectionVC.m; sourceTree = "<group>"; };
/* End PBXFileReference section */

/* Begin PBXFrameworksBuildPhase section */
		0C4C9A6318462EAB00CD3728 /* Frameworks */ = {
			isa = PBXFrameworksBuildPhase;
			buildActionMask = 2147483647;
			files = (
				B533CE5618FE8DDE002FE236 /* libicucore.A.dylib in Frameworks */,
				B533CE5218FE7DD5002FE236 /* libstdc++.dylib in Frameworks */,
				B533CE5018FE7DC8002FE236 /* libz.1.2.5.dylib in Frameworks */,
				B533CE4E18FE7DBC002FE236 /* Security.framework in Frameworks */,
				B533CE4C18FE7DB3002FE236 /* CFNetwork.framework in Frameworks */,
				B533CE4A18FE7DA4002FE236 /* MobileCoreServices.framework in Frameworks */,
				B533CE4818FE7D9B002FE236 /* SystemConfiguration.framework in Frameworks */,
				B533CE4618FE7D8E002FE236 /* MessageUI.framework in Frameworks */,
				B533CE4418FE7D83002FE236 /* QuartzCore.framework in Frameworks */,
				B51D5AD21870F1E700966B48 /* CoreText.framework in Frameworks */,
				0C0DA9A71865BF78003EDDA0 /* CoreLocation.framework in Frameworks */,
				0C4C9A6C18462EAB00CD3728 /* CoreGraphics.framework in Frameworks */,
				0C4C9A6E18462EAB00CD3728 /* UIKit.framework in Frameworks */,
				0C4C9A6A18462EAB00CD3728 /* Foundation.framework in Frameworks */,
			);
			runOnlyForDeploymentPostprocessing = 0;
		};
		0C4C9A7E18462EAB00CD3728 /* Frameworks */ = {
			isa = PBXFrameworksBuildPhase;
			buildActionMask = 2147483647;
			files = (
				B5E486A7195AF02A009C1363 /* QuartzCore.framework in Frameworks */,
				0C4C9A8318462EAB00CD3728 /* XCTest.framework in Frameworks */,
				0C4C9A8518462EAB00CD3728 /* UIKit.framework in Frameworks */,
				0C4C9A8418462EAB00CD3728 /* Foundation.framework in Frameworks */,
			);
			runOnlyForDeploymentPostprocessing = 0;
		};
/* End PBXFrameworksBuildPhase section */

/* Begin PBXGroup section */
		0C0DA99D1865AE94003EDDA0 /* Login */ = {
			isa = PBXGroup;
			children = (
				0CBA77BB186447AB0008CE29 /* LoginVC.h */,
				0CBA77BC186447AB0008CE29 /* LoginVC.m */,
				9E53F68B18BF8F150076CFFF /* UserCreationVC.h */,
				9E53F68C18BF8F150076CFFF /* UserCreationVC.m */,
				E1ED735D19E564FC00D3E324 /* CountrySelectionVC.h */,
				E1ED735E19E564FC00D3E324 /* CountrySelectionVC.m */,
			);
			name = Login;
			sourceTree = "<group>";
		};
		0C0DA99E1865AEA2003EDDA0 /* SearchScreen */ = {
			isa = PBXGroup;
			children = (
				0C0DA9B71865EB7E003EDDA0 /* ClassicSearchVC.h */,
				0C0DA9B81865EB7E003EDDA0 /* ClassicSearchVC.m */,
				0C4A55A419E82B2000251545 /* OfficeSelectionCell.h */,
				0C4A55A519E82B2000251545 /* OfficeSelectionCell.m */,
				0C99695A19E830E3008E7199 /* TimeSelectionCell.h */,
				0C99695B19E830E3008E7199 /* TimeSelectionCell.m */,
				0C0DA9A81865D04B003EDDA0 /* OfficeListVC.h */,
				0C0DA9A91865D04B003EDDA0 /* OfficeListVC.m */,
				0C5B5FC61864770F0060BECD /* CalendarTimeVC.h */,
				0C5B5FC71864770F0060BECD /* CalendarTimeVC.m */,
			);
			name = SearchScreen;
			sourceTree = "<group>";
		};
		0C0DA9C718665B07003EDDA0 /* FilterScreen */ = {
			isa = PBXGroup;
			children = (
				9E38C3BB1869EA8100EBD29E /* CarGroupFilterVC.h */,
				9E38C3BC1869EA8100EBD29E /* CarGroupFilterVC.m */,
			);
			name = FilterScreen;
			sourceTree = "<group>";
		};
		0C460DC219F78DCC00DA125E /* oldReservationUpdate */ = {
			isa = PBXGroup;
			children = (
				0CB7000419F5B351001BA83F /* OldReservationSearchVC.h */,
				0CB7000519F5B351001BA83F /* OldReservationSearchVC.m */,
				0C8E1EDC19F7A53F0092DDBD /* OldReservationEquipmentVC.h */,
				0C8E1EDD19F7A53F0092DDBD /* OldReservationEquipmentVC.m */,
			);
			name = oldReservationUpdate;
			sourceTree = "<group>";
		};
		0C4C9A5D18462EAA00CD3728 = {
			isa = PBXGroup;
			children = (
				0C4C9A6F18462EAB00CD3728 /* Garenta */,
				0C4C9A6818462EAB00CD3728 /* Frameworks */,
				0C4C9A6718462EAB00CD3728 /* Products */,
			);
			sourceTree = "<group>";
		};
		0C4C9A6718462EAB00CD3728 /* Products */ = {
			isa = PBXGroup;
			children = (
				0C4C9A6618462EAB00CD3728 /* Garenta.app */,
				0C4C9A8118462EAB00CD3728 /* GarentaTests.xctest */,
			);
			name = Products;
			sourceTree = "<group>";
		};
		0C4C9A6818462EAB00CD3728 /* Frameworks */ = {
			isa = PBXGroup;
			children = (
				B533CE5518FE8DDE002FE236 /* libicucore.A.dylib */,
				B533CE5118FE7DD5002FE236 /* libstdc++.dylib */,
				B533CE4F18FE7DC8002FE236 /* libz.1.2.5.dylib */,
				B533CE4D18FE7DBC002FE236 /* Security.framework */,
				B533CE4B18FE7DB3002FE236 /* CFNetwork.framework */,
				B533CE4918FE7DA4002FE236 /* MobileCoreServices.framework */,
				B533CE4718FE7D9B002FE236 /* SystemConfiguration.framework */,
				B533CE4518FE7D8E002FE236 /* MessageUI.framework */,
				B533CE4318FE7D83002FE236 /* QuartzCore.framework */,
				B51D5AD11870F1E700966B48 /* CoreText.framework */,
				0C0DA9A61865BF78003EDDA0 /* CoreLocation.framework */,
				0C4C9A6918462EAB00CD3728 /* Foundation.framework */,
				0C4C9A6B18462EAB00CD3728 /* CoreGraphics.framework */,
				0C4C9A6D18462EAB00CD3728 /* UIKit.framework */,
				0C4C9A8218462EAB00CD3728 /* XCTest.framework */,
			);
			name = Frameworks;
			sourceTree = "<group>";
		};
		0C4C9A6F18462EAB00CD3728 /* Garenta */ = {
			isa = PBXGroup;
			children = (
				0C4C9A99184631A100CD3728 /* Utilities */,
				0C4C9A9A1846331200CD3728 /* Model */,
				0C4C9A9B1846331D00CD3728 /* Resources */,
				0C4C9A981846318F00CD3728 /* UI */,
				0C4C9A7818462EAB00CD3728 /* AppDelegate.h */,
				0C4C9A7918462EAB00CD3728 /* AppDelegate.m */,
				0C4C9A7B18462EAB00CD3728 /* Images.xcassets */,
				0C4C9A7018462EAB00CD3728 /* Supporting Files */,
			);
			path = Garenta;
			sourceTree = "<group>";
		};
		0C4C9A7018462EAB00CD3728 /* Supporting Files */ = {
			isa = PBXGroup;
			children = (
				B5A3354419176DCA00B29C2B /* GarentaTests-Info.plist */,
				0C4C9A7118462EAB00CD3728 /* Garenta-Info.plist */,
				0C4C9A7218462EAB00CD3728 /* InfoPlist.strings */,
				0C4C9A7518462EAB00CD3728 /* main.m */,
				0C4C9A7718462EAB00CD3728 /* Garenta-Prefix.pch */,
			);
			name = "Supporting Files";
			sourceTree = "<group>";
		};
		0C4C9A981846318F00CD3728 /* UI */ = {
			isa = PBXGroup;
			children = (
				B594920F1910F82F009BBAC8 /* MainStoryBoard.storyboard */,
				0C4C9A9C1846333100CD3728 /* BaseVCs */,
				0C0DA99D1865AE94003EDDA0 /* Login */,
				0C4C9AA11846348100CD3728 /* MainMenu */,
				0C0DA99E1865AEA2003EDDA0 /* SearchScreen */,
				0C0DA9C718665B07003EDDA0 /* FilterScreen */,
				9E38C3BA1869EA2B00EBD29E /* CarGroups */,
				0C9299DC18689E63007DE6B8 /* Equipments */,
				B56304B21941CE04001D4603 /* UserInfoVC */,
				B52B64E01945A4A00017A5D5 /* ReservationVCs */,
				B5A2CAE41872B51700271DE9 /* oldReservationVCs */,
			);
			name = UI;
			sourceTree = "<group>";
		};
		0C4C9A99184631A100CD3728 /* Utilities */ = {
			isa = PBXGroup;
			children = (
				B5921197195D9D9900A54E0E /* WYPopoverController.h */,
				B5921198195D9D9900A54E0E /* WYPopoverController.m */,
				B5921199195D9D9900A54E0E /* WYStoryboardPopoverSegue.h */,
				B592119A195D9D9900A54E0E /* WYStoryboardPopoverSegue.m */,
				E1ED735A19E5486C00D3E324 /* MBProgressHUD.h */,
				E1ED735B19E5486C00D3E324 /* MBProgressHUD.m */,
				B533CE1D18FD173D002FE236 /* IDController.h */,
				B533CE1E18FD173D002FE236 /* IDController.m */,
				B5688AFF186B2E25009D830E /* GTMBase64.h */,
				B5688B00186B2E25009D830E /* GTMBase64.m */,
				0C4C9AA5184639AC00CD3728 /* ApplicationProperties.h */,
				0C4C9AA6184639AC00CD3728 /* ApplicationProperties.m */,
				B5BBE94F19503906000AD4E2 /* UIColor+GarentaColors.h */,
				B5BBE95019503907000AD4E2 /* UIColor+GarentaColors.m */,
				E1D2AB6519D45EAA00806868 /* SAPJSONHandler.h */,
				0CC9ED3619F69C5C00E7CF1C /* SAPJSONHandler.m */,
				E1D2AB6819D45EB600806868 /* ConnectionProperties.h */,
				E1D2AB6919D45EB600806868 /* ConnectionProperties.m */,
				E15DFF8B19F7CA450078E06F /* SMSSoapHandler.h */,
				E15DFF8C19F7CA450078E06F /* SMSSoapHandler.m */,
			);
			name = Utilities;
			sourceTree = "<group>";
		};
		0C4C9A9A1846331200CD3728 /* Model */ = {
			isa = PBXGroup;
			children = (
				B50715C818B7AC1D00419189 /* Price.h */,
				B50715C918B7AC1E00419189 /* Price.m */,
				9E212F76186343C3004B9B80 /* Office.h */,
				9E212F77186343C3004B9B80 /* Office.m */,
				9E212F7918634A96004B9B80 /* OfficeWorkingTime.h */,
				9E212F7A18634A97004B9B80 /* OfficeWorkingTime.m */,
				B5688B1C186C2479009D830E /* OfficeHolidayTime.h */,
				B5688B1D186C2479009D830E /* OfficeHolidayTime.m */,
				0C0DA9A31865BEA5003EDDA0 /* Coordinate.h */,
				0C0DA9A41865BEA5003EDDA0 /* Coordinate.m */,
				0C0DA9A01865BE31003EDDA0 /* User.h */,
				0C0DA9A11865BE31003EDDA0 /* User.m */,
				0C0DA9AE1865E234003EDDA0 /* Destination.h */,
				0C0DA9AF1865E234003EDDA0 /* Destination.m */,
				0C0DA9B11865E23F003EDDA0 /* Arrival.h */,
				0C0DA9B21865E23F003EDDA0 /* Arrival.m */,
				0C0DA9AB1865D2FD003EDDA0 /* Reservation.h */,
				0C0DA9AC1865D2FD003EDDA0 /* Reservation.m */,
				9E38C3BE1869EF4200EBD29E /* FilterObject.h */,
				9E38C3BF1869EF4200EBD29E /* FilterObject.m */,
				B5E0343F186DD02500226DAB /* Car.h */,
				B5E03440186DD02500226DAB /* Car.m */,
				B5E03448186ED57C00226DAB /* CarGroup.h */,
				B5E03449186ED57C00226DAB /* CarGroup.m */,
				B5F45A5A193DFD1700E4656D /* AdditionalEquipment.h */,
				B5F45A5B193DFD1700E4656D /* AdditionalEquipment.m */,
				B59211A0195E981300A54E0E /* CreditCard.h */,
				B59211A1195E981300A54E0E /* CreditCard.m */,
				E1227B2519ED3ECD005D88A5 /* SDReservObject.h */,
				E1227B2619ED3ECD005D88A5 /* SDReservObject.m */,
			);
			name = Model;
			sourceTree = "<group>";
		};
		0C4C9A9B1846331D00CD3728 /* Resources */ = {
			isa = PBXGroup;
			children = (
				0C0012E819E54A95009AF050 /* visa_mastercard.png */,
				0C48234A19DD95BB00C73301 /* info.png */,
				B5BBE954195040F6000AD4E2 /* door_icon.png */,
				B59211A3195ECE2F00A54E0E /* calendar_icon.png */,
				B5921193195D934900A54E0E /* triangle_green.png */,
				B5921194195D934900A54E0E /* triangle_white.png */,
				B5BBE95819505D21000AD4E2 /* white_right_arrow.png */,
				B5BBE956195055CC000AD4E2 /* up_arrow.png */,
				B5BBE952195040CB000AD4E2 /* passanger_icon.png */,
				B5E0649E194F12F90046E789 /* sample_car.png */,
				B5C490351940806E00B737E8 /* unticked_button.png */,
				B5C490321940804F00B737E8 /* ticked_button.png */,
				B5F5F958193C6907009B8D31 /* minus_icon.png */,
				B5F5F959193C6907009B8D31 /* plus_icon.png */,
				B533CE2018FD21CC002FE236 /* clock_icon.png */,
				0C893D86187884E5006AFF0A /* SliderHandle.png */,
				B50B09FC187592CB00649165 /* BackAccessoryButton.png */,
				B50B09FA187580C200649165 /* onay_icon.png */,
				B50B09DD1874A95200649165 /* boarder_icon.png */,
				B50B09DB1874A7BC00649165 /* office_icon.png */,
				B50B09D91874A2E600649165 /* seperator.png */,
				B5EE728B18701DC400F634D3 /* kislastik.png */,
				B5EE728C18701DC400F634D3 /* klima.png */,
				B5EE728D18701DC400F634D3 /* vites.png */,
				B5EE728E18701DC400F634D3 /* yakit.png */,
				B5E0343D186D95BF00226DAB /* login_icon.png */,
				B5688B05186B3A1F009D830E /* loader_turuncu */,
				B5688AFD186B1A78009D830E /* location_icon.png */,
				B5688AF9186B17EA009D830E /* arac_bul.png */,
				B5688AFA186B17EA009D830E /* detail_search.png */,
				B5688AF3186B167E009D830E /* AccessoryButton.png */,
				9E38C3C5186A033200EBD29E /* OrangeArrowDown.png */,
				9E38C3C6186A033200EBD29E /* OrangeArrowUp.png */,
				0C5E86F318631B4B004C642D /* GarentaSmallLogo.png */,
				0C5B5FE918649A870060BECD /* UserLoginPic.png */,
				E15DFF8419F7A3040078E06F /* RentingAgreement.html */,
				E15DFF8919F7C6770078E06F /* MembershipRules.html */,
			);
			name = Resources;
			sourceTree = "<group>";
		};
		0C4C9A9C1846333100CD3728 /* BaseVCs */ = {
			isa = PBXGroup;
			children = (
				0C4C9A9D1846338600CD3728 /* BaseVC.h */,
				0C4C9A9E1846338600CD3728 /* BaseVC.m */,
				0C4C9AA8184639FE00CD3728 /* BaseTableVC.h */,
				0C4C9AA9184639FE00CD3728 /* BaseTableVC.m */,
				B5BBE94C195021CF000AD4E2 /* UIViewController+Garenta.h */,
				B5BBE94D195021CF000AD4E2 /* UIViewController+Garenta.m */,
				E15DFF8619F7A6660078E06F /* AgreementsVC.h */,
				E15DFF8719F7A6660078E06F /* AgreementsVC.m */,
			);
			name = BaseVCs;
			sourceTree = "<group>";
		};
		0C4C9AA11846348100CD3728 /* MainMenu */ = {
			isa = PBXGroup;
			children = (
				0CA631341864697900CC529F /* MenuSelectionVC.h */,
				0CA631351864697900CC529F /* MenuSelectionVC.m */,
				B5688AF0186AECCA009D830E /* MenuTableCellView.h */,
				B5688AF1186AECCA009D830E /* MenuTableCellView.m */,
			);
			name = MainMenu;
			sourceTree = "<group>";
		};
		0C9299DC18689E63007DE6B8 /* Equipments */ = {
			isa = PBXGroup;
			children = (
				B5E064A0194F1DEB0046E789 /* SelectCarTableViewCell.h */,
				B5E064A1194F1DEB0046E789 /* SelectCarTableViewCell.m */,
				0C9299DD18689E95007DE6B8 /* EquipmentVC.h */,
				0C9299DE18689E95007DE6B8 /* EquipmentVC.m */,
				B5F5F95C193C9867009B8D31 /* AdditionalEquipmentTableViewCell.h */,
				B5F5F95D193C9867009B8D31 /* AdditionalEquipmentTableViewCell.m */,
				B5E064A3194F1E0E0046E789 /* CarSelectionVC.h */,
				B5E064A4194F1E0E0046E789 /* CarSelectionVC.m */,
				B545A2CD1973AB68005AD025 /* AdditionalDriverVC.h */,
				B545A2CE1973AB68005AD025 /* AdditionalDriverVC.m */,
				B5B017BA19755A0000F1BD18 /* AdditionalDriverListVC.h */,
				B5B017BB19755A0000F1BD18 /* AdditionalDriverListVC.m */,
				0C48234C19DDBAF800C73301 /* AdditionalEquipmentInfoVC.h */,
				0C48234D19DDBAF800C73301 /* AdditionalEquipmentInfoVC.m */,
			);
			name = Equipments;
			sourceTree = "<group>";
		};
		9E38C3BA1869EA2B00EBD29E /* CarGroups */ = {
			isa = PBXGroup;
			children = (
				B5E03445186DEC9A00226DAB /* CarGroupManagerViewController.h */,
				B5E03446186DEC9A00226DAB /* CarGroupManagerViewController.m */,
				B5E03442186DEAE100226DAB /* CarGroupViewController.h */,
				B5E03443186DEAE100226DAB /* CarGroupViewController.m */,
				B52462211924D8A100FC482B /* CarGroupTableVC.h */,
				B52462221924D8A100FC482B /* CarGroupTableVC.m */,
				B58D438B192C826D000AF1EB /* CarGroupTableViewCell.h */,
				B58D438C192C826D000AF1EB /* CarGroupTableViewCell.m */,
				B575C3C71958526700F148EC /* CarSelectedProtocol.h */,
			);
			name = CarGroups;
			sourceTree = "<group>";
		};
		B52B64E01945A4A00017A5D5 /* ReservationVCs */ = {
			isa = PBXGroup;
			children = (
				B52B64E11945A6240017A5D5 /* ReservationSummaryVC.h */,
				B52B64E21945A6240017A5D5 /* ReservationSummaryVC.m */,
				B5BBE95E1952DCC3000AD4E2 /* PaymentTableViewController.h */,
				B5BBE95F1952DCC3000AD4E2 /* PaymentTableViewController.m */,
				0C0012EA19E54EF8009AF050 /* OldCardSelectionVC.h */,
				0C0012EB19E54EF8009AF050 /* OldCardSelectionVC.m */,
				B56F5F6B19598764005B5B92 /* ReservationApprovalVC.h */,
				B56F5F6C19598764005B5B92 /* ReservationApprovalVC.m */,
				B592119D195DA38D00A54E0E /* ReservationScopePopoverVC.h */,
				B592119E195DA38D00A54E0E /* ReservationScopePopoverVC.m */,
			);
			name = ReservationVCs;
			sourceTree = "<group>";
		};
		B56304B21941CE04001D4603 /* UserInfoVC */ = {
			isa = PBXGroup;
			children = (
				B56304B31941CE40001D4603 /* UserInfoTableViewController.h */,
				B56304B41941CE40001D4603 /* UserInfoTableViewController.m */,
			);
			name = UserInfoVC;
			sourceTree = "<group>";
		};
		B5688B05186B3A1F009D830E /* loader_turuncu */ = {
			isa = PBXGroup;
			children = (
				B5688B06186B3A2E009D830E /* load_1.png */,
				B5688B07186B3A2E009D830E /* load_10.png */,
				B5688B08186B3A2E009D830E /* load_11.png */,
				B5688B09186B3A2E009D830E /* load_2.png */,
				B5688B0A186B3A2E009D830E /* load_3.png */,
				B5688B0B186B3A2E009D830E /* load_4.png */,
				B5688B0C186B3A2E009D830E /* load_5.png */,
				B5688B0D186B3A2E009D830E /* load_6.png */,
				B5688B0E186B3A2E009D830E /* load_7.png */,
				B5688B0F186B3A2E009D830E /* load_8.png */,
				B5688B10186B3A2E009D830E /* load_9.png */,
			);
			name = loader_turuncu;
			sourceTree = "<group>";
		};
		B5A2CAE41872B51700271DE9 /* oldReservationVCs */ = {
			isa = PBXGroup;
			children = (
				0C4FF37719EFFE3C00E06A71 /* OldReservationListVC.h */,
				0C4FF37819EFFE3C00E06A71 /* OldReservationListVC.m */,
				0C6CF63C19F064AC006B3174 /* OldReservationDetailVC.h */,
				0C6CF63D19F064AC006B3174 /* OldReservationDetailVC.m */,
				0C4FF37A19F00BF300E06A71 /* OldReservationTableViewCell.h */,
				0C4FF37B19F00BF300E06A71 /* OldReservationTableViewCell.m */,
				0C460DC219F78DCC00DA125E /* oldReservationUpdate */,
			);
			name = oldReservationVCs;
			sourceTree = "<group>";
		};
/* End PBXGroup section */

/* Begin PBXNativeTarget section */
		0C4C9A6518462EAB00CD3728 /* Garenta */ = {
			isa = PBXNativeTarget;
			buildConfigurationList = 0C4C9A9218462EAB00CD3728 /* Build configuration list for PBXNativeTarget "Garenta" */;
			buildPhases = (
				1E4CC3A303A64C5DAD83982B /* Check Pods Manifest.lock */,
				0C4C9A6218462EAB00CD3728 /* Sources */,
				0C4C9A6318462EAB00CD3728 /* Frameworks */,
				0C4C9A6418462EAB00CD3728 /* Resources */,
				5EEAAFDEDABF4719B05ED9C1 /* Copy Pods Resources */,
			);
			buildRules = (
			);
			dependencies = (
			);
			name = Garenta;
			productName = Garenta;
			productReference = 0C4C9A6618462EAB00CD3728 /* Garenta.app */;
			productType = "com.apple.product-type.application";
		};
		0C4C9A8018462EAB00CD3728 /* GarentaTests */ = {
			isa = PBXNativeTarget;
			buildConfigurationList = 0C4C9A9518462EAB00CD3728 /* Build configuration list for PBXNativeTarget "GarentaTests" */;
			buildPhases = (
				B5C2D29A6D924CE585710BAC /* Check Pods Manifest.lock */,
				0C4C9A7D18462EAB00CD3728 /* Sources */,
				0C4C9A7E18462EAB00CD3728 /* Frameworks */,
				0C4C9A7F18462EAB00CD3728 /* Resources */,
				83494289E26549998C0ABB97 /* Copy Pods Resources */,
			);
			buildRules = (
			);
			dependencies = (
				0C4C9A8718462EAB00CD3728 /* PBXTargetDependency */,
			);
			name = GarentaTests;
			productName = GarentaTests;
			productReference = 0C4C9A8118462EAB00CD3728 /* GarentaTests.xctest */;
			productType = "com.apple.product-type.bundle.unit-test";
		};
/* End PBXNativeTarget section */

/* Begin PBXProject section */
		0C4C9A5E18462EAA00CD3728 /* Project object */ = {
			isa = PBXProject;
			attributes = {
				LastUpgradeCheck = 0510;
				ORGANIZATIONNAME = "Kerem Balaban";
				TargetAttributes = {
					0C4C9A6518462EAB00CD3728 = {
						DevelopmentTeam = KRVQAHALZ5;
					};
					0C4C9A8018462EAB00CD3728 = {
						TestTargetID = 0C4C9A6518462EAB00CD3728;
					};
				};
			};
			buildConfigurationList = 0C4C9A6118462EAA00CD3728 /* Build configuration list for PBXProject "Garenta" */;
			compatibilityVersion = "Xcode 3.2";
			developmentRegion = English;
			hasScannedForEncodings = 0;
			knownRegions = (
				en,
				tr,
			);
			mainGroup = 0C4C9A5D18462EAA00CD3728;
			productRefGroup = 0C4C9A6718462EAB00CD3728 /* Products */;
			projectDirPath = "";
			projectRoot = "";
			targets = (
				0C4C9A6518462EAB00CD3728 /* Garenta */,
				0C4C9A8018462EAB00CD3728 /* GarentaTests */,
			);
		};
/* End PBXProject section */

/* Begin PBXResourcesBuildPhase section */
		0C4C9A6418462EAB00CD3728 /* Resources */ = {
			isa = PBXResourcesBuildPhase;
			buildActionMask = 2147483647;
			files = (
				B5BBE953195040CB000AD4E2 /* passanger_icon.png in Resources */,
				B5F5F95A193C6907009B8D31 /* minus_icon.png in Resources */,
				B5688AFE186B1A78009D830E /* location_icon.png in Resources */,
				B5C490341940804F00B737E8 /* ticked_button.png in Resources */,
				B59211A4195ECE2F00A54E0E /* calendar_icon.png in Resources */,
				B50B09FD187592CC00649165 /* BackAccessoryButton.png in Resources */,
				B5688AFC186B17EA009D830E /* detail_search.png in Resources */,
				0C5E86F418631B4B004C642D /* GarentaSmallLogo.png in Resources */,
				B5688B19186B3A2E009D830E /* load_7.png in Resources */,
				B5688B15186B3A2E009D830E /* load_3.png in Resources */,
				B59492101910F82F009BBAC8 /* MainStoryBoard.storyboard in Resources */,
				B5C490361940806E00B737E8 /* unticked_button.png in Resources */,
				B533CE2118FD21CC002FE236 /* clock_icon.png in Resources */,
				B5688AF6186B167E009D830E /* AccessoryButton.png in Resources */,
				B5EE729018701DC400F634D3 /* klima.png in Resources */,
				B5688B12186B3A2E009D830E /* load_10.png in Resources */,
				B5688AFB186B17EA009D830E /* arac_bul.png in Resources */,
				B5688B16186B3A2E009D830E /* load_4.png in Resources */,
				B5688B13186B3A2E009D830E /* load_11.png in Resources */,
				B5BBE957195055CC000AD4E2 /* up_arrow.png in Resources */,
				B5921196195D934900A54E0E /* triangle_white.png in Resources */,
				B5EE728F18701DC400F634D3 /* kislastik.png in Resources */,
				E15DFF8A19F7C6770078E06F /* MembershipRules.html in Resources */,
				0C4C9A7418462EAB00CD3728 /* InfoPlist.strings in Resources */,
				E15DFF8519F7A3040078E06F /* RentingAgreement.html in Resources */,
				B5688B18186B3A2E009D830E /* load_6.png in Resources */,
				B5688B14186B3A2E009D830E /* load_2.png in Resources */,
				0C5B5FEA18649A870060BECD /* UserLoginPic.png in Resources */,
				B5A3354519176DCA00B29C2B /* GarentaTests-Info.plist in Resources */,
				B5688B17186B3A2E009D830E /* load_5.png in Resources */,
				0C893D87187884E5006AFF0A /* SliderHandle.png in Resources */,
				B5BBE95919505D21000AD4E2 /* white_right_arrow.png in Resources */,
				0C4C9A7C18462EAB00CD3728 /* Images.xcassets in Resources */,
				B5E0649F194F12F90046E789 /* sample_car.png in Resources */,
				0C48234B19DD95BB00C73301 /* info.png in Resources */,
				B5688B1B186B3A2E009D830E /* load_9.png in Resources */,
				0C0012E919E54A95009AF050 /* visa_mastercard.png in Resources */,
				B5688B11186B3A2E009D830E /* load_1.png in Resources */,
				B5921195195D934900A54E0E /* triangle_green.png in Resources */,
				B5EE729118701DC400F634D3 /* vites.png in Resources */,
				B50B09FB187580C200649165 /* onay_icon.png in Resources */,
				B50B09DA1874A2E600649165 /* seperator.png in Resources */,
				B50B09DC1874A7BC00649165 /* office_icon.png in Resources */,
				9E38C3C7186A033200EBD29E /* OrangeArrowDown.png in Resources */,
				B5688B1A186B3A2E009D830E /* load_8.png in Resources */,
				B50B09DE1874A95200649165 /* boarder_icon.png in Resources */,
				B5E0343E186D95BF00226DAB /* login_icon.png in Resources */,
				B5F5F95B193C6907009B8D31 /* plus_icon.png in Resources */,
				9E38C3C8186A033200EBD29E /* OrangeArrowUp.png in Resources */,
				B5BBE955195040F6000AD4E2 /* door_icon.png in Resources */,
				B5EE729218701DC400F634D3 /* yakit.png in Resources */,
			);
			runOnlyForDeploymentPostprocessing = 0;
		};
		0C4C9A7F18462EAB00CD3728 /* Resources */ = {
			isa = PBXResourcesBuildPhase;
			buildActionMask = 2147483647;
			files = (
			);
			runOnlyForDeploymentPostprocessing = 0;
		};
/* End PBXResourcesBuildPhase section */

/* Begin PBXShellScriptBuildPhase section */
		1E4CC3A303A64C5DAD83982B /* Check Pods Manifest.lock */ = {
			isa = PBXShellScriptBuildPhase;
			buildActionMask = 8;
			files = (
			);
			inputPaths = (
			);
			name = "Check Pods Manifest.lock";
			outputPaths = (
			);
			runOnlyForDeploymentPostprocessing = 1;
			shellPath = /bin/sh;
			shellScript = "diff \"${PODS_ROOT}/../Podfile.lock\" \"${PODS_ROOT}/Manifest.lock\" > /dev/null\nif [[ $? != 0 ]] ; then\n    cat << EOM\nerror: The sandbox is not in sync with the Podfile.lock. Run 'pod install' or update your CocoaPods installation.\nEOM\n    exit 1\nfi\n";
			showEnvVarsInLog = 0;
		};
		5EEAAFDEDABF4719B05ED9C1 /* Copy Pods Resources */ = {
			isa = PBXShellScriptBuildPhase;
			buildActionMask = 8;
			files = (
			);
			inputPaths = (
			);
			name = "Copy Pods Resources";
			outputPaths = (
			);
			runOnlyForDeploymentPostprocessing = 1;
			shellPath = /bin/sh;
			shellScript = "\"${SRCROOT}/Pods/Target Support Files/Pods/Pods-resources.sh\"\n";
			showEnvVarsInLog = 0;
		};
		83494289E26549998C0ABB97 /* Copy Pods Resources */ = {
			isa = PBXShellScriptBuildPhase;
			buildActionMask = 2147483647;
			files = (
			);
			inputPaths = (
			);
			name = "Copy Pods Resources";
			outputPaths = (
			);
			runOnlyForDeploymentPostprocessing = 0;
			shellPath = /bin/sh;
			shellScript = "\"${SRCROOT}/Pods/Pods-GarentaTests-resources.sh\"\n";
			showEnvVarsInLog = 0;
		};
		B5C2D29A6D924CE585710BAC /* Check Pods Manifest.lock */ = {
			isa = PBXShellScriptBuildPhase;
			buildActionMask = 2147483647;
			files = (
			);
			inputPaths = (
			);
			name = "Check Pods Manifest.lock";
			outputPaths = (
			);
			runOnlyForDeploymentPostprocessing = 0;
			shellPath = /bin/sh;
			shellScript = "diff \"${PODS_ROOT}/../Podfile.lock\" \"${PODS_ROOT}/Manifest.lock\" > /dev/null\nif [[ $? != 0 ]] ; then\n    cat << EOM\nerror: The sandbox is not in sync with the Podfile.lock. Run 'pod install' or update your CocoaPods installation.\nEOM\n    exit 1\nfi\n";
			showEnvVarsInLog = 0;
		};
/* End PBXShellScriptBuildPhase section */

/* Begin PBXSourcesBuildPhase section */
		0C4C9A6218462EAB00CD3728 /* Sources */ = {
			isa = PBXSourcesBuildPhase;
			buildActionMask = 2147483647;
			files = (
				0CBA77BD186447AB0008CE29 /* LoginVC.m in Sources */,
				E15DFF8819F7A6660078E06F /* AgreementsVC.m in Sources */,
				0C99695C19E830E3008E7199 /* TimeSelectionCell.m in Sources */,
				0C6CF63E19F064AC006B3174 /* OldReservationDetailVC.m in Sources */,
				0CC9ED3719F69C5C00E7CF1C /* SAPJSONHandler.m in Sources */,
				B592119F195DA38D00A54E0E /* ReservationScopePopoverVC.m in Sources */,
				0C5B5FC81864770F0060BECD /* CalendarTimeVC.m in Sources */,
				0C0DA9AA1865D04B003EDDA0 /* OfficeListVC.m in Sources */,
				B5E03444186DEAE100226DAB /* CarGroupViewController.m in Sources */,
				B58D438D192C826D000AF1EB /* CarGroupTableViewCell.m in Sources */,
				B5E03447186DEC9A00226DAB /* CarGroupManagerViewController.m in Sources */,
				B56304B51941CE40001D4603 /* UserInfoTableViewController.m in Sources */,
				0C0012EC19E54EF8009AF050 /* OldCardSelectionVC.m in Sources */,
				0CBA75CE1864356A0008CE29 /* AppDelegate.m in Sources */,
				0C0DA9A51865BEA5003EDDA0 /* Coordinate.m in Sources */,
				B5B017BC19755A0000F1BD18 /* AdditionalDriverListVC.m in Sources */,
				B59211A2195E981400A54E0E /* CreditCard.m in Sources */,
				B5BBE94E195021CF000AD4E2 /* UIViewController+Garenta.m in Sources */,
				0CBA75CC186435460008CE29 /* main.m in Sources */,
				0C48234E19DDBAF800C73301 /* AdditionalEquipmentInfoVC.m in Sources */,
				B5E064A2194F1DEB0046E789 /* SelectCarTableViewCell.m in Sources */,
				B5BBE9601952DCC3000AD4E2 /* PaymentTableViewController.m in Sources */,
				0CA631361864697900CC529F /* MenuSelectionVC.m in Sources */,
				0C9299DF18689E95007DE6B8 /* EquipmentVC.m in Sources */,
				0C0DA9AD1865D2FD003EDDA0 /* Reservation.m in Sources */,
				B56F5F6D19598764005B5B92 /* ReservationApprovalVC.m in Sources */,
				E1ED735C19E5486C00D3E324 /* MBProgressHUD.m in Sources */,
				B52462231924D8A100FC482B /* CarGroupTableVC.m in Sources */,
				0C4FF37919EFFE3C00E06A71 /* OldReservationListVC.m in Sources */,
				0C0DA9B91865EB7E003EDDA0 /* ClassicSearchVC.m in Sources */,
				9E53F68E18BF8F150076CFFF /* UserCreationVC.m in Sources */,
				9E38C3BD1869EA8100EBD29E /* CarGroupFilterVC.m in Sources */,
				9E38C3C01869EF4200EBD29E /* FilterObject.m in Sources */,
				0C0DA9B31865E23F003EDDA0 /* Arrival.m in Sources */,
				B5688B1E186C2479009D830E /* OfficeHolidayTime.m in Sources */,
				0C0DA9A21865BE31003EDDA0 /* User.m in Sources */,
				0C4FF37C19F00BF300E06A71 /* OldReservationTableViewCell.m in Sources */,
				E15DFF8D19F7CA450078E06F /* SMSSoapHandler.m in Sources */,
				0CBA75C6186435260008CE29 /* ApplicationProperties.m in Sources */,
				B592119B195D9D9900A54E0E /* WYPopoverController.m in Sources */,
				E1227B2719ED3ECD005D88A5 /* SDReservObject.m in Sources */,
				E1D2AB6A19D45EB600806868 /* ConnectionProperties.m in Sources */,
				B50715CA18B7AC1E00419189 /* Price.m in Sources */,
				0CBA75C7186435260008CE29 /* Office.m in Sources */,
				0C4A55A619E82B2000251545 /* OfficeSelectionCell.m in Sources */,
				0CBA75C8186435260008CE29 /* OfficeWorkingTime.m in Sources */,
				B533CE1F18FD173D002FE236 /* IDController.m in Sources */,
				B592119C195D9D9900A54E0E /* WYStoryboardPopoverSegue.m in Sources */,
				B5BBE95119503907000AD4E2 /* UIColor+GarentaColors.m in Sources */,
				B5688B01186B2E25009D830E /* GTMBase64.m in Sources */,
				0C0DA9B01865E234003EDDA0 /* Destination.m in Sources */,
				0CB7000619F5B351001BA83F /* OldReservationSearchVC.m in Sources */,
				0C8E1EDE19F7A53F0092DDBD /* OldReservationEquipmentVC.m in Sources */,
				B5F45A5C193DFD1700E4656D /* AdditionalEquipment.m in Sources */,
				B5688AF2186AECCA009D830E /* MenuTableCellView.m in Sources */,
				B545A2CF1973AB68005AD025 /* AdditionalDriverVC.m in Sources */,
				0CBA75C9186435260008CE29 /* BaseVC.m in Sources */,
				B5E064A5194F1E0E0046E789 /* CarSelectionVC.m in Sources */,
				B5E03441186DD02500226DAB /* Car.m in Sources */,
				E1ED735F19E564FC00D3E324 /* CountrySelectionVC.m in Sources */,
				0CBA75CA186435260008CE29 /* BaseTableVC.m in Sources */,
				B5E0344A186ED57C00226DAB /* CarGroup.m in Sources */,
				B52B64E31945A6240017A5D5 /* ReservationSummaryVC.m in Sources */,
				B5F5F95E193C9867009B8D31 /* AdditionalEquipmentTableViewCell.m in Sources */,
			);
			runOnlyForDeploymentPostprocessing = 0;
		};
		0C4C9A7D18462EAB00CD3728 /* Sources */ = {
			isa = PBXSourcesBuildPhase;
			buildActionMask = 2147483647;
			files = (
			);
			runOnlyForDeploymentPostprocessing = 0;
		};
/* End PBXSourcesBuildPhase section */

/* Begin PBXTargetDependency section */
		0C4C9A8718462EAB00CD3728 /* PBXTargetDependency */ = {
			isa = PBXTargetDependency;
			target = 0C4C9A6518462EAB00CD3728 /* Garenta */;
			targetProxy = 0C4C9A8618462EAB00CD3728 /* PBXContainerItemProxy */;
		};
/* End PBXTargetDependency section */

/* Begin PBXVariantGroup section */
		0C4C9A7218462EAB00CD3728 /* InfoPlist.strings */ = {
			isa = PBXVariantGroup;
			children = (
				0C4C9A7318462EAB00CD3728 /* en */,
				B5F2C4EF19011D4700F713DF /* tr */,
			);
			name = InfoPlist.strings;
			sourceTree = "<group>";
		};
/* End PBXVariantGroup section */

/* Begin XCBuildConfiguration section */
		0C4C9A9018462EAB00CD3728 /* Debug */ = {
			isa = XCBuildConfiguration;
			buildSettings = {
				ALWAYS_SEARCH_USER_PATHS = NO;
				CLANG_CXX_LANGUAGE_STANDARD = "gnu++0x";
				CLANG_CXX_LIBRARY = "libc++";
				CLANG_ENABLE_MODULES = YES;
				CLANG_ENABLE_OBJC_ARC = YES;
				CLANG_WARN_BOOL_CONVERSION = YES;
				CLANG_WARN_CONSTANT_CONVERSION = YES;
				CLANG_WARN_DIRECT_OBJC_ISA_USAGE = YES_ERROR;
				CLANG_WARN_EMPTY_BODY = YES;
				CLANG_WARN_ENUM_CONVERSION = YES;
				CLANG_WARN_INT_CONVERSION = YES;
				CLANG_WARN_OBJC_ROOT_CLASS = YES_ERROR;
				CLANG_WARN__DUPLICATE_METHOD_MATCH = YES;
				CODE_SIGN_IDENTITY = "iPhone Developer: Arif Ata  Cengiz (J4696487BQ)";
				"CODE_SIGN_IDENTITY[sdk=iphoneos*]" = "iPhone Developer: Arif Ata  Cengiz (J4696487BQ)";
				COPY_PHASE_STRIP = NO;
				GCC_C_LANGUAGE_STANDARD = gnu99;
				GCC_DYNAMIC_NO_PIC = NO;
				GCC_OPTIMIZATION_LEVEL = 0;
				GCC_PREPROCESSOR_DEFINITIONS = (
					"DEBUG=1",
					"$(inherited)",
				);
				GCC_SYMBOLS_PRIVATE_EXTERN = NO;
				GCC_WARN_64_TO_32_BIT_CONVERSION = YES;
				GCC_WARN_ABOUT_RETURN_TYPE = YES_ERROR;
				GCC_WARN_UNDECLARED_SELECTOR = YES;
				GCC_WARN_UNINITIALIZED_AUTOS = YES;
				GCC_WARN_UNUSED_FUNCTION = YES;
				GCC_WARN_UNUSED_VARIABLE = YES;
				IPHONEOS_DEPLOYMENT_TARGET = 4.3;
				ONLY_ACTIVE_ARCH = NO;
				PROVISIONING_PROFILE = "72228444-b1cc-45f4-8a68-67693cc48827";
				SDKROOT = iphoneos;
				TARGETED_DEVICE_FAMILY = "1,2";
				VALID_ARCHS = "armv7 armv7s";
			};
			name = Debug;
		};
		0C4C9A9118462EAB00CD3728 /* Release */ = {
			isa = XCBuildConfiguration;
			buildSettings = {
				ALWAYS_SEARCH_USER_PATHS = NO;
				CLANG_CXX_LANGUAGE_STANDARD = "gnu++0x";
				CLANG_CXX_LIBRARY = "libc++";
				CLANG_ENABLE_MODULES = YES;
				CLANG_ENABLE_OBJC_ARC = YES;
				CLANG_WARN_BOOL_CONVERSION = YES;
				CLANG_WARN_CONSTANT_CONVERSION = YES;
				CLANG_WARN_DIRECT_OBJC_ISA_USAGE = YES_ERROR;
				CLANG_WARN_EMPTY_BODY = YES;
				CLANG_WARN_ENUM_CONVERSION = YES;
				CLANG_WARN_INT_CONVERSION = YES;
				CLANG_WARN_OBJC_ROOT_CLASS = YES_ERROR;
				CLANG_WARN__DUPLICATE_METHOD_MATCH = YES;
				CODE_SIGN_IDENTITY = "iPhone Developer: Arif Ata  Cengiz (J4696487BQ)";
				"CODE_SIGN_IDENTITY[sdk=iphoneos*]" = "iPhone Developer: Arif Ata  Cengiz (J4696487BQ)";
				COPY_PHASE_STRIP = YES;
				ENABLE_NS_ASSERTIONS = NO;
				GCC_C_LANGUAGE_STANDARD = gnu99;
				GCC_WARN_64_TO_32_BIT_CONVERSION = YES;
				GCC_WARN_ABOUT_RETURN_TYPE = YES_ERROR;
				GCC_WARN_UNDECLARED_SELECTOR = YES;
				GCC_WARN_UNINITIALIZED_AUTOS = YES;
				GCC_WARN_UNUSED_FUNCTION = YES;
				GCC_WARN_UNUSED_VARIABLE = YES;
				IPHONEOS_DEPLOYMENT_TARGET = 4.3;
				ONLY_ACTIVE_ARCH = NO;
				PROVISIONING_PROFILE = "72228444-b1cc-45f4-8a68-67693cc48827";
				SDKROOT = iphoneos;
				TARGETED_DEVICE_FAMILY = "1,2";
				VALIDATE_PRODUCT = YES;
				VALID_ARCHS = "armv7 armv7s";
			};
			name = Release;
		};
		0C4C9A9318462EAB00CD3728 /* Debug */ = {
			isa = XCBuildConfiguration;
			buildSettings = {
				ASSETCATALOG_COMPILER_APPICON_NAME = AppIcon;
				ASSETCATALOG_COMPILER_LAUNCHIMAGE_NAME = LaunchImage;
				CODE_SIGN_IDENTITY = "iPhone Developer: Arif Ata  Cengiz (J4696487BQ)";
				"CODE_SIGN_IDENTITY[sdk=iphoneos*]" = "iPhone Developer: Arif Ata  Cengiz (J4696487BQ)";
				GCC_PRECOMPILE_PREFIX_HEADER = YES;
				GCC_PREFIX_HEADER = "Garenta/Garenta-Prefix.pch";
				INFOPLIST_FILE = "Garenta/Garenta-Info.plist";
				IPHONEOS_DEPLOYMENT_TARGET = 7.1;
				LIBRARY_SEARCH_PATHS = (
					"$(inherited)",
					"$(PROJECT_DIR)/Garenta",
				);
				ONLY_ACTIVE_ARCH = NO;
				OTHER_LDFLAGS = (
					"-ObjC",
					"-all_load",
					"$(inherited)",
				);
				PRODUCT_NAME = "$(TARGET_NAME)";
				PROVISIONING_PROFILE = "72228444-b1cc-45f4-8a68-67693cc48827";
				TARGETED_DEVICE_FAMILY = 1;
				VALID_ARCHS = "armv7 armv7s";
				WRAPPER_EXTENSION = app;
			};
			name = Debug;
		};
		0C4C9A9418462EAB00CD3728 /* Release */ = {
			isa = XCBuildConfiguration;
			buildSettings = {
				ASSETCATALOG_COMPILER_APPICON_NAME = AppIcon;
				ASSETCATALOG_COMPILER_LAUNCHIMAGE_NAME = LaunchImage;
				CODE_SIGN_IDENTITY = "iPhone Developer: Arif Ata  Cengiz (J4696487BQ)";
				"CODE_SIGN_IDENTITY[sdk=iphoneos*]" = "iPhone Developer: Arif Ata  Cengiz (J4696487BQ)";
				GCC_PRECOMPILE_PREFIX_HEADER = YES;
				GCC_PREFIX_HEADER = "Garenta/Garenta-Prefix.pch";
				INFOPLIST_FILE = "Garenta/Garenta-Info.plist";
				IPHONEOS_DEPLOYMENT_TARGET = 7.1;
				LIBRARY_SEARCH_PATHS = (
					"$(inherited)",
					"$(PROJECT_DIR)/Garenta",
				);
				ONLY_ACTIVE_ARCH = NO;
				OTHER_LDFLAGS = (
					"-ObjC",
					"-all_load",
					"$(inherited)",
				);
				PRODUCT_NAME = "$(TARGET_NAME)";
				PROVISIONING_PROFILE = "72228444-b1cc-45f4-8a68-67693cc48827";
				TARGETED_DEVICE_FAMILY = 1;
				VALID_ARCHS = "armv7 armv7s";
				WRAPPER_EXTENSION = app;
			};
			name = Release;
		};
		0C4C9A9618462EAB00CD3728 /* Debug */ = {
			isa = XCBuildConfiguration;
			buildSettings = {
				BUNDLE_LOADER = "$(BUILT_PRODUCTS_DIR)/Garenta.app/Garenta";
				CODE_SIGN_IDENTITY = "iPhone Distribution: ANADOLU BILISIM HIZMETLERI A S (6DWFW3YRAB)";
				FRAMEWORK_SEARCH_PATHS = (
					"$(SDKROOT)/Developer/Library/Frameworks",
					"$(inherited)",
					"$(DEVELOPER_FRAMEWORKS_DIR)",
				);
				GCC_PRECOMPILE_PREFIX_HEADER = YES;
				GCC_PREFIX_HEADER = "Garenta/Garenta-Prefix.pch";
				GCC_PREPROCESSOR_DEFINITIONS = (
					"DEBUG=1",
					"$(inherited)",
				);
				INFOPLIST_FILE = "GarentaTests/GarentaTests-Info.plist";
				IPHONEOS_DEPLOYMENT_TARGET = 7.0;
				ONLY_ACTIVE_ARCH = NO;
				PRODUCT_NAME = "$(TARGET_NAME)";
				PROVISIONING_PROFILE = "F6172D98-E1A0-4256-958F-C44B29972FF0";
				TEST_HOST = "$(BUNDLE_LOADER)";
				VALID_ARCHS = "armv7 armv7s";
				WRAPPER_EXTENSION = xctest;
			};
			name = Debug;
		};
		0C4C9A9718462EAB00CD3728 /* Release */ = {
			isa = XCBuildConfiguration;
			buildSettings = {
				BUNDLE_LOADER = "$(BUILT_PRODUCTS_DIR)/Garenta.app/Garenta";
				CODE_SIGN_IDENTITY = "iPhone Distribution: ANADOLU BILISIM HIZMETLERI A S (6DWFW3YRAB)";
				FRAMEWORK_SEARCH_PATHS = (
					"$(SDKROOT)/Developer/Library/Frameworks",
					"$(inherited)",
					"$(DEVELOPER_FRAMEWORKS_DIR)",
				);
				GCC_PRECOMPILE_PREFIX_HEADER = YES;
				GCC_PREFIX_HEADER = "Garenta/Garenta-Prefix.pch";
				INFOPLIST_FILE = "GarentaTests/GarentaTests-Info.plist";
				IPHONEOS_DEPLOYMENT_TARGET = 7.0;
				ONLY_ACTIVE_ARCH = NO;
				PRODUCT_NAME = "$(TARGET_NAME)";
				PROVISIONING_PROFILE = "F6172D98-E1A0-4256-958F-C44B29972FF0";
				TEST_HOST = "$(BUNDLE_LOADER)";
				VALID_ARCHS = "armv7 armv7s";
				WRAPPER_EXTENSION = xctest;
			};
			name = Release;
		};
/* End XCBuildConfiguration section */

/* Begin XCConfigurationList section */
		0C4C9A6118462EAA00CD3728 /* Build configuration list for PBXProject "Garenta" */ = {
			isa = XCConfigurationList;
			buildConfigurations = (
				0C4C9A9018462EAB00CD3728 /* Debug */,
				0C4C9A9118462EAB00CD3728 /* Release */,
			);
			defaultConfigurationIsVisible = 0;
			defaultConfigurationName = Release;
		};
		0C4C9A9218462EAB00CD3728 /* Build configuration list for PBXNativeTarget "Garenta" */ = {
			isa = XCConfigurationList;
			buildConfigurations = (
				0C4C9A9318462EAB00CD3728 /* Debug */,
				0C4C9A9418462EAB00CD3728 /* Release */,
			);
			defaultConfigurationIsVisible = 0;
			defaultConfigurationName = Release;
		};
		0C4C9A9518462EAB00CD3728 /* Build configuration list for PBXNativeTarget "GarentaTests" */ = {
			isa = XCConfigurationList;
			buildConfigurations = (
				0C4C9A9618462EAB00CD3728 /* Debug */,
				0C4C9A9718462EAB00CD3728 /* Release */,
			);
			defaultConfigurationIsVisible = 0;
			defaultConfigurationName = Release;
		};
/* End XCConfigurationList section */
	};
	rootObject = 0C4C9A5E18462EAA00CD3728 /* Project object */;
}
